cd envs/simulator/aws/dev && AWS_EC2_METADATA_DISABLED=true  terragrunt run-all plan -out out.tfplan
[0;90m08:59:28.305[0m [0;33mWARN  [0m The `run-all plan` command is deprecated and will be removed in a future version of Terragrunt. Use `terragrunt plan --all` instead.
[0;90m08:59:28.327[0m [0;32mINFO  [0m The stack at . will be processed in the following order for command plan:
Group 1
- Module .


[0;90m08:59:28.387[0m [0;32mINFO  [0m Downloading Terraform configurations from ../../../../simulator/aws into ./.terragrunt-cache/7pPcOZFWndtN5FQG38Gef01z8_U/0ZyErey-_HnJ9Re6xTipIYVLDTQ
[0;90m08:59:30.339[0m [0;37mSTDOUT[0m [0;36mterraform: [0m[0m[1mmodule.lambda.data.archive_file.lambda_zip: Reading...[0m[0m[0m
[0;90m08:59:30.339[0m [0;37mSTDOUT[0m [0;36mterraform: [0m[0m[1mmodule.lambda.data.archive_file.lambda_zip: Read complete after 0s [id=90295aa1d6b49a1609d0f974f9f2a733d8a01329][0m[0m
[0;90m08:59:30.526[0m [0;37mSTDOUT[0m [0;36mterraform: [0mTerraform used the selected providers to generate the following execution
[0;90m08:59:30.526[0m [0;37mSTDOUT[0m [0;36mterraform: [0mplan. Resource actions are indicated with the following symbols:
[0;90m08:59:30.526[0m [0;37mSTDOUT[0m [0;36mterraform: [0m  [32m+[0m create[0m[0m
[0;90m08:59:30.526[0m [0;37mSTDOUT[0m [0;36mterraform: [0mTerraform will perform the following actions:
[0;90m08:59:30.526[0m [0;37mSTDOUT[0m [0;36mterraform: [0m[1m  # module.cloudtrail.aws_cloudtrail.example[0m will be created[0m
[0;90m08:59:30.526[0m [0;37mSTDOUT[0m [0;36mterraform: [0m[0m  [32m+[0m[0m resource "aws_cloudtrail" "example" {[0m
[0;90m08:59:30.526[0m [0;37mSTDOUT[0m [0;36mterraform: [0m      [32m+[0m[0m arn                           = (known after apply)[0m
[0;90m08:59:30.526[0m [0;37mSTDOUT[0m [0;36mterraform: [0m      [32m+[0m[0m enable_log_file_validation    = false[0m
[0;90m08:59:30.526[0m [0;37mSTDOUT[0m [0;36mterraform: [0m      [32m+[0m[0m enable_logging                = true[0m
[0;90m08:59:30.526[0m [0;37mSTDOUT[0m [0;36mterraform: [0m      [32m+[0m[0m home_region                   = (known after apply)[0m
[0;90m08:59:30.526[0m [0;37mSTDOUT[0m [0;36mterraform: [0m      [32m+[0m[0m id                            = (known after apply)[0m
[0;90m08:59:30.526[0m [0;37mSTDOUT[0m [0;36mterraform: [0m      [32m+[0m[0m include_global_service_events = true[0m
[0;90m08:59:30.526[0m [0;37mSTDOUT[0m [0;36mterraform: [0m      [32m+[0m[0m is_multi_region_trail         = false[0m
[0;90m08:59:30.526[0m [0;37mSTDOUT[0m [0;36mterraform: [0m      [32m+[0m[0m is_organization_trail         = false[0m
[0;90m08:59:30.526[0m [0;37mSTDOUT[0m [0;36mterraform: [0m      [32m+[0m[0m name                          = "example-cloudtrail"[0m
[0;90m08:59:30.526[0m [0;37mSTDOUT[0m [0;36mterraform: [0m      [32m+[0m[0m s3_bucket_name                = (known after apply)[0m
[0;90m08:59:30.526[0m [0;37mSTDOUT[0m [0;36mterraform: [0m      [32m+[0m[0m sns_topic_arn                 = (known after apply)[0m
[0;90m08:59:30.526[0m [0;37mSTDOUT[0m [0;36mterraform: [0m      [32m+[0m[0m tags                          = {[0m
[0;90m08:59:30.526[0m [0;37mSTDOUT[0m [0;36mterraform: [0m          [32m+[0m[0m "Environment" = "development"[0m
[0;90m08:59:30.527[0m [0;37mSTDOUT[0m [0;36mterraform: [0m          [32m+[0m[0m "Name"        = "example-cloudtrail"[0m
[0;90m08:59:30.527[0m [0;37mSTDOUT[0m [0;36mterraform: [0m        }
[0;90m08:59:30.527[0m [0;37mSTDOUT[0m [0;36mterraform: [0m      [32m+[0m[0m tags_all                      = {[0m
[0;90m08:59:30.527[0m [0;37mSTDOUT[0m [0;36mterraform: [0m          [32m+[0m[0m "Environment" = "development"[0m
[0;90m08:59:30.527[0m [0;37mSTDOUT[0m [0;36mterraform: [0m          [32m+[0m[0m "ManagedBy"   = "terraform"[0m
[0;90m08:59:30.527[0m [0;37mSTDOUT[0m [0;36mterraform: [0m          [32m+[0m[0m "Name"        = "example-cloudtrail"[0m
[0;90m08:59:30.527[0m [0;37mSTDOUT[0m [0;36mterraform: [0m          [32m+[0m[0m "Project"     = "terraform-simulator"[0m
[0;90m08:59:30.527[0m [0;37mSTDOUT[0m [0;36mterraform: [0m        }
[0;90m08:59:30.527[0m [0;37mSTDOUT[0m [0;36mterraform: [0m      [32m+[0m[0m event_selector {[0m
[0;90m08:59:30.527[0m [0;37mSTDOUT[0m [0;36mterraform: [0m          [32m+[0m[0m include_management_events = true[0m
[0;90m08:59:30.527[0m [0;37mSTDOUT[0m [0;36mterraform: [0m          [32m+[0m[0m read_write_type           = "All"[0m
[0;90m08:59:30.527[0m [0;37mSTDOUT[0m [0;36mterraform: [0m          [32m+[0m[0m data_resource {[0m
[0;90m08:59:30.527[0m [0;37mSTDOUT[0m [0;36mterraform: [0m              [32m+[0m[0m type   = "AWS::S3::Object"[0m
[0;90m08:59:30.527[0m [0;37mSTDOUT[0m [0;36mterraform: [0m              [32m+[0m[0m values = (known after apply)[0m
[0;90m08:59:30.527[0m [0;37mSTDOUT[0m [0;36mterraform: [0m            }
[0;90m08:59:30.527[0m [0;37mSTDOUT[0m [0;36mterraform: [0m        }
[0;90m08:59:30.527[0m [0;37mSTDOUT[0m [0;36mterraform: [0m    }
[0;90m08:59:30.527[0m [0;37mSTDOUT[0m [0;36mterraform: [0m[1m  # module.cloudtrail.aws_s3_bucket_policy.cloudtrail_policy[0m will be created[0m
[0;90m08:59:30.527[0m [0;37mSTDOUT[0m [0;36mterraform: [0m[0m  [32m+[0m[0m resource "aws_s3_bucket_policy" "cloudtrail_policy" {[0m
[0;90m08:59:30.527[0m [0;37mSTDOUT[0m [0;36mterraform: [0m      [32m+[0m[0m bucket = (known after apply)[0m
[0;90m08:59:30.527[0m [0;37mSTDOUT[0m [0;36mterraform: [0m      [32m+[0m[0m id     = (known after apply)[0m
[0;90m08:59:30.527[0m [0;37mSTDOUT[0m [0;36mterraform: [0m      [32m+[0m[0m policy = (known after apply)[0m
[0;90m08:59:30.527[0m [0;37mSTDOUT[0m [0;36mterraform: [0m    }
[0;90m08:59:30.527[0m [0;37mSTDOUT[0m [0;36mterraform: [0m[1m  # module.cloudwatch.aws_cloudwatch_dashboard.example[0m will be created[0m
[0;90m08:59:30.527[0m [0;37mSTDOUT[0m [0;36mterraform: [0m[0m  [32m+[0m[0m resource "aws_cloudwatch_dashboard" "example" {[0m
[0;90m08:59:30.527[0m [0;37mSTDOUT[0m [0;36mterraform: [0m      [32m+[0m[0m dashboard_arn  = (known after apply)[0m
[0;90m08:59:30.527[0m [0;37mSTDOUT[0m [0;36mterraform: [0m      [32m+[0m[0m dashboard_body = jsonencode([0m
[0;90m08:59:30.527[0m [0;37mSTDOUT[0m [0;36mterraform: [0m            {
[0;90m08:59:30.527[0m [0;37mSTDOUT[0m [0;36mterraform: [0m              [32m+[0m[0m widgets = [[0m
[0;90m08:59:30.527[0m [0;37mSTDOUT[0m [0;36mterraform: [0m                  [32m+[0m[0m {[0m
[0;90m08:59:30.527[0m [0;37mSTDOUT[0m [0;36mterraform: [0m                      [32m+[0m[0m height     = 6[0m
[0;90m08:59:30.527[0m [0;37mSTDOUT[0m [0;36mterraform: [0m                      [32m+[0m[0m properties = {[0m
[0;90m08:59:30.527[0m [0;37mSTDOUT[0m [0;36mterraform: [0m                          [32m+[0m[0m metrics = [[0m
[0;90m08:59:30.527[0m [0;37mSTDOUT[0m [0;36mterraform: [0m                              [32m+[0m[0m [[0m
[0;90m08:59:30.527[0m [0;37mSTDOUT[0m [0;36mterraform: [0m                                  [32m+[0m[0m "AWS/EC2",[0m
[0;90m08:59:30.527[0m [0;37mSTDOUT[0m [0;36mterraform: [0m                                  [32m+[0m[0m "CPUUtilization",[0m
[0;90m08:59:30.527[0m [0;37mSTDOUT[0m [0;36mterraform: [0m                                ],
[0;90m08:59:30.527[0m [0;37mSTDOUT[0m [0;36mterraform: [0m                            ]
[0;90m08:59:30.527[0m [0;37mSTDOUT[0m [0;36mterraform: [0m                          [32m+[0m[0m period  = 300[0m
[0;90m08:59:30.527[0m [0;37mSTDOUT[0m [0;36mterraform: [0m                          [32m+[0m[0m region  = "us-east-1"[0m
[0;90m08:59:30.527[0m [0;37mSTDOUT[0m [0;36mterraform: [0m                          [32m+[0m[0m stacked = false[0m
[0;90m08:59:30.527[0m [0;37mSTDOUT[0m [0;36mterraform: [0m                          [32m+[0m[0m title   = "EC2 Instance CPU"[0m
[0;90m08:59:30.527[0m [0;37mSTDOUT[0m [0;36mterraform: [0m                          [32m+[0m[0m view    = "timeSeries"[0m
[0;90m08:59:30.527[0m [0;37mSTDOUT[0m [0;36mterraform: [0m                        }
[0;90m08:59:30.527[0m [0;37mSTDOUT[0m [0;36mterraform: [0m                      [32m+[0m[0m type       = "metric"[0m
[0;90m08:59:30.527[0m [0;37mSTDOUT[0m [0;36mterraform: [0m                      [32m+[0m[0m width      = 12[0m
[0;90m08:59:30.527[0m [0;37mSTDOUT[0m [0;36mterraform: [0m                      [32m+[0m[0m x          = 0[0m
[0;90m08:59:30.527[0m [0;37mSTDOUT[0m [0;36mterraform: [0m                      [32m+[0m[0m y          = 0[0m
[0;90m08:59:30.527[0m [0;37mSTDOUT[0m [0;36mterraform: [0m                    },
[0;90m08:59:30.527[0m [0;37mSTDOUT[0m [0;36mterraform: [0m                ]
[0;90m08:59:30.527[0m [0;37mSTDOUT[0m [0;36mterraform: [0m            }
[0;90m08:59:30.527[0m [0;37mSTDOUT[0m [0;36mterraform: [0m        )
[0;90m08:59:30.527[0m [0;37mSTDOUT[0m [0;36mterraform: [0m      [32m+[0m[0m dashboard_name = "example-dashboard"[0m
[0;90m08:59:30.527[0m [0;37mSTDOUT[0m [0;36mterraform: [0m      [32m+[0m[0m id             = (known after apply)[0m
[0;90m08:59:30.527[0m [0;37mSTDOUT[0m [0;36mterraform: [0m    }
[0;90m08:59:30.527[0m [0;37mSTDOUT[0m [0;36mterraform: [0m[1m  # module.cloudwatch.aws_cloudwatch_log_group.example[0m will be created[0m
[0;90m08:59:30.527[0m [0;37mSTDOUT[0m [0;36mterraform: [0m[0m  [32m+[0m[0m resource "aws_cloudwatch_log_group" "example" {[0m
[0;90m08:59:30.527[0m [0;37mSTDOUT[0m [0;36mterraform: [0m      [32m+[0m[0m arn               = (known after apply)[0m
[0;90m08:59:30.527[0m [0;37mSTDOUT[0m [0;36mterraform: [0m      [32m+[0m[0m id                = (known after apply)[0m
[0;90m08:59:30.527[0m [0;37mSTDOUT[0m [0;36mterraform: [0m      [32m+[0m[0m log_group_class   = (known after apply)[0m
[0;90m08:59:30.527[0m [0;37mSTDOUT[0m [0;36mterraform: [0m      [32m+[0m[0m name              = "/aws/lambda/example-lambda-function"[0m
[0;90m08:59:30.527[0m [0;37mSTDOUT[0m [0;36mterraform: [0m      [32m+[0m[0m name_prefix       = (known after apply)[0m
[0;90m08:59:30.527[0m [0;37mSTDOUT[0m [0;36mterraform: [0m      [32m+[0m[0m retention_in_days = 7[0m
[0;90m08:59:30.528[0m [0;37mSTDOUT[0m [0;36mterraform: [0m      [32m+[0m[0m skip_destroy      = false[0m
[0;90m08:59:30.528[0m [0;37mSTDOUT[0m [0;36mterraform: [0m      [32m+[0m[0m tags              = {[0m
[0;90m08:59:30.528[0m [0;37mSTDOUT[0m [0;36mterraform: [0m          [32m+[0m[0m "Environment" = "development"[0m
[0;90m08:59:30.528[0m [0;37mSTDOUT[0m [0;36mterraform: [0m          [32m+[0m[0m "Name"        = "example-log-group"[0m
[0;90m08:59:30.528[0m [0;37mSTDOUT[0m [0;36mterraform: [0m        }
[0;90m08:59:30.528[0m [0;37mSTDOUT[0m [0;36mterraform: [0m      [32m+[0m[0m tags_all          = {[0m
[0;90m08:59:30.528[0m [0;37mSTDOUT[0m [0;36mterraform: [0m          [32m+[0m[0m "Environment" = "development"[0m
[0;90m08:59:30.528[0m [0;37mSTDOUT[0m [0;36mterraform: [0m          [32m+[0m[0m "ManagedBy"   = "terraform"[0m
[0;90m08:59:30.528[0m [0;37mSTDOUT[0m [0;36mterraform: [0m          [32m+[0m[0m "Name"        = "example-log-group"[0m
[0;90m08:59:30.528[0m [0;37mSTDOUT[0m [0;36mterraform: [0m          [32m+[0m[0m "Project"     = "terraform-simulator"[0m
[0;90m08:59:30.528[0m [0;37mSTDOUT[0m [0;36mterraform: [0m        }
[0;90m08:59:30.528[0m [0;37mSTDOUT[0m [0;36mterraform: [0m    }
[0;90m08:59:30.528[0m [0;37mSTDOUT[0m [0;36mterraform: [0m[1m  # module.cloudwatch.aws_cloudwatch_metric_alarm.example[0m will be created[0m
[0;90m08:59:30.528[0m [0;37mSTDOUT[0m [0;36mterraform: [0m[0m  [32m+[0m[0m resource "aws_cloudwatch_metric_alarm" "example" {[0m
[0;90m08:59:30.528[0m [0;37mSTDOUT[0m [0;36mterraform: [0m      [32m+[0m[0m actions_enabled                       = true[0m
[0;90m08:59:30.528[0m [0;37mSTDOUT[0m [0;36mterraform: [0m      [32m+[0m[0m alarm_description                     = "This metric monitors ec2 cpu utilization"[0m
[0;90m08:59:30.528[0m [0;37mSTDOUT[0m [0;36mterraform: [0m      [32m+[0m[0m alarm_name                            = "example-alarm"[0m
[0;90m08:59:30.528[0m [0;37mSTDOUT[0m [0;36mterraform: [0m      [32m+[0m[0m arn                                   = (known after apply)[0m
[0;90m08:59:30.528[0m [0;37mSTDOUT[0m [0;36mterraform: [0m      [32m+[0m[0m comparison_operator                   = "GreaterThanThreshold"[0m
[0;90m08:59:30.528[0m [0;37mSTDOUT[0m [0;36mterraform: [0m      [32m+[0m[0m evaluate_low_sample_count_percentiles = (known after apply)[0m
[0;90m08:59:30.528[0m [0;37mSTDOUT[0m [0;36mterraform: [0m      [32m+[0m[0m evaluation_periods                    = 2[0m
[0;90m08:59:30.528[0m [0;37mSTDOUT[0m [0;36mterraform: [0m      [32m+[0m[0m id                                    = (known after apply)[0m
[0;90m08:59:30.528[0m [0;37mSTDOUT[0m [0;36mterraform: [0m      [32m+[0m[0m metric_name                           = "CPUUtilization"[0m
[0;90m08:59:30.528[0m [0;37mSTDOUT[0m [0;36mterraform: [0m      [32m+[0m[0m namespace                             = "AWS/EC2"[0m
[0;90m08:59:30.528[0m [0;37mSTDOUT[0m [0;36mterraform: [0m      [32m+[0m[0m period                                = 120[0m
[0;90m08:59:30.528[0m [0;37mSTDOUT[0m [0;36mterraform: [0m      [32m+[0m[0m statistic                             = "Average"[0m
[0;90m08:59:30.528[0m [0;37mSTDOUT[0m [0;36mterraform: [0m      [32m+[0m[0m tags                                  = {[0m
[0;90m08:59:30.528[0m [0;37mSTDOUT[0m [0;36mterraform: [0m          [32m+[0m[0m "Environment" = "development"[0m
[0;90m08:59:30.528[0m [0;37mSTDOUT[0m [0;36mterraform: [0m          [32m+[0m[0m "Name"        = "example-alarm"[0m
[0;90m08:59:30.528[0m [0;37mSTDOUT[0m [0;36mterraform: [0m        }
[0;90m08:59:30.528[0m [0;37mSTDOUT[0m [0;36mterraform: [0m      [32m+[0m[0m tags_all                              = {[0m
[0;90m08:59:30.528[0m [0;37mSTDOUT[0m [0;36mterraform: [0m          [32m+[0m[0m "Environment" = "development"[0m
[0;90m08:59:30.528[0m [0;37mSTDOUT[0m [0;36mterraform: [0m          [32m+[0m[0m "ManagedBy"   = "terraform"[0m
[0;90m08:59:30.528[0m [0;37mSTDOUT[0m [0;36mterraform: [0m          [32m+[0m[0m "Name"        = "example-alarm"[0m
[0;90m08:59:30.528[0m [0;37mSTDOUT[0m [0;36mterraform: [0m          [32m+[0m[0m "Project"     = "terraform-simulator"[0m
[0;90m08:59:30.528[0m [0;37mSTDOUT[0m [0;36mterraform: [0m        }
[0;90m08:59:30.528[0m [0;37mSTDOUT[0m [0;36mterraform: [0m      [32m+[0m[0m threshold                             = 80[0m
[0;90m08:59:30.528[0m [0;37mSTDOUT[0m [0;36mterraform: [0m      [32m+[0m[0m treat_missing_data                    = "missing"[0m
[0;90m08:59:30.528[0m [0;37mSTDOUT[0m [0;36mterraform: [0m    }
[0;90m08:59:30.528[0m [0;37mSTDOUT[0m [0;36mterraform: [0m[1m  # module.ecr.aws_ecr_lifecycle_policy.example[0m will be created[0m
[0;90m08:59:30.528[0m [0;37mSTDOUT[0m [0;36mterraform: [0m[0m  [32m+[0m[0m resource "aws_ecr_lifecycle_policy" "example" {[0m
[0;90m08:59:30.528[0m [0;37mSTDOUT[0m [0;36mterraform: [0m      [32m+[0m[0m id          = (known after apply)[0m
[0;90m08:59:30.528[0m [0;37mSTDOUT[0m [0;36mterraform: [0m      [32m+[0m[0m policy      = jsonencode([0m
[0;90m08:59:30.528[0m [0;37mSTDOUT[0m [0;36mterraform: [0m            {
[0;90m08:59:30.528[0m [0;37mSTDOUT[0m [0;36mterraform: [0m              [32m+[0m[0m rules = [[0m
[0;90m08:59:30.528[0m [0;37mSTDOUT[0m [0;36mterraform: [0m                  [32m+[0m[0m {[0m
[0;90m08:59:30.528[0m [0;37mSTDOUT[0m [0;36mterraform: [0m                      [32m+[0m[0m action       = {[0m
[0;90m08:59:30.528[0m [0;37mSTDOUT[0m [0;36mterraform: [0m                          [32m+[0m[0m type = "expire"[0m
[0;90m08:59:30.528[0m [0;37mSTDOUT[0m [0;36mterraform: [0m                        }
[0;90m08:59:30.528[0m [0;37mSTDOUT[0m [0;36mterraform: [0m                      [32m+[0m[0m description  = "Keep last 10 images"[0m
[0;90m08:59:30.528[0m [0;37mSTDOUT[0m [0;36mterraform: [0m                      [32m+[0m[0m rulePriority = 1[0m
[0;90m08:59:30.528[0m [0;37mSTDOUT[0m [0;36mterraform: [0m                      [32m+[0m[0m selection    = {[0m
[0;90m08:59:30.528[0m [0;37mSTDOUT[0m [0;36mterraform: [0m                          [32m+[0m[0m countNumber   = 10[0m
[0;90m08:59:30.528[0m [0;37mSTDOUT[0m [0;36mterraform: [0m                          [32m+[0m[0m countType     = "imageCountMoreThan"[0m
[0;90m08:59:30.529[0m [0;37mSTDOUT[0m [0;36mterraform: [0m                          [32m+[0m[0m tagPrefixList = [[0m
[0;90m08:59:30.529[0m [0;37mSTDOUT[0m [0;36mterraform: [0m                              [32m+[0m[0m "v",[0m
[0;90m08:59:30.529[0m [0;37mSTDOUT[0m [0;36mterraform: [0m                            ]
[0;90m08:59:30.529[0m [0;37mSTDOUT[0m [0;36mterraform: [0m                          [32m+[0m[0m tagStatus     = "tagged"[0m
[0;90m08:59:30.529[0m [0;37mSTDOUT[0m [0;36mterraform: [0m                        }
[0;90m08:59:30.529[0m [0;37mSTDOUT[0m [0;36mterraform: [0m                    },
[0;90m08:59:30.529[0m [0;37mSTDOUT[0m [0;36mterraform: [0m                ]
[0;90m08:59:30.529[0m [0;37mSTDOUT[0m [0;36mterraform: [0m            }
[0;90m08:59:30.529[0m [0;37mSTDOUT[0m [0;36mterraform: [0m        )
[0;90m08:59:30.529[0m [0;37mSTDOUT[0m [0;36mterraform: [0m      [32m+[0m[0m registry_id = (known after apply)[0m
[0;90m08:59:30.529[0m [0;37mSTDOUT[0m [0;36mterraform: [0m      [32m+[0m[0m repository  = "example-repository"[0m
[0;90m08:59:30.529[0m [0;37mSTDOUT[0m [0;36mterraform: [0m    }
[0;90m08:59:30.529[0m [0;37mSTDOUT[0m [0;36mterraform: [0m[1m  # module.ecr.aws_ecr_repository.example[0m will be created[0m
[0;90m08:59:30.529[0m [0;37mSTDOUT[0m [0;36mterraform: [0m[0m  [32m+[0m[0m resource "aws_ecr_repository" "example" {[0m
[0;90m08:59:30.529[0m [0;37mSTDOUT[0m [0;36mterraform: [0m      [32m+[0m[0m arn                  = (known after apply)[0m
[0;90m08:59:30.529[0m [0;37mSTDOUT[0m [0;36mterraform: [0m      [32m+[0m[0m id                   = (known after apply)[0m
[0;90m08:59:30.529[0m [0;37mSTDOUT[0m [0;36mterraform: [0m      [32m+[0m[0m image_tag_mutability = "MUTABLE"[0m
[0;90m08:59:30.529[0m [0;37mSTDOUT[0m [0;36mterraform: [0m      [32m+[0m[0m name                 = "example-repository"[0m
[0;90m08:59:30.529[0m [0;37mSTDOUT[0m [0;36mterraform: [0m      [32m+[0m[0m registry_id          = (known after apply)[0m
[0;90m08:59:30.529[0m [0;37mSTDOUT[0m [0;36mterraform: [0m      [32m+[0m[0m repository_url       = (known after apply)[0m
[0;90m08:59:30.529[0m [0;37mSTDOUT[0m [0;36mterraform: [0m      [32m+[0m[0m tags                 = {[0m
[0;90m08:59:30.529[0m [0;37mSTDOUT[0m [0;36mterraform: [0m          [32m+[0m[0m "Environment" = "development"[0m
[0;90m08:59:30.529[0m [0;37mSTDOUT[0m [0;36mterraform: [0m          [32m+[0m[0m "Name"        = "example-repository"[0m
[0;90m08:59:30.529[0m [0;37mSTDOUT[0m [0;36mterraform: [0m        }
[0;90m08:59:30.529[0m [0;37mSTDOUT[0m [0;36mterraform: [0m      [32m+[0m[0m tags_all             = {[0m
[0;90m08:59:30.529[0m [0;37mSTDOUT[0m [0;36mterraform: [0m          [32m+[0m[0m "Environment" = "development"[0m
[0;90m08:59:30.529[0m [0;37mSTDOUT[0m [0;36mterraform: [0m          [32m+[0m[0m "ManagedBy"   = "terraform"[0m
[0;90m08:59:30.529[0m [0;37mSTDOUT[0m [0;36mterraform: [0m          [32m+[0m[0m "Name"        = "example-repository"[0m
[0;90m08:59:30.529[0m [0;37mSTDOUT[0m [0;36mterraform: [0m          [32m+[0m[0m "Project"     = "terraform-simulator"[0m
[0;90m08:59:30.529[0m [0;37mSTDOUT[0m [0;36mterraform: [0m        }
[0;90m08:59:30.529[0m [0;37mSTDOUT[0m [0;36mterraform: [0m      [32m+[0m[0m encryption_configuration {[0m
[0;90m08:59:30.529[0m [0;37mSTDOUT[0m [0;36mterraform: [0m          [32m+[0m[0m encryption_type = "AES256"[0m
[0;90m08:59:30.529[0m [0;37mSTDOUT[0m [0;36mterraform: [0m          [32m+[0m[0m kms_key         = (known after apply)[0m
[0;90m08:59:30.529[0m [0;37mSTDOUT[0m [0;36mterraform: [0m        }
[0;90m08:59:30.529[0m [0;37mSTDOUT[0m [0;36mterraform: [0m      [32m+[0m[0m image_scanning_configuration {[0m
[0;90m08:59:30.529[0m [0;37mSTDOUT[0m [0;36mterraform: [0m          [32m+[0m[0m scan_on_push = true[0m
[0;90m08:59:30.529[0m [0;37mSTDOUT[0m [0;36mterraform: [0m        }
[0;90m08:59:30.529[0m [0;37mSTDOUT[0m [0;36mterraform: [0m    }
[0;90m08:59:30.529[0m [0;37mSTDOUT[0m [0;36mterraform: [0m[1m  # module.ecr.aws_ecr_repository_policy.example[0m will be created[0m
[0;90m08:59:30.529[0m [0;37mSTDOUT[0m [0;36mterraform: [0m[0m  [32m+[0m[0m resource "aws_ecr_repository_policy" "example" {[0m
[0;90m08:59:30.529[0m [0;37mSTDOUT[0m [0;36mterraform: [0m      [32m+[0m[0m id          = (known after apply)[0m
[0;90m08:59:30.529[0m [0;37mSTDOUT[0m [0;36mterraform: [0m      [32m+[0m[0m policy      = jsonencode([0m
[0;90m08:59:30.529[0m [0;37mSTDOUT[0m [0;36mterraform: [0m            {
[0;90m08:59:30.529[0m [0;37mSTDOUT[0m [0;36mterraform: [0m              [32m+[0m[0m Statement = [[0m
[0;90m08:59:30.529[0m [0;37mSTDOUT[0m [0;36mterraform: [0m                  [32m+[0m[0m {[0m
[0;90m08:59:30.529[0m [0;37mSTDOUT[0m [0;36mterraform: [0m                      [32m+[0m[0m Action    = [[0m
[0;90m08:59:30.529[0m [0;37mSTDOUT[0m [0;36mterraform: [0m                          [32m+[0m[0m "ecr:GetDownloadUrlForLayer",[0m
[0;90m08:59:30.529[0m [0;37mSTDOUT[0m [0;36mterraform: [0m                          [32m+[0m[0m "ecr:BatchGetImage",[0m
[0;90m08:59:30.529[0m [0;37mSTDOUT[0m [0;36mterraform: [0m                          [32m+[0m[0m "ecr:BatchCheckLayerAvailability",[0m
[0;90m08:59:30.529[0m [0;37mSTDOUT[0m [0;36mterraform: [0m                        ]
[0;90m08:59:30.529[0m [0;37mSTDOUT[0m [0;36mterraform: [0m                      [32m+[0m[0m Effect    = "Allow"[0m
[0;90m08:59:30.529[0m [0;37mSTDOUT[0m [0;36mterraform: [0m                      [32m+[0m[0m Principal = {[0m
[0;90m08:59:30.529[0m [0;37mSTDOUT[0m [0;36mterraform: [0m                          [32m+[0m[0m AWS = "arn:aws:iam::123456789012:root"[0m
[0;90m08:59:30.529[0m [0;37mSTDOUT[0m [0;36mterraform: [0m                        }
[0;90m08:59:30.529[0m [0;37mSTDOUT[0m [0;36mterraform: [0m                      [32m+[0m[0m Sid       = "AllowPull"[0m
[0;90m08:59:30.529[0m [0;37mSTDOUT[0m [0;36mterraform: [0m                    },
[0;90m08:59:30.529[0m [0;37mSTDOUT[0m [0;36mterraform: [0m                ]
[0;90m08:59:30.529[0m [0;37mSTDOUT[0m [0;36mterraform: [0m              [32m+[0m[0m Version   = "2012-10-17"[0m
[0;90m08:59:30.529[0m [0;37mSTDOUT[0m [0;36mterraform: [0m            }
[0;90m08:59:30.529[0m [0;37mSTDOUT[0m [0;36mterraform: [0m        )
[0;90m08:59:30.529[0m [0;37mSTDOUT[0m [0;36mterraform: [0m      [32m+[0m[0m registry_id = (known after apply)[0m
[0;90m08:59:30.529[0m [0;37mSTDOUT[0m [0;36mterraform: [0m      [32m+[0m[0m repository  = "example-repository"[0m
[0;90m08:59:30.529[0m [0;37mSTDOUT[0m [0;36mterraform: [0m    }
[0;90m08:59:30.529[0m [0;37mSTDOUT[0m [0;36mterraform: [0m[1m  # module.iam.aws_iam_access_key.example[0m will be created[0m
[0;90m08:59:30.529[0m [0;37mSTDOUT[0m [0;36mterraform: [0m[0m  [32m+[0m[0m resource "aws_iam_access_key" "example" {[0m
[0;90m08:59:30.529[0m [0;37mSTDOUT[0m [0;36mterraform: [0m      [32m+[0m[0m create_date                    = (known after apply)[0m
[0;90m08:59:30.529[0m [0;37mSTDOUT[0m [0;36mterraform: [0m      [32m+[0m[0m encrypted_secret               = (known after apply)[0m
[0;90m08:59:30.529[0m [0;37mSTDOUT[0m [0;36mterraform: [0m      [32m+[0m[0m encrypted_ses_smtp_password_v4 = (known after apply)[0m
[0;90m08:59:30.529[0m [0;37mSTDOUT[0m [0;36mterraform: [0m      [32m+[0m[0m id                             = (known after apply)[0m
[0;90m08:59:30.530[0m [0;37mSTDOUT[0m [0;36mterraform: [0m      [32m+[0m[0m key_fingerprint                = (known after apply)[0m
[0;90m08:59:30.530[0m [0;37mSTDOUT[0m [0;36mterraform: [0m      [32m+[0m[0m secret                         = (sensitive value)[0m
[0;90m08:59:30.530[0m [0;37mSTDOUT[0m [0;36mterraform: [0m      [32m+[0m[0m ses_smtp_password_v4           = (sensitive value)[0m
[0;90m08:59:30.530[0m [0;37mSTDOUT[0m [0;36mterraform: [0m      [32m+[0m[0m status                         = "Active"[0m
[0;90m08:59:30.530[0m [0;37mSTDOUT[0m [0;36mterraform: [0m      [32m+[0m[0m user                           = "example-user"[0m
[0;90m08:59:30.530[0m [0;37mSTDOUT[0m [0;36mterraform: [0m    }
[0;90m08:59:30.530[0m [0;37mSTDOUT[0m [0;36mterraform: [0m[1m  # module.iam.aws_iam_instance_profile.example[0m will be created[0m
[0;90m08:59:30.530[0m [0;37mSTDOUT[0m [0;36mterraform: [0m[0m  [32m+[0m[0m resource "aws_iam_instance_profile" "example" {[0m
[0;90m08:59:30.530[0m [0;37mSTDOUT[0m [0;36mterraform: [0m      [32m+[0m[0m arn         = (known after apply)[0m
[0;90m08:59:30.530[0m [0;37mSTDOUT[0m [0;36mterraform: [0m      [32m+[0m[0m create_date = (known after apply)[0m
[0;90m08:59:30.530[0m [0;37mSTDOUT[0m [0;36mterraform: [0m      [32m+[0m[0m id          = (known after apply)[0m
[0;90m08:59:30.530[0m [0;37mSTDOUT[0m [0;36mterraform: [0m      [32m+[0m[0m name        = "example-instance-profile"[0m
[0;90m08:59:30.530[0m [0;37mSTDOUT[0m [0;36mterraform: [0m      [32m+[0m[0m name_prefix = (known after apply)[0m
[0;90m08:59:30.530[0m [0;37mSTDOUT[0m [0;36mterraform: [0m      [32m+[0m[0m path        = "/"[0m
[0;90m08:59:30.530[0m [0;37mSTDOUT[0m [0;36mterraform: [0m      [32m+[0m[0m role        = "example-role"[0m
[0;90m08:59:30.530[0m [0;37mSTDOUT[0m [0;36mterraform: [0m      [32m+[0m[0m tags_all    = {[0m
[0;90m08:59:30.530[0m [0;37mSTDOUT[0m [0;36mterraform: [0m          [32m+[0m[0m "Environment" = "development"[0m
[0;90m08:59:30.530[0m [0;37mSTDOUT[0m [0;36mterraform: [0m          [32m+[0m[0m "ManagedBy"   = "terraform"[0m
[0;90m08:59:30.530[0m [0;37mSTDOUT[0m [0;36mterraform: [0m          [32m+[0m[0m "Project"     = "terraform-simulator"[0m
[0;90m08:59:30.530[0m [0;37mSTDOUT[0m [0;36mterraform: [0m        }
[0;90m08:59:30.530[0m [0;37mSTDOUT[0m [0;36mterraform: [0m      [32m+[0m[0m unique_id   = (known after apply)[0m
[0;90m08:59:30.530[0m [0;37mSTDOUT[0m [0;36mterraform: [0m    }
[0;90m08:59:30.530[0m [0;37mSTDOUT[0m [0;36mterraform: [0m[1m  # module.iam.aws_iam_policy.example[0m will be created[0m
[0;90m08:59:30.530[0m [0;37mSTDOUT[0m [0;36mterraform: [0m[0m  [32m+[0m[0m resource "aws_iam_policy" "example" {[0m
[0;90m08:59:30.530[0m [0;37mSTDOUT[0m [0;36mterraform: [0m      [32m+[0m[0m arn              = (known after apply)[0m
[0;90m08:59:30.530[0m [0;37mSTDOUT[0m [0;36mterraform: [0m      [32m+[0m[0m attachment_count = (known after apply)[0m
[0;90m08:59:30.530[0m [0;37mSTDOUT[0m [0;36mterraform: [0m      [32m+[0m[0m description      = "Example policy for simulator"[0m
[0;90m08:59:30.530[0m [0;37mSTDOUT[0m [0;36mterraform: [0m      [32m+[0m[0m id               = (known after apply)[0m
[0;90m08:59:30.530[0m [0;37mSTDOUT[0m [0;36mterraform: [0m      [32m+[0m[0m name             = "example-policy"[0m
[0;90m08:59:30.530[0m [0;37mSTDOUT[0m [0;36mterraform: [0m      [32m+[0m[0m name_prefix      = (known after apply)[0m
[0;90m08:59:30.530[0m [0;37mSTDOUT[0m [0;36mterraform: [0m      [32m+[0m[0m path             = "/"[0m
[0;90m08:59:30.530[0m [0;37mSTDOUT[0m [0;36mterraform: [0m      [32m+[0m[0m policy           = jsonencode([0m
[0;90m08:59:30.530[0m [0;37mSTDOUT[0m [0;36mterraform: [0m            {
[0;90m08:59:30.530[0m [0;37mSTDOUT[0m [0;36mterraform: [0m              [32m+[0m[0m Statement = [[0m
[0;90m08:59:30.530[0m [0;37mSTDOUT[0m [0;36mterraform: [0m                  [32m+[0m[0m {[0m
[0;90m08:59:30.530[0m [0;37mSTDOUT[0m [0;36mterraform: [0m                      [32m+[0m[0m Action   = [[0m
[0;90m08:59:30.530[0m [0;37mSTDOUT[0m [0;36mterraform: [0m                          [32m+[0m[0m "s3:GetObject",[0m
[0;90m08:59:30.530[0m [0;37mSTDOUT[0m [0;36mterraform: [0m                          [32m+[0m[0m "s3:PutObject",[0m
[0;90m08:59:30.530[0m [0;37mSTDOUT[0m [0;36mterraform: [0m                        ]
[0;90m08:59:30.532[0m [0;37mSTDOUT[0m [0;36mterraform: [0m                      [32m+[0m[0m Effect   = "Allow"[0m
[0;90m08:59:30.532[0m [0;37mSTDOUT[0m [0;36mterraform: [0m                      [32m+[0m[0m Resource = "*"[0m
[0;90m08:59:30.532[0m [0;37mSTDOUT[0m [0;36mterraform: [0m                    },
[0;90m08:59:30.532[0m [0;37mSTDOUT[0m [0;36mterraform: [0m                ]
[0;90m08:59:30.532[0m [0;37mSTDOUT[0m [0;36mterraform: [0m              [32m+[0m[0m Version   = "2012-10-17"[0m
[0;90m08:59:30.532[0m [0;37mSTDOUT[0m [0;36mterraform: [0m            }
[0;90m08:59:30.532[0m [0;37mSTDOUT[0m [0;36mterraform: [0m        )
[0;90m08:59:30.532[0m [0;37mSTDOUT[0m [0;36mterraform: [0m      [32m+[0m[0m policy_id        = (known after apply)[0m
[0;90m08:59:30.532[0m [0;37mSTDOUT[0m [0;36mterraform: [0m      [32m+[0m[0m tags_all         = {[0m
[0;90m08:59:30.532[0m [0;37mSTDOUT[0m [0;36mterraform: [0m          [32m+[0m[0m "Environment" = "development"[0m
[0;90m08:59:30.532[0m [0;37mSTDOUT[0m [0;36mterraform: [0m          [32m+[0m[0m "ManagedBy"   = "terraform"[0m
[0;90m08:59:30.532[0m [0;37mSTDOUT[0m [0;36mterraform: [0m          [32m+[0m[0m "Project"     = "terraform-simulator"[0m
[0;90m08:59:30.532[0m [0;37mSTDOUT[0m [0;36mterraform: [0m        }
[0;90m08:59:30.532[0m [0;37mSTDOUT[0m [0;36mterraform: [0m    }
[0;90m08:59:30.532[0m [0;37mSTDOUT[0m [0;36mterraform: [0m[1m  # module.iam.aws_iam_role.example[0m will be created[0m
[0;90m08:59:30.532[0m [0;37mSTDOUT[0m [0;36mterraform: [0m[0m  [32m+[0m[0m resource "aws_iam_role" "example" {[0m
[0;90m08:59:30.532[0m [0;37mSTDOUT[0m [0;36mterraform: [0m      [32m+[0m[0m arn                   = (known after apply)[0m
[0;90m08:59:30.532[0m [0;37mSTDOUT[0m [0;36mterraform: [0m      [32m+[0m[0m assume_role_policy    = jsonencode([0m
[0;90m08:59:30.532[0m [0;37mSTDOUT[0m [0;36mterraform: [0m            {
[0;90m08:59:30.532[0m [0;37mSTDOUT[0m [0;36mterraform: [0m              [32m+[0m[0m Statement = [[0m
[0;90m08:59:30.532[0m [0;37mSTDOUT[0m [0;36mterraform: [0m                  [32m+[0m[0m {[0m
[0;90m08:59:30.532[0m [0;37mSTDOUT[0m [0;36mterraform: [0m                      [32m+[0m[0m Action    = "sts:AssumeRole"[0m
[0;90m08:59:30.532[0m [0;37mSTDOUT[0m [0;36mterraform: [0m                      [32m+[0m[0m Effect    = "Allow"[0m
[0;90m08:59:30.532[0m [0;37mSTDOUT[0m [0;36mterraform: [0m                      [32m+[0m[0m Principal = {[0m
[0;90m08:59:30.532[0m [0;37mSTDOUT[0m [0;36mterraform: [0m                          [32m+[0m[0m Service = "ec2.amazonaws.com"[0m
[0;90m08:59:30.532[0m [0;37mSTDOUT[0m [0;36mterraform: [0m                        }
[0;90m08:59:30.532[0m [0;37mSTDOUT[0m [0;36mterraform: [0m                    },
[0;90m08:59:30.532[0m [0;37mSTDOUT[0m [0;36mterraform: [0m                ]
[0;90m08:59:30.532[0m [0;37mSTDOUT[0m [0;36mterraform: [0m              [32m+[0m[0m Version   = "2012-10-17"[0m
[0;90m08:59:30.532[0m [0;37mSTDOUT[0m [0;36mterraform: [0m            }
[0;90m08:59:30.532[0m [0;37mSTDOUT[0m [0;36mterraform: [0m        )
[0;90m08:59:30.532[0m [0;37mSTDOUT[0m [0;36mterraform: [0m      [32m+[0m[0m create_date           = (known after apply)[0m
[0;90m08:59:30.532[0m [0;37mSTDOUT[0m [0;36mterraform: [0m      [32m+[0m[0m force_detach_policies = false[0m
[0;90m08:59:30.532[0m [0;37mSTDOUT[0m [0;36mterraform: [0m      [32m+[0m[0m id                    = (known after apply)[0m
[0;90m08:59:30.532[0m [0;37mSTDOUT[0m [0;36mterraform: [0m      [32m+[0m[0m managed_policy_arns   = (known after apply)[0m
[0;90m08:59:30.532[0m [0;37mSTDOUT[0m [0;36mterraform: [0m      [32m+[0m[0m max_session_duration  = 3600[0m
[0;90m08:59:30.532[0m [0;37mSTDOUT[0m [0;36mterraform: [0m      [32m+[0m[0m name                  = "example-role"[0m
[0;90m08:59:30.532[0m [0;37mSTDOUT[0m [0;36mterraform: [0m      [32m+[0m[0m name_prefix           = (known after apply)[0m
[0;90m08:59:30.533[0m [0;37mSTDOUT[0m [0;36mterraform: [0m      [32m+[0m[0m path                  = "/"[0m
[0;90m08:59:30.533[0m [0;37mSTDOUT[0m [0;36mterraform: [0m      [32m+[0m[0m tags                  = {[0m
[0;90m08:59:30.533[0m [0;37mSTDOUT[0m [0;36mterraform: [0m          [32m+[0m[0m "Environment" = "development"[0m
[0;90m08:59:30.533[0m [0;37mSTDOUT[0m [0;36mterraform: [0m          [32m+[0m[0m "Name"        = "example-role"[0m
[0;90m08:59:30.533[0m [0;37mSTDOUT[0m [0;36mterraform: [0m        }
[0;90m08:59:30.533[0m [0;37mSTDOUT[0m [0;36mterraform: [0m      [32m+[0m[0m tags_all              = {[0m
[0;90m08:59:30.533[0m [0;37mSTDOUT[0m [0;36mterraform: [0m          [32m+[0m[0m "Environment" = "development"[0m
[0;90m08:59:30.533[0m [0;37mSTDOUT[0m [0;36mterraform: [0m          [32m+[0m[0m "ManagedBy"   = "terraform"[0m
[0;90m08:59:30.533[0m [0;37mSTDOUT[0m [0;36mterraform: [0m          [32m+[0m[0m "Name"        = "example-role"[0m
[0;90m08:59:30.533[0m [0;37mSTDOUT[0m [0;36mterraform: [0m          [32m+[0m[0m "Project"     = "terraform-simulator"[0m
[0;90m08:59:30.533[0m [0;37mSTDOUT[0m [0;36mterraform: [0m        }
[0;90m08:59:30.533[0m [0;37mSTDOUT[0m [0;36mterraform: [0m      [32m+[0m[0m unique_id             = (known after apply)[0m
[0;90m08:59:30.533[0m [0;37mSTDOUT[0m [0;36mterraform: [0m      [32m+[0m[0m inline_policy (known after apply)[0m
[0;90m08:59:30.533[0m [0;37mSTDOUT[0m [0;36mterraform: [0m    }
[0;90m08:59:30.534[0m [0;37mSTDOUT[0m [0;36mterraform: [0m[1m  # module.iam.aws_iam_role_policy_attachment.example[0m will be created[0m
[0;90m08:59:30.534[0m [0;37mSTDOUT[0m [0;36mterraform: [0m[0m  [32m+[0m[0m resource "aws_iam_role_policy_attachment" "example" {[0m
[0;90m08:59:30.534[0m [0;37mSTDOUT[0m [0;36mterraform: [0m      [32m+[0m[0m id         = (known after apply)[0m
[0;90m08:59:30.534[0m [0;37mSTDOUT[0m [0;36mterraform: [0m      [32m+[0m[0m policy_arn = (known after apply)[0m
[0;90m08:59:30.534[0m [0;37mSTDOUT[0m [0;36mterraform: [0m      [32m+[0m[0m role       = "example-role"[0m
[0;90m08:59:30.534[0m [0;37mSTDOUT[0m [0;36mterraform: [0m    }
[0;90m08:59:30.534[0m [0;37mSTDOUT[0m [0;36mterraform: [0m[1m  # module.iam.aws_iam_user.example[0m will be created[0m
[0;90m08:59:30.534[0m [0;37mSTDOUT[0m [0;36mterraform: [0m[0m  [32m+[0m[0m resource "aws_iam_user" "example" {[0m
[0;90m08:59:30.534[0m [0;37mSTDOUT[0m [0;36mterraform: [0m      [32m+[0m[0m arn           = (known after apply)[0m
[0;90m08:59:30.534[0m [0;37mSTDOUT[0m [0;36mterraform: [0m      [32m+[0m[0m force_destroy = false[0m
[0;90m08:59:30.534[0m [0;37mSTDOUT[0m [0;36mterraform: [0m      [32m+[0m[0m id            = (known after apply)[0m
[0;90m08:59:30.534[0m [0;37mSTDOUT[0m [0;36mterraform: [0m      [32m+[0m[0m name          = "example-user"[0m
[0;90m08:59:30.534[0m [0;37mSTDOUT[0m [0;36mterraform: [0m      [32m+[0m[0m path          = "/"[0m
[0;90m08:59:30.534[0m [0;37mSTDOUT[0m [0;36mterraform: [0m      [32m+[0m[0m tags          = {[0m
[0;90m08:59:30.534[0m [0;37mSTDOUT[0m [0;36mterraform: [0m          [32m+[0m[0m "Environment" = "development"[0m
[0;90m08:59:30.534[0m [0;37mSTDOUT[0m [0;36mterraform: [0m          [32m+[0m[0m "Name"        = "example-user"[0m
[0;90m08:59:30.534[0m [0;37mSTDOUT[0m [0;36mterraform: [0m        }
[0;90m08:59:30.534[0m [0;37mSTDOUT[0m [0;36mterraform: [0m      [32m+[0m[0m tags_all      = {[0m
[0;90m08:59:30.534[0m [0;37mSTDOUT[0m [0;36mterraform: [0m          [32m+[0m[0m "Environment" = "development"[0m
[0;90m08:59:30.534[0m [0;37mSTDOUT[0m [0;36mterraform: [0m          [32m+[0m[0m "ManagedBy"   = "terraform"[0m
[0;90m08:59:30.534[0m [0;37mSTDOUT[0m [0;36mterraform: [0m          [32m+[0m[0m "Name"        = "example-user"[0m
[0;90m08:59:30.534[0m [0;37mSTDOUT[0m [0;36mterraform: [0m          [32m+[0m[0m "Project"     = "terraform-simulator"[0m
[0;90m08:59:30.534[0m [0;37mSTDOUT[0m [0;36mterraform: [0m        }
[0;90m08:59:30.534[0m [0;37mSTDOUT[0m [0;36mterraform: [0m      [32m+[0m[0m unique_id     = (known after apply)[0m
[0;90m08:59:30.534[0m [0;37mSTDOUT[0m [0;36mterraform: [0m    }
[0;90m08:59:30.534[0m [0;37mSTDOUT[0m [0;36mterraform: [0m[1m  # module.kms.aws_kms_alias.example[0m will be created[0m
[0;90m08:59:30.534[0m [0;37mSTDOUT[0m [0;36mterraform: [0m[0m  [32m+[0m[0m resource "aws_kms_alias" "example" {[0m
[0;90m08:59:30.534[0m [0;37mSTDOUT[0m [0;36mterraform: [0m      [32m+[0m[0m arn            = (known after apply)[0m
[0;90m08:59:30.534[0m [0;37mSTDOUT[0m [0;36mterraform: [0m      [32m+[0m[0m id             = (known after apply)[0m
[0;90m08:59:30.534[0m [0;37mSTDOUT[0m [0;36mterraform: [0m      [32m+[0m[0m name           = "alias/example-key"[0m
[0;90m08:59:30.534[0m [0;37mSTDOUT[0m [0;36mterraform: [0m      [32m+[0m[0m name_prefix    = (known after apply)[0m
[0;90m08:59:30.534[0m [0;37mSTDOUT[0m [0;36mterraform: [0m      [32m+[0m[0m target_key_arn = (known after apply)[0m
[0;90m08:59:30.534[0m [0;37mSTDOUT[0m [0;36mterraform: [0m      [32m+[0m[0m target_key_id  = (known after apply)[0m
[0;90m08:59:30.534[0m [0;37mSTDOUT[0m [0;36mterraform: [0m    }
[0;90m08:59:30.534[0m [0;37mSTDOUT[0m [0;36mterraform: [0m[1m  # module.kms.aws_kms_key.example[0m will be created[0m
[0;90m08:59:30.534[0m [0;37mSTDOUT[0m [0;36mterraform: [0m[0m  [32m+[0m[0m resource "aws_kms_key" "example" {[0m
[0;90m08:59:30.534[0m [0;37mSTDOUT[0m [0;36mterraform: [0m      [32m+[0m[0m arn                                = (known after apply)[0m
[0;90m08:59:30.534[0m [0;37mSTDOUT[0m [0;36mterraform: [0m      [32m+[0m[0m bypass_policy_lockout_safety_check = false[0m
[0;90m08:59:30.534[0m [0;37mSTDOUT[0m [0;36mterraform: [0m      [32m+[0m[0m customer_master_key_spec           = "SYMMETRIC_DEFAULT"[0m
[0;90m08:59:30.534[0m [0;37mSTDOUT[0m [0;36mterraform: [0m      [32m+[0m[0m deletion_window_in_days            = 7[0m
[0;90m08:59:30.534[0m [0;37mSTDOUT[0m [0;36mterraform: [0m      [32m+[0m[0m description                        = "Example KMS key for simulation"[0m
[0;90m08:59:30.535[0m [0;37mSTDOUT[0m [0;36mterraform: [0m      [32m+[0m[0m enable_key_rotation                = true[0m
[0;90m08:59:30.535[0m [0;37mSTDOUT[0m [0;36mterraform: [0m      [32m+[0m[0m id                                 = (known after apply)[0m
[0;90m08:59:30.535[0m [0;37mSTDOUT[0m [0;36mterraform: [0m      [32m+[0m[0m is_enabled                         = true[0m
[0;90m08:59:30.535[0m [0;37mSTDOUT[0m [0;36mterraform: [0m      [32m+[0m[0m key_id                             = (known after apply)[0m
[0;90m08:59:30.535[0m [0;37mSTDOUT[0m [0;36mterraform: [0m      [32m+[0m[0m key_usage                          = "ENCRYPT_DECRYPT"[0m
[0;90m08:59:30.535[0m [0;37mSTDOUT[0m [0;36mterraform: [0m      [32m+[0m[0m multi_region                       = (known after apply)[0m
[0;90m08:59:30.535[0m [0;37mSTDOUT[0m [0;36mterraform: [0m      [32m+[0m[0m policy                             = jsonencode([0m
[0;90m08:59:30.535[0m [0;37mSTDOUT[0m [0;36mterraform: [0m            {
[0;90m08:59:30.535[0m [0;37mSTDOUT[0m [0;36mterraform: [0m              [32m+[0m[0m Statement = [[0m
[0;90m08:59:30.535[0m [0;37mSTDOUT[0m [0;36mterraform: [0m                  [32m+[0m[0m {[0m
[0;90m08:59:30.535[0m [0;37mSTDOUT[0m [0;36mterraform: [0m                      [32m+[0m[0m Action    = "kms:*"[0m
[0;90m08:59:30.535[0m [0;37mSTDOUT[0m [0;36mterraform: [0m                      [32m+[0m[0m Effect    = "Allow"[0m
[0;90m08:59:30.535[0m [0;37mSTDOUT[0m [0;36mterraform: [0m                      [32m+[0m[0m Principal = {[0m
[0;90m08:59:30.535[0m [0;37mSTDOUT[0m [0;36mterraform: [0m                          [32m+[0m[0m AWS = "arn:aws:iam::123456789012:root"[0m
[0;90m08:59:30.535[0m [0;37mSTDOUT[0m [0;36mterraform: [0m                        }
[0;90m08:59:30.535[0m [0;37mSTDOUT[0m [0;36mterraform: [0m                      [32m+[0m[0m Resource  = "*"[0m
[0;90m08:59:30.535[0m [0;37mSTDOUT[0m [0;36mterraform: [0m                      [32m+[0m[0m Sid       = "Enable IAM User Permissions"[0m
[0;90m08:59:30.535[0m [0;37mSTDOUT[0m [0;36mterraform: [0m                    },
[0;90m08:59:30.535[0m [0;37mSTDOUT[0m [0;36mterraform: [0m                ]
[0;90m08:59:30.535[0m [0;37mSTDOUT[0m [0;36mterraform: [0m              [32m+[0m[0m Version   = "2012-10-17"[0m
[0;90m08:59:30.535[0m [0;37mSTDOUT[0m [0;36mterraform: [0m            }
[0;90m08:59:30.535[0m [0;37mSTDOUT[0m [0;36mterraform: [0m        )
[0;90m08:59:30.535[0m [0;37mSTDOUT[0m [0;36mterraform: [0m      [32m+[0m[0m rotation_period_in_days            = (known after apply)[0m
[0;90m08:59:30.535[0m [0;37mSTDOUT[0m [0;36mterraform: [0m      [32m+[0m[0m tags                               = {[0m
[0;90m08:59:30.535[0m [0;37mSTDOUT[0m [0;36mterraform: [0m          [32m+[0m[0m "Environment" = "development"[0m
[0;90m08:59:30.535[0m [0;37mSTDOUT[0m [0;36mterraform: [0m          [32m+[0m[0m "Name"        = "example-kms-key"[0m
[0;90m08:59:30.535[0m [0;37mSTDOUT[0m [0;36mterraform: [0m        }
[0;90m08:59:30.535[0m [0;37mSTDOUT[0m [0;36mterraform: [0m      [32m+[0m[0m tags_all                           = {[0m
[0;90m08:59:30.535[0m [0;37mSTDOUT[0m [0;36mterraform: [0m          [32m+[0m[0m "Environment" = "development"[0m
[0;90m08:59:30.535[0m [0;37mSTDOUT[0m [0;36mterraform: [0m          [32m+[0m[0m "ManagedBy"   = "terraform"[0m
[0;90m08:59:30.535[0m [0;37mSTDOUT[0m [0;36mterraform: [0m          [32m+[0m[0m "Name"        = "example-kms-key"[0m
[0;90m08:59:30.535[0m [0;37mSTDOUT[0m [0;36mterraform: [0m          [32m+[0m[0m "Project"     = "terraform-simulator"[0m
[0;90m08:59:30.535[0m [0;37mSTDOUT[0m [0;36mterraform: [0m        }
[0;90m08:59:30.535[0m [0;37mSTDOUT[0m [0;36mterraform: [0m    }
[0;90m08:59:30.535[0m [0;37mSTDOUT[0m [0;36mterraform: [0m[1m  # module.lambda.aws_cloudwatch_log_group.lambda_logs[0m will be created[0m
[0;90m08:59:30.535[0m [0;37mSTDOUT[0m [0;36mterraform: [0m[0m  [32m+[0m[0m resource "aws_cloudwatch_log_group" "lambda_logs" {[0m
[0;90m08:59:30.535[0m [0;37mSTDOUT[0m [0;36mterraform: [0m      [32m+[0m[0m arn               = (known after apply)[0m
[0;90m08:59:30.535[0m [0;37mSTDOUT[0m [0;36mterraform: [0m      [32m+[0m[0m id                = (known after apply)[0m
[0;90m08:59:30.535[0m [0;37mSTDOUT[0m [0;36mterraform: [0m      [32m+[0m[0m log_group_class   = (known after apply)[0m
[0;90m08:59:30.536[0m [0;37mSTDOUT[0m [0;36mterraform: [0m      [32m+[0m[0m name              = "/aws/lambda/example-lambda-function"[0m
[0;90m08:59:30.536[0m [0;37mSTDOUT[0m [0;36mterraform: [0m      [32m+[0m[0m name_prefix       = (known after apply)[0m
[0;90m08:59:30.536[0m [0;37mSTDOUT[0m [0;36mterraform: [0m      [32m+[0m[0m retention_in_days = 7[0m
[0;90m08:59:30.536[0m [0;37mSTDOUT[0m [0;36mterraform: [0m      [32m+[0m[0m skip_destroy      = false[0m
[0;90m08:59:30.536[0m [0;37mSTDOUT[0m [0;36mterraform: [0m      [32m+[0m[0m tags_all          = {[0m
[0;90m08:59:30.536[0m [0;37mSTDOUT[0m [0;36mterraform: [0m          [32m+[0m[0m "Environment" = "development"[0m
[0;90m08:59:30.536[0m [0;37mSTDOUT[0m [0;36mterraform: [0m          [32m+[0m[0m "ManagedBy"   = "terraform"[0m
[0;90m08:59:30.536[0m [0;37mSTDOUT[0m [0;36mterraform: [0m          [32m+[0m[0m "Project"     = "terraform-simulator"[0m
[0;90m08:59:30.536[0m [0;37mSTDOUT[0m [0;36mterraform: [0m        }
[0;90m08:59:30.536[0m [0;37mSTDOUT[0m [0;36mterraform: [0m    }
[0;90m08:59:30.536[0m [0;37mSTDOUT[0m [0;36mterraform: [0m[1m  # module.lambda.aws_iam_role.lambda_role[0m will be created[0m
[0;90m08:59:30.536[0m [0;37mSTDOUT[0m [0;36mterraform: [0m[0m  [32m+[0m[0m resource "aws_iam_role" "lambda_role" {[0m
[0;90m08:59:30.536[0m [0;37mSTDOUT[0m [0;36mterraform: [0m      [32m+[0m[0m arn                   = (known after apply)[0m
[0;90m08:59:30.536[0m [0;37mSTDOUT[0m [0;36mterraform: [0m      [32m+[0m[0m assume_role_policy    = jsonencode([0m
[0;90m08:59:30.536[0m [0;37mSTDOUT[0m [0;36mterraform: [0m            {
[0;90m08:59:30.536[0m [0;37mSTDOUT[0m [0;36mterraform: [0m              [32m+[0m[0m Statement = [[0m
[0;90m08:59:30.536[0m [0;37mSTDOUT[0m [0;36mterraform: [0m                  [32m+[0m[0m {[0m
[0;90m08:59:30.536[0m [0;37mSTDOUT[0m [0;36mterraform: [0m                      [32m+[0m[0m Action    = "sts:AssumeRole"[0m
[0;90m08:59:30.536[0m [0;37mSTDOUT[0m [0;36mterraform: [0m                      [32m+[0m[0m Effect    = "Allow"[0m
[0;90m08:59:30.536[0m [0;37mSTDOUT[0m [0;36mterraform: [0m                      [32m+[0m[0m Principal = {[0m
[0;90m08:59:30.536[0m [0;37mSTDOUT[0m [0;36mterraform: [0m                          [32m+[0m[0m Service = "lambda.amazonaws.com"[0m
[0;90m08:59:30.536[0m [0;37mSTDOUT[0m [0;36mterraform: [0m                        }
[0;90m08:59:30.536[0m [0;37mSTDOUT[0m [0;36mterraform: [0m                    },
[0;90m08:59:30.536[0m [0;37mSTDOUT[0m [0;36mterraform: [0m                ]
[0;90m08:59:30.536[0m [0;37mSTDOUT[0m [0;36mterraform: [0m              [32m+[0m[0m Version   = "2012-10-17"[0m
[0;90m08:59:30.536[0m [0;37mSTDOUT[0m [0;36mterraform: [0m            }
[0;90m08:59:30.536[0m [0;37mSTDOUT[0m [0;36mterraform: [0m        )
[0;90m08:59:30.536[0m [0;37mSTDOUT[0m [0;36mterraform: [0m      [32m+[0m[0m create_date           = (known after apply)[0m
[0;90m08:59:30.536[0m [0;37mSTDOUT[0m [0;36mterraform: [0m      [32m+[0m[0m force_detach_policies = false[0m
[0;90m08:59:30.536[0m [0;37mSTDOUT[0m [0;36mterraform: [0m      [32m+[0m[0m id                    = (known after apply)[0m
[0;90m08:59:30.536[0m [0;37mSTDOUT[0m [0;36mterraform: [0m      [32m+[0m[0m managed_policy_arns   = (known after apply)[0m
[0;90m08:59:30.536[0m [0;37mSTDOUT[0m [0;36mterraform: [0m      [32m+[0m[0m max_session_duration  = 3600[0m
[0;90m08:59:30.536[0m [0;37mSTDOUT[0m [0;36mterraform: [0m      [32m+[0m[0m name                  = "example-lambda-role"[0m
[0;90m08:59:30.536[0m [0;37mSTDOUT[0m [0;36mterraform: [0m      [32m+[0m[0m name_prefix           = (known after apply)[0m
[0;90m08:59:30.536[0m [0;37mSTDOUT[0m [0;36mterraform: [0m      [32m+[0m[0m path                  = "/"[0m
[0;90m08:59:30.536[0m [0;37mSTDOUT[0m [0;36mterraform: [0m      [32m+[0m[0m tags_all              = {[0m
[0;90m08:59:30.536[0m [0;37mSTDOUT[0m [0;36mterraform: [0m          [32m+[0m[0m "Environment" = "development"[0m
[0;90m08:59:30.536[0m [0;37mSTDOUT[0m [0;36mterraform: [0m          [32m+[0m[0m "ManagedBy"   = "terraform"[0m
[0;90m08:59:30.536[0m [0;37mSTDOUT[0m [0;36mterraform: [0m          [32m+[0m[0m "Project"     = "terraform-simulator"[0m
[0;90m08:59:30.536[0m [0;37mSTDOUT[0m [0;36mterraform: [0m        }
[0;90m08:59:30.536[0m [0;37mSTDOUT[0m [0;36mterraform: [0m      [32m+[0m[0m unique_id             = (known after apply)[0m
[0;90m08:59:30.536[0m [0;37mSTDOUT[0m [0;36mterraform: [0m      [32m+[0m[0m inline_policy (known after apply)[0m
[0;90m08:59:30.536[0m [0;37mSTDOUT[0m [0;36mterraform: [0m    }
[0;90m08:59:30.536[0m [0;37mSTDOUT[0m [0;36mterraform: [0m[1m  # module.lambda.aws_iam_role_policy_attachment.lambda_basic[0m will be created[0m
[0;90m08:59:30.536[0m [0;37mSTDOUT[0m [0;36mterraform: [0m[0m  [32m+[0m[0m resource "aws_iam_role_policy_attachment" "lambda_basic" {[0m
[0;90m08:59:30.536[0m [0;37mSTDOUT[0m [0;36mterraform: [0m      [32m+[0m[0m id         = (known after apply)[0m
[0;90m08:59:30.536[0m [0;37mSTDOUT[0m [0;36mterraform: [0m      [32m+[0m[0m policy_arn = "arn:aws:iam::aws:policy/service-role/AWSLambdaBasicExecutionRole"[0m
[0;90m08:59:30.536[0m [0;37mSTDOUT[0m [0;36mterraform: [0m      [32m+[0m[0m role       = "example-lambda-role"[0m
[0;90m08:59:30.536[0m [0;37mSTDOUT[0m [0;36mterraform: [0m    }
[0;90m08:59:30.536[0m [0;37mSTDOUT[0m [0;36mterraform: [0m[1m  # module.lambda.aws_lambda_function.example[0m will be created[0m
[0;90m08:59:30.536[0m [0;37mSTDOUT[0m [0;36mterraform: [0m[0m  [32m+[0m[0m resource "aws_lambda_function" "example" {[0m
[0;90m08:59:30.536[0m [0;37mSTDOUT[0m [0;36mterraform: [0m      [32m+[0m[0m architectures                  = (known after apply)[0m
[0;90m08:59:30.536[0m [0;37mSTDOUT[0m [0;36mterraform: [0m      [32m+[0m[0m arn                            = (known after apply)[0m
[0;90m08:59:30.537[0m [0;37mSTDOUT[0m [0;36mterraform: [0m      [32m+[0m[0m code_sha256                    = (known after apply)[0m
[0;90m08:59:30.537[0m [0;37mSTDOUT[0m [0;36mterraform: [0m      [32m+[0m[0m filename                       = "modules/lambda/lambda_function.zip"[0m
[0;90m08:59:30.537[0m [0;37mSTDOUT[0m [0;36mterraform: [0m      [32m+[0m[0m function_name                  = "example-lambda-function"[0m
[0;90m08:59:30.537[0m [0;37mSTDOUT[0m [0;36mterraform: [0m      [32m+[0m[0m handler                        = "index.handler"[0m
[0;90m08:59:30.537[0m [0;37mSTDOUT[0m [0;36mterraform: [0m      [32m+[0m[0m id                             = (known after apply)[0m
[0;90m08:59:30.537[0m [0;37mSTDOUT[0m [0;36mterraform: [0m      [32m+[0m[0m invoke_arn                     = (known after apply)[0m
[0;90m08:59:30.537[0m [0;37mSTDOUT[0m [0;36mterraform: [0m      [32m+[0m[0m last_modified                  = (known after apply)[0m
[0;90m08:59:30.537[0m [0;37mSTDOUT[0m [0;36mterraform: [0m      [32m+[0m[0m memory_size                    = 128[0m
[0;90m08:59:30.537[0m [0;37mSTDOUT[0m [0;36mterraform: [0m      [32m+[0m[0m package_type                   = "Zip"[0m
[0;90m08:59:30.537[0m [0;37mSTDOUT[0m [0;36mterraform: [0m      [32m+[0m[0m publish                        = false[0m
[0;90m08:59:30.537[0m [0;37mSTDOUT[0m [0;36mterraform: [0m      [32m+[0m[0m qualified_arn                  = (known after apply)[0m
[0;90m08:59:30.537[0m [0;37mSTDOUT[0m [0;36mterraform: [0m      [32m+[0m[0m qualified_invoke_arn           = (known after apply)[0m
[0;90m08:59:30.537[0m [0;37mSTDOUT[0m [0;36mterraform: [0m      [32m+[0m[0m reserved_concurrent_executions = -1[0m
[0;90m08:59:30.537[0m [0;37mSTDOUT[0m [0;36mterraform: [0m      [32m+[0m[0m role                           = (known after apply)[0m
[0;90m08:59:30.537[0m [0;37mSTDOUT[0m [0;36mterraform: [0m      [32m+[0m[0m runtime                        = "python3.9"[0m
[0;90m08:59:30.537[0m [0;37mSTDOUT[0m [0;36mterraform: [0m      [32m+[0m[0m signing_job_arn                = (known after apply)[0m
[0;90m08:59:30.537[0m [0;37mSTDOUT[0m [0;36mterraform: [0m      [32m+[0m[0m signing_profile_version_arn    = (known after apply)[0m
[0;90m08:59:30.537[0m [0;37mSTDOUT[0m [0;36mterraform: [0m      [32m+[0m[0m skip_destroy                   = false[0m
[0;90m08:59:30.537[0m [0;37mSTDOUT[0m [0;36mterraform: [0m      [32m+[0m[0m source_code_hash               = "7oNB2nlYfwbUMnz4hpwti+6Re5AwZM+3u5ioM973OWc="[0m
[0;90m08:59:30.537[0m [0;37mSTDOUT[0m [0;36mterraform: [0m      [32m+[0m[0m source_code_size               = (known after apply)[0m
[0;90m08:59:30.537[0m [0;37mSTDOUT[0m [0;36mterraform: [0m      [32m+[0m[0m tags                           = {[0m
[0;90m08:59:30.537[0m [0;37mSTDOUT[0m [0;36mterraform: [0m          [32m+[0m[0m "Environment" = "development"[0m
[0;90m08:59:30.537[0m [0;37mSTDOUT[0m [0;36mterraform: [0m          [32m+[0m[0m "Name"        = "example-lambda"[0m
[0;90m08:59:30.537[0m [0;37mSTDOUT[0m [0;36mterraform: [0m        }
[0;90m08:59:30.537[0m [0;37mSTDOUT[0m [0;36mterraform: [0m      [32m+[0m[0m tags_all                       = {[0m
[0;90m08:59:30.537[0m [0;37mSTDOUT[0m [0;36mterraform: [0m          [32m+[0m[0m "Environment" = "development"[0m
[0;90m08:59:30.537[0m [0;37mSTDOUT[0m [0;36mterraform: [0m          [32m+[0m[0m "ManagedBy"   = "terraform"[0m
[0;90m08:59:30.537[0m [0;37mSTDOUT[0m [0;36mterraform: [0m          [32m+[0m[0m "Name"        = "example-lambda"[0m
[0;90m08:59:30.537[0m [0;37mSTDOUT[0m [0;36mterraform: [0m          [32m+[0m[0m "Project"     = "terraform-simulator"[0m
[0;90m08:59:30.537[0m [0;37mSTDOUT[0m [0;36mterraform: [0m        }
[0;90m08:59:30.537[0m [0;37mSTDOUT[0m [0;36mterraform: [0m      [32m+[0m[0m timeout                        = 60[0m
[0;90m08:59:30.537[0m [0;37mSTDOUT[0m [0;36mterraform: [0m      [32m+[0m[0m version                        = (known after apply)[0m
[0;90m08:59:30.537[0m [0;37mSTDOUT[0m [0;36mterraform: [0m      [32m+[0m[0m environment {[0m
[0;90m08:59:30.537[0m [0;37mSTDOUT[0m [0;36mterraform: [0m          [32m+[0m[0m variables = {[0m
[0;90m08:59:30.537[0m [0;37mSTDOUT[0m [0;36mterraform: [0m              [32m+[0m[0m "ENVIRONMENT" = "development"[0m
[0;90m08:59:30.537[0m [0;37mSTDOUT[0m [0;36mterraform: [0m            }
[0;90m08:59:30.537[0m [0;37mSTDOUT[0m [0;36mterraform: [0m        }
[0;90m08:59:30.537[0m [0;37mSTDOUT[0m [0;36mterraform: [0m      [32m+[0m[0m ephemeral_storage (known after apply)[0m
[0;90m08:59:30.537[0m [0;37mSTDOUT[0m [0;36mterraform: [0m      [32m+[0m[0m logging_config (known after apply)[0m
[0;90m08:59:30.537[0m [0;37mSTDOUT[0m [0;36mterraform: [0m      [32m+[0m[0m tracing_config (known after apply)[0m
[0;90m08:59:30.537[0m [0;37mSTDOUT[0m [0;36mterraform: [0m    }
[0;90m08:59:30.537[0m [0;37mSTDOUT[0m [0;36mterraform: [0m[1m  # module.lambda.aws_lambda_function_url.example[0m will be created[0m
[0;90m08:59:30.537[0m [0;37mSTDOUT[0m [0;36mterraform: [0m[0m  [32m+[0m[0m resource "aws_lambda_function_url" "example" {[0m
[0;90m08:59:30.537[0m [0;37mSTDOUT[0m [0;36mterraform: [0m      [32m+[0m[0m authorization_type = "NONE"[0m
[0;90m08:59:30.537[0m [0;37mSTDOUT[0m [0;36mterraform: [0m      [32m+[0m[0m function_arn       = (known after apply)[0m
[0;90m08:59:30.537[0m [0;37mSTDOUT[0m [0;36mterraform: [0m      [32m+[0m[0m function_name      = "example-lambda-function"[0m
[0;90m08:59:30.537[0m [0;37mSTDOUT[0m [0;36mterraform: [0m      [32m+[0m[0m function_url       = (known after apply)[0m
[0;90m08:59:30.537[0m [0;37mSTDOUT[0m [0;36mterraform: [0m      [32m+[0m[0m id                 = (known after apply)[0m
[0;90m08:59:30.537[0m [0;37mSTDOUT[0m [0;36mterraform: [0m      [32m+[0m[0m invoke_mode        = "BUFFERED"[0m
[0;90m08:59:30.537[0m [0;37mSTDOUT[0m [0;36mterraform: [0m      [32m+[0m[0m url_id             = (known after apply)[0m
[0;90m08:59:30.538[0m [0;37mSTDOUT[0m [0;36mterraform: [0m      [32m+[0m[0m cors {[0m
[0;90m08:59:30.538[0m [0;37mSTDOUT[0m [0;36mterraform: [0m          [32m+[0m[0m allow_credentials = false[0m
[0;90m08:59:30.538[0m [0;37mSTDOUT[0m [0;36mterraform: [0m          [32m+[0m[0m allow_headers     = [[0m
[0;90m08:59:30.538[0m [0;37mSTDOUT[0m [0;36mterraform: [0m              [32m+[0m[0m "date",[0m
[0;90m08:59:30.538[0m [0;37mSTDOUT[0m [0;36mterraform: [0m              [32m+[0m[0m "keep-alive",[0m
[0;90m08:59:30.538[0m [0;37mSTDOUT[0m [0;36mterraform: [0m            ]
[0;90m08:59:30.538[0m [0;37mSTDOUT[0m [0;36mterraform: [0m          [32m+[0m[0m allow_methods     = [[0m
[0;90m08:59:30.538[0m [0;37mSTDOUT[0m [0;36mterraform: [0m              [32m+[0m[0m "*",[0m
[0;90m08:59:30.538[0m [0;37mSTDOUT[0m [0;36mterraform: [0m            ]
[0;90m08:59:30.538[0m [0;37mSTDOUT[0m [0;36mterraform: [0m          [32m+[0m[0m allow_origins     = [[0m
[0;90m08:59:30.538[0m [0;37mSTDOUT[0m [0;36mterraform: [0m              [32m+[0m[0m "*",[0m
[0;90m08:59:30.538[0m [0;37mSTDOUT[0m [0;36mterraform: [0m            ]
[0;90m08:59:30.538[0m [0;37mSTDOUT[0m [0;36mterraform: [0m          [32m+[0m[0m expose_headers    = [[0m
[0;90m08:59:30.538[0m [0;37mSTDOUT[0m [0;36mterraform: [0m              [32m+[0m[0m "date",[0m
[0;90m08:59:30.538[0m [0;37mSTDOUT[0m [0;36mterraform: [0m              [32m+[0m[0m "keep-alive",[0m
[0;90m08:59:30.538[0m [0;37mSTDOUT[0m [0;36mterraform: [0m            ]
[0;90m08:59:30.538[0m [0;37mSTDOUT[0m [0;36mterraform: [0m          [32m+[0m[0m max_age           = 86400[0m
[0;90m08:59:30.538[0m [0;37mSTDOUT[0m [0;36mterraform: [0m        }
[0;90m08:59:30.538[0m [0;37mSTDOUT[0m [0;36mterraform: [0m    }
[0;90m08:59:30.538[0m [0;37mSTDOUT[0m [0;36mterraform: [0m[1m  # module.rds.aws_db_instance.example[0m will be created[0m
[0;90m08:59:30.538[0m [0;37mSTDOUT[0m [0;36mterraform: [0m[0m  [32m+[0m[0m resource "aws_db_instance" "example" {[0m
[0;90m08:59:30.538[0m [0;37mSTDOUT[0m [0;36mterraform: [0m      [32m+[0m[0m address                               = (known after apply)[0m
[0;90m08:59:30.538[0m [0;37mSTDOUT[0m [0;36mterraform: [0m      [32m+[0m[0m allocated_storage                     = 20[0m
[0;90m08:59:30.538[0m [0;37mSTDOUT[0m [0;36mterraform: [0m      [32m+[0m[0m apply_immediately                     = false[0m
[0;90m08:59:30.538[0m [0;37mSTDOUT[0m [0;36mterraform: [0m      [32m+[0m[0m arn                                   = (known after apply)[0m
[0;90m08:59:30.538[0m [0;37mSTDOUT[0m [0;36mterraform: [0m      [32m+[0m[0m auto_minor_version_upgrade            = true[0m
[0;90m08:59:30.538[0m [0;37mSTDOUT[0m [0;36mterraform: [0m      [32m+[0m[0m availability_zone                     = (known after apply)[0m
[0;90m08:59:30.538[0m [0;37mSTDOUT[0m [0;36mterraform: [0m      [32m+[0m[0m backup_retention_period               = 7[0m
[0;90m08:59:30.538[0m [0;37mSTDOUT[0m [0;36mterraform: [0m      [32m+[0m[0m backup_target                         = (known after apply)[0m
[0;90m08:59:30.538[0m [0;37mSTDOUT[0m [0;36mterraform: [0m      [32m+[0m[0m backup_window                         = "03:00-04:00"[0m
[0;90m08:59:30.538[0m [0;37mSTDOUT[0m [0;36mterraform: [0m      [32m+[0m[0m ca_cert_identifier                    = (known after apply)[0m
[0;90m08:59:30.538[0m [0;37mSTDOUT[0m [0;36mterraform: [0m      [32m+[0m[0m character_set_name                    = (known after apply)[0m
[0;90m08:59:30.538[0m [0;37mSTDOUT[0m [0;36mterraform: [0m      [32m+[0m[0m copy_tags_to_snapshot                 = false[0m
[0;90m08:59:30.538[0m [0;37mSTDOUT[0m [0;36mterraform: [0m      [32m+[0m[0m database_insights_mode                = (known after apply)[0m
[0;90m08:59:30.538[0m [0;37mSTDOUT[0m [0;36mterraform: [0m      [32m+[0m[0m db_name                               = "exampledb"[0m
[0;90m08:59:30.538[0m [0;37mSTDOUT[0m [0;36mterraform: [0m      [32m+[0m[0m db_subnet_group_name                  = "example-db-subnet-group"[0m
[0;90m08:59:30.538[0m [0;37mSTDOUT[0m [0;36mterraform: [0m      [32m+[0m[0m dedicated_log_volume                  = false[0m
[0;90m08:59:30.538[0m [0;37mSTDOUT[0m [0;36mterraform: [0m      [32m+[0m[0m delete_automated_backups              = true[0m
[0;90m08:59:30.538[0m [0;37mSTDOUT[0m [0;36mterraform: [0m      [32m+[0m[0m deletion_protection                   = false[0m
[0;90m08:59:30.538[0m [0;37mSTDOUT[0m [0;36mterraform: [0m      [32m+[0m[0m domain_fqdn                           = (known after apply)[0m
[0;90m08:59:30.538[0m [0;37mSTDOUT[0m [0;36mterraform: [0m      [32m+[0m[0m enabled_cloudwatch_logs_exports       = [[0m
[0;90m08:59:30.538[0m [0;37mSTDOUT[0m [0;36mterraform: [0m          [32m+[0m[0m "postgresql",[0m
[0;90m08:59:30.538[0m [0;37mSTDOUT[0m [0;36mterraform: [0m        ]
[0;90m08:59:30.538[0m [0;37mSTDOUT[0m [0;36mterraform: [0m      [32m+[0m[0m endpoint                              = (known after apply)[0m
[0;90m08:59:30.538[0m [0;37mSTDOUT[0m [0;36mterraform: [0m      [32m+[0m[0m engine                                = "postgres"[0m
[0;90m08:59:30.538[0m [0;37mSTDOUT[0m [0;36mterraform: [0m      [32m+[0m[0m engine_lifecycle_support              = (known after apply)[0m
[0;90m08:59:30.538[0m [0;37mSTDOUT[0m [0;36mterraform: [0m      [32m+[0m[0m engine_version                        = "15.4"[0m
[0;90m08:59:30.538[0m [0;37mSTDOUT[0m [0;36mterraform: [0m      [32m+[0m[0m engine_version_actual                 = (known after apply)[0m
[0;90m08:59:30.538[0m [0;37mSTDOUT[0m [0;36mterraform: [0m      [32m+[0m[0m hosted_zone_id                        = (known after apply)[0m
[0;90m08:59:30.538[0m [0;37mSTDOUT[0m [0;36mterraform: [0m      [32m+[0m[0m id                                    = (known after apply)[0m
[0;90m08:59:30.539[0m [0;37mSTDOUT[0m [0;36mterraform: [0m      [32m+[0m[0m identifier                            = "example-postgres-db"[0m
[0;90m08:59:30.539[0m [0;37mSTDOUT[0m [0;36mterraform: [0m      [32m+[0m[0m identifier_prefix                     = (known after apply)[0m
[0;90m08:59:30.539[0m [0;37mSTDOUT[0m [0;36mterraform: [0m      [32m+[0m[0m instance_class                        = "db.t3.micro"[0m
[0;90m08:59:30.539[0m [0;37mSTDOUT[0m [0;36mterraform: [0m      [32m+[0m[0m iops                                  = (known after apply)[0m
[0;90m08:59:30.539[0m [0;37mSTDOUT[0m [0;36mterraform: [0m      [32m+[0m[0m kms_key_id                            = (known after apply)[0m
[0;90m08:59:30.539[0m [0;37mSTDOUT[0m [0;36mterraform: [0m      [32m+[0m[0m latest_restorable_time                = (known after apply)[0m
[0;90m08:59:30.539[0m [0;37mSTDOUT[0m [0;36mterraform: [0m      [32m+[0m[0m license_model                         = (known after apply)[0m
[0;90m08:59:30.539[0m [0;37mSTDOUT[0m [0;36mterraform: [0m      [32m+[0m[0m listener_endpoint                     = (known after apply)[0m
[0;90m08:59:30.539[0m [0;37mSTDOUT[0m [0;36mterraform: [0m      [32m+[0m[0m maintenance_window                    = "sun:04:00-sun:05:00"[0m
[0;90m08:59:30.539[0m [0;37mSTDOUT[0m [0;36mterraform: [0m      [32m+[0m[0m master_user_secret                    = (known after apply)[0m
[0;90m08:59:30.539[0m [0;37mSTDOUT[0m [0;36mterraform: [0m      [32m+[0m[0m master_user_secret_kms_key_id         = (known after apply)[0m
[0;90m08:59:30.539[0m [0;37mSTDOUT[0m [0;36mterraform: [0m      [32m+[0m[0m max_allocated_storage                 = 100[0m
[0;90m08:59:30.539[0m [0;37mSTDOUT[0m [0;36mterraform: [0m      [32m+[0m[0m monitoring_interval                   = 0[0m
[0;90m08:59:30.539[0m [0;37mSTDOUT[0m [0;36mterraform: [0m      [32m+[0m[0m monitoring_role_arn                   = (known after apply)[0m
[0;90m08:59:30.539[0m [0;37mSTDOUT[0m [0;36mterraform: [0m      [32m+[0m[0m multi_az                              = (known after apply)[0m
[0;90m08:59:30.539[0m [0;37mSTDOUT[0m [0;36mterraform: [0m      [32m+[0m[0m nchar_character_set_name              = (known after apply)[0m
[0;90m08:59:30.539[0m [0;37mSTDOUT[0m [0;36mterraform: [0m      [32m+[0m[0m network_type                          = (known after apply)[0m
[0;90m08:59:30.539[0m [0;37mSTDOUT[0m [0;36mterraform: [0m      [32m+[0m[0m option_group_name                     = (known after apply)[0m
[0;90m08:59:30.539[0m [0;37mSTDOUT[0m [0;36mterraform: [0m      [32m+[0m[0m parameter_group_name                  = "example-pg-params"[0m
[0;90m08:59:30.539[0m [0;37mSTDOUT[0m [0;36mterraform: [0m      [32m+[0m[0m password                              = (sensitive value)[0m
[0;90m08:59:30.539[0m [0;37mSTDOUT[0m [0;36mterraform: [0m      [32m+[0m[0m performance_insights_enabled          = false[0m
[0;90m08:59:30.539[0m [0;37mSTDOUT[0m [0;36mterraform: [0m      [32m+[0m[0m performance_insights_kms_key_id       = (known after apply)[0m
[0;90m08:59:30.539[0m [0;37mSTDOUT[0m [0;36mterraform: [0m      [32m+[0m[0m performance_insights_retention_period = (known after apply)[0m
[0;90m08:59:30.539[0m [0;37mSTDOUT[0m [0;36mterraform: [0m      [32m+[0m[0m port                                  = (known after apply)[0m
[0;90m08:59:30.539[0m [0;37mSTDOUT[0m [0;36mterraform: [0m      [32m+[0m[0m publicly_accessible                   = false[0m
[0;90m08:59:30.539[0m [0;37mSTDOUT[0m [0;36mterraform: [0m      [32m+[0m[0m replica_mode                          = (known after apply)[0m
[0;90m08:59:30.539[0m [0;37mSTDOUT[0m [0;36mterraform: [0m      [32m+[0m[0m replicas                              = (known after apply)[0m
[0;90m08:59:30.539[0m [0;37mSTDOUT[0m [0;36mterraform: [0m      [32m+[0m[0m resource_id                           = (known after apply)[0m
[0;90m08:59:30.539[0m [0;37mSTDOUT[0m [0;36mterraform: [0m      [32m+[0m[0m skip_final_snapshot                   = true[0m
[0;90m08:59:30.539[0m [0;37mSTDOUT[0m [0;36mterraform: [0m      [32m+[0m[0m snapshot_identifier                   = (known after apply)[0m
[0;90m08:59:30.539[0m [0;37mSTDOUT[0m [0;36mterraform: [0m      [32m+[0m[0m status                                = (known after apply)[0m
[0;90m08:59:30.539[0m [0;37mSTDOUT[0m [0;36mterraform: [0m      [32m+[0m[0m storage_encrypted                     = true[0m
[0;90m08:59:30.539[0m [0;37mSTDOUT[0m [0;36mterraform: [0m      [32m+[0m[0m storage_throughput                    = (known after apply)[0m
[0;90m08:59:30.539[0m [0;37mSTDOUT[0m [0;36mterraform: [0m      [32m+[0m[0m storage_type                          = "gp2"[0m
[0;90m08:59:30.540[0m [0;37mSTDOUT[0m [0;36mterraform: [0m      [32m+[0m[0m tags                                  = {[0m
[0;90m08:59:30.540[0m [0;37mSTDOUT[0m [0;36mterraform: [0m          [32m+[0m[0m "Environment" = "development"[0m
[0;90m08:59:30.540[0m [0;37mSTDOUT[0m [0;36mterraform: [0m          [32m+[0m[0m "Name"        = "example-postgres-db"[0m
[0;90m08:59:30.540[0m [0;37mSTDOUT[0m [0;36mterraform: [0m        }
[0;90m08:59:30.540[0m [0;37mSTDOUT[0m [0;36mterraform: [0m      [32m+[0m[0m tags_all                              = {[0m
[0;90m08:59:30.540[0m [0;37mSTDOUT[0m [0;36mterraform: [0m          [32m+[0m[0m "Environment" = "development"[0m
[0;90m08:59:30.540[0m [0;37mSTDOUT[0m [0;36mterraform: [0m          [32m+[0m[0m "ManagedBy"   = "terraform"[0m
[0;90m08:59:30.540[0m [0;37mSTDOUT[0m [0;36mterraform: [0m          [32m+[0m[0m "Name"        = "example-postgres-db"[0m
[0;90m08:59:30.540[0m [0;37mSTDOUT[0m [0;36mterraform: [0m          [32m+[0m[0m "Project"     = "terraform-simulator"[0m
[0;90m08:59:30.540[0m [0;37mSTDOUT[0m [0;36mterraform: [0m        }
[0;90m08:59:30.540[0m [0;37mSTDOUT[0m [0;36mterraform: [0m      [32m+[0m[0m timezone                              = (known after apply)[0m
[0;90m08:59:30.540[0m [0;37mSTDOUT[0m [0;36mterraform: [0m      [32m+[0m[0m username                              = "dbadmin"[0m
[0;90m08:59:30.540[0m [0;37mSTDOUT[0m [0;36mterraform: [0m      [32m+[0m[0m vpc_security_group_ids                = (known after apply)[0m
[0;90m08:59:30.540[0m [0;37mSTDOUT[0m [0;36mterraform: [0m    }
[0;90m08:59:30.540[0m [0;37mSTDOUT[0m [0;36mterraform: [0m[1m  # module.rds.aws_db_parameter_group.example[0m will be created[0m
[0;90m08:59:30.540[0m [0;37mSTDOUT[0m [0;36mterraform: [0m[0m  [32m+[0m[0m resource "aws_db_parameter_group" "example" {[0m
[0;90m08:59:30.540[0m [0;37mSTDOUT[0m [0;36mterraform: [0m      [32m+[0m[0m arn          = (known after apply)[0m
[0;90m08:59:30.540[0m [0;37mSTDOUT[0m [0;36mterraform: [0m      [32m+[0m[0m description  = "Managed by Terraform"[0m
[0;90m08:59:30.540[0m [0;37mSTDOUT[0m [0;36mterraform: [0m      [32m+[0m[0m family       = "postgres15"[0m
[0;90m08:59:30.540[0m [0;37mSTDOUT[0m [0;36mterraform: [0m      [32m+[0m[0m id           = (known after apply)[0m
[0;90m08:59:30.540[0m [0;37mSTDOUT[0m [0;36mterraform: [0m      [32m+[0m[0m name         = "example-pg-params"[0m
[0;90m08:59:30.540[0m [0;37mSTDOUT[0m [0;36mterraform: [0m      [32m+[0m[0m name_prefix  = (known after apply)[0m
[0;90m08:59:30.540[0m [0;37mSTDOUT[0m [0;36mterraform: [0m      [32m+[0m[0m skip_destroy = false[0m
[0;90m08:59:30.540[0m [0;37mSTDOUT[0m [0;36mterraform: [0m      [32m+[0m[0m tags         = {[0m
[0;90m08:59:30.540[0m [0;37mSTDOUT[0m [0;36mterraform: [0m          [32m+[0m[0m "Environment" = "development"[0m
[0;90m08:59:30.540[0m [0;37mSTDOUT[0m [0;36mterraform: [0m          [32m+[0m[0m "Name"        = "example-parameter-group"[0m
[0;90m08:59:30.540[0m [0;37mSTDOUT[0m [0;36mterraform: [0m        }
[0;90m08:59:30.540[0m [0;37mSTDOUT[0m [0;36mterraform: [0m      [32m+[0m[0m tags_all     = {[0m
[0;90m08:59:30.540[0m [0;37mSTDOUT[0m [0;36mterraform: [0m          [32m+[0m[0m "Environment" = "development"[0m
[0;90m08:59:30.540[0m [0;37mSTDOUT[0m [0;36mterraform: [0m          [32m+[0m[0m "ManagedBy"   = "terraform"[0m
[0;90m08:59:30.540[0m [0;37mSTDOUT[0m [0;36mterraform: [0m          [32m+[0m[0m "Name"        = "example-parameter-group"[0m
[0;90m08:59:30.540[0m [0;37mSTDOUT[0m [0;36mterraform: [0m          [32m+[0m[0m "Project"     = "terraform-simulator"[0m
[0;90m08:59:30.540[0m [0;37mSTDOUT[0m [0;36mterraform: [0m        }
[0;90m08:59:30.540[0m [0;37mSTDOUT[0m [0;36mterraform: [0m      [32m+[0m[0m parameter {[0m
[0;90m08:59:30.540[0m [0;37mSTDOUT[0m [0;36mterraform: [0m          [32m+[0m[0m apply_method = "immediate"[0m
[0;90m08:59:30.540[0m [0;37mSTDOUT[0m [0;36mterraform: [0m          [32m+[0m[0m name         = "shared_preload_libraries"[0m
[0;90m08:59:30.540[0m [0;37mSTDOUT[0m [0;36mterraform: [0m          [32m+[0m[0m value        = "pg_stat_statements"[0m
[0;90m08:59:30.540[0m [0;37mSTDOUT[0m [0;36mterraform: [0m        }
[0;90m08:59:30.540[0m [0;37mSTDOUT[0m [0;36mterraform: [0m    }
[0;90m08:59:30.540[0m [0;37mSTDOUT[0m [0;36mterraform: [0m[1m  # module.rds.aws_db_subnet_group.example[0m will be created[0m
[0;90m08:59:30.540[0m [0;37mSTDOUT[0m [0;36mterraform: [0m[0m  [32m+[0m[0m resource "aws_db_subnet_group" "example" {[0m
[0;90m08:59:30.540[0m [0;37mSTDOUT[0m [0;36mterraform: [0m      [32m+[0m[0m arn                     = (known after apply)[0m
[0;90m08:59:30.540[0m [0;37mSTDOUT[0m [0;36mterraform: [0m      [32m+[0m[0m description             = "Managed by Terraform"[0m
[0;90m08:59:30.540[0m [0;37mSTDOUT[0m [0;36mterraform: [0m      [32m+[0m[0m id                      = (known after apply)[0m
[0;90m08:59:30.540[0m [0;37mSTDOUT[0m [0;36mterraform: [0m      [32m+[0m[0m name                    = "example-db-subnet-group"[0m
[0;90m08:59:30.540[0m [0;37mSTDOUT[0m [0;36mterraform: [0m      [32m+[0m[0m name_prefix             = (known after apply)[0m
[0;90m08:59:30.540[0m [0;37mSTDOUT[0m [0;36mterraform: [0m      [32m+[0m[0m subnet_ids              = (known after apply)[0m
[0;90m08:59:30.540[0m [0;37mSTDOUT[0m [0;36mterraform: [0m      [32m+[0m[0m supported_network_types = (known after apply)[0m
[0;90m08:59:30.540[0m [0;37mSTDOUT[0m [0;36mterraform: [0m      [32m+[0m[0m tags                    = {[0m
[0;90m08:59:30.540[0m [0;37mSTDOUT[0m [0;36mterraform: [0m          [32m+[0m[0m "Environment" = "development"[0m
[0;90m08:59:30.540[0m [0;37mSTDOUT[0m [0;36mterraform: [0m          [32m+[0m[0m "Name"        = "example-db-subnet-group"[0m
[0;90m08:59:30.540[0m [0;37mSTDOUT[0m [0;36mterraform: [0m        }
[0;90m08:59:30.540[0m [0;37mSTDOUT[0m [0;36mterraform: [0m      [32m+[0m[0m tags_all                = {[0m
[0;90m08:59:30.540[0m [0;37mSTDOUT[0m [0;36mterraform: [0m          [32m+[0m[0m "Environment" = "development"[0m
[0;90m08:59:30.540[0m [0;37mSTDOUT[0m [0;36mterraform: [0m          [32m+[0m[0m "ManagedBy"   = "terraform"[0m
[0;90m08:59:30.540[0m [0;37mSTDOUT[0m [0;36mterraform: [0m          [32m+[0m[0m "Name"        = "example-db-subnet-group"[0m
[0;90m08:59:30.540[0m [0;37mSTDOUT[0m [0;36mterraform: [0m          [32m+[0m[0m "Project"     = "terraform-simulator"[0m
[0;90m08:59:30.541[0m [0;37mSTDOUT[0m [0;36mterraform: [0m        }
[0;90m08:59:30.541[0m [0;37mSTDOUT[0m [0;36mterraform: [0m      [32m+[0m[0m vpc_id                  = (known after apply)[0m
[0;90m08:59:30.541[0m [0;37mSTDOUT[0m [0;36mterraform: [0m    }
[0;90m08:59:30.541[0m [0;37mSTDOUT[0m [0;36mterraform: [0m[1m  # module.rds.aws_iam_role.rds_enhanced_monitoring[0m will be created[0m
[0;90m08:59:30.541[0m [0;37mSTDOUT[0m [0;36mterraform: [0m[0m  [32m+[0m[0m resource "aws_iam_role" "rds_enhanced_monitoring" {[0m
[0;90m08:59:30.541[0m [0;37mSTDOUT[0m [0;36mterraform: [0m      [32m+[0m[0m arn                   = (known after apply)[0m
[0;90m08:59:30.541[0m [0;37mSTDOUT[0m [0;36mterraform: [0m      [32m+[0m[0m assume_role_policy    = jsonencode([0m
[0;90m08:59:30.541[0m [0;37mSTDOUT[0m [0;36mterraform: [0m            {
[0;90m08:59:30.541[0m [0;37mSTDOUT[0m [0;36mterraform: [0m              [32m+[0m[0m Statement = [[0m
[0;90m08:59:30.541[0m [0;37mSTDOUT[0m [0;36mterraform: [0m                  [32m+[0m[0m {[0m
[0;90m08:59:30.541[0m [0;37mSTDOUT[0m [0;36mterraform: [0m                      [32m+[0m[0m Action    = "sts:AssumeRole"[0m
[0;90m08:59:30.541[0m [0;37mSTDOUT[0m [0;36mterraform: [0m                      [32m+[0m[0m Effect    = "Allow"[0m
[0;90m08:59:30.541[0m [0;37mSTDOUT[0m [0;36mterraform: [0m                      [32m+[0m[0m Principal = {[0m
[0;90m08:59:30.541[0m [0;37mSTDOUT[0m [0;36mterraform: [0m                          [32m+[0m[0m Service = "monitoring.rds.amazonaws.com"[0m
[0;90m08:59:30.541[0m [0;37mSTDOUT[0m [0;36mterraform: [0m                        }
[0;90m08:59:30.541[0m [0;37mSTDOUT[0m [0;36mterraform: [0m                    },
[0;90m08:59:30.541[0m [0;37mSTDOUT[0m [0;36mterraform: [0m                ]
[0;90m08:59:30.541[0m [0;37mSTDOUT[0m [0;36mterraform: [0m              [32m+[0m[0m Version   = "2012-10-17"[0m
[0;90m08:59:30.541[0m [0;37mSTDOUT[0m [0;36mterraform: [0m            }
[0;90m08:59:30.541[0m [0;37mSTDOUT[0m [0;36mterraform: [0m        )
[0;90m08:59:30.541[0m [0;37mSTDOUT[0m [0;36mterraform: [0m      [32m+[0m[0m create_date           = (known after apply)[0m
[0;90m08:59:30.541[0m [0;37mSTDOUT[0m [0;36mterraform: [0m      [32m+[0m[0m force_detach_policies = false[0m
[0;90m08:59:30.541[0m [0;37mSTDOUT[0m [0;36mterraform: [0m      [32m+[0m[0m id                    = (known after apply)[0m
[0;90m08:59:30.541[0m [0;37mSTDOUT[0m [0;36mterraform: [0m      [32m+[0m[0m managed_policy_arns   = (known after apply)[0m
[0;90m08:59:30.541[0m [0;37mSTDOUT[0m [0;36mterraform: [0m      [32m+[0m[0m max_session_duration  = 3600[0m
[0;90m08:59:30.541[0m [0;37mSTDOUT[0m [0;36mterraform: [0m      [32m+[0m[0m name                  = "example-rds-enhanced-monitoring-role"[0m
[0;90m08:59:30.541[0m [0;37mSTDOUT[0m [0;36mterraform: [0m      [32m+[0m[0m name_prefix           = (known after apply)[0m
[0;90m08:59:30.541[0m [0;37mSTDOUT[0m [0;36mterraform: [0m      [32m+[0m[0m path                  = "/"[0m
[0;90m08:59:30.541[0m [0;37mSTDOUT[0m [0;36mterraform: [0m      [32m+[0m[0m tags_all              = {[0m
[0;90m08:59:30.541[0m [0;37mSTDOUT[0m [0;36mterraform: [0m          [32m+[0m[0m "Environment" = "development"[0m
[0;90m08:59:30.541[0m [0;37mSTDOUT[0m [0;36mterraform: [0m          [32m+[0m[0m "ManagedBy"   = "terraform"[0m
[0;90m08:59:30.541[0m [0;37mSTDOUT[0m [0;36mterraform: [0m          [32m+[0m[0m "Project"     = "terraform-simulator"[0m
[0;90m08:59:30.541[0m [0;37mSTDOUT[0m [0;36mterraform: [0m        }
[0;90m08:59:30.541[0m [0;37mSTDOUT[0m [0;36mterraform: [0m      [32m+[0m[0m unique_id             = (known after apply)[0m
[0;90m08:59:30.541[0m [0;37mSTDOUT[0m [0;36mterraform: [0m      [32m+[0m[0m inline_policy (known after apply)[0m
[0;90m08:59:30.541[0m [0;37mSTDOUT[0m [0;36mterraform: [0m    }
[0;90m08:59:30.541[0m [0;37mSTDOUT[0m [0;36mterraform: [0m[1m  # module.rds.aws_iam_role_policy_attachment.rds_enhanced_monitoring[0m will be created[0m
[0;90m08:59:30.541[0m [0;37mSTDOUT[0m [0;36mterraform: [0m[0m  [32m+[0m[0m resource "aws_iam_role_policy_attachment" "rds_enhanced_monitoring" {[0m
[0;90m08:59:30.541[0m [0;37mSTDOUT[0m [0;36mterraform: [0m      [32m+[0m[0m id         = (known after apply)[0m
[0;90m08:59:30.541[0m [0;37mSTDOUT[0m [0;36mterraform: [0m      [32m+[0m[0m policy_arn = "arn:aws:iam::aws:policy/service-role/AmazonRDSEnhancedMonitoringRole"[0m
[0;90m08:59:30.541[0m [0;37mSTDOUT[0m [0;36mterraform: [0m      [32m+[0m[0m role       = "example-rds-enhanced-monitoring-role"[0m
[0;90m08:59:30.541[0m [0;37mSTDOUT[0m [0;36mterraform: [0m    }
[0;90m08:59:30.541[0m [0;37mSTDOUT[0m [0;36mterraform: [0m[1m  # module.rds.aws_secretsmanager_secret.db_password[0m will be created[0m
[0;90m08:59:30.541[0m [0;37mSTDOUT[0m [0;36mterraform: [0m[0m  [32m+[0m[0m resource "aws_secretsmanager_secret" "db_password" {[0m
[0;90m08:59:30.541[0m [0;37mSTDOUT[0m [0;36mterraform: [0m      [32m+[0m[0m arn                            = (known after apply)[0m
[0;90m08:59:30.541[0m [0;37mSTDOUT[0m [0;36mterraform: [0m      [32m+[0m[0m description                    = "Password for example PostgreSQL database"[0m
[0;90m08:59:30.541[0m [0;37mSTDOUT[0m [0;36mterraform: [0m      [32m+[0m[0m force_overwrite_replica_secret = false[0m
[0;90m08:59:30.541[0m [0;37mSTDOUT[0m [0;36mterraform: [0m      [32m+[0m[0m id                             = (known after apply)[0m
[0;90m08:59:30.541[0m [0;37mSTDOUT[0m [0;36mterraform: [0m      [32m+[0m[0m name                           = "example-db-password"[0m
[0;90m08:59:30.541[0m [0;37mSTDOUT[0m [0;36mterraform: [0m      [32m+[0m[0m name_prefix                    = (known after apply)[0m
[0;90m08:59:30.541[0m [0;37mSTDOUT[0m [0;36mterraform: [0m      [32m+[0m[0m policy                         = (known after apply)[0m
[0;90m08:59:30.541[0m [0;37mSTDOUT[0m [0;36mterraform: [0m      [32m+[0m[0m recovery_window_in_days        = 30[0m
[0;90m08:59:30.542[0m [0;37mSTDOUT[0m [0;36mterraform: [0m      [32m+[0m[0m tags                           = {[0m
[0;90m08:59:30.542[0m [0;37mSTDOUT[0m [0;36mterraform: [0m          [32m+[0m[0m "Environment" = "development"[0m
[0;90m08:59:30.542[0m [0;37mSTDOUT[0m [0;36mterraform: [0m          [32m+[0m[0m "Name"        = "example-db-secret"[0m
[0;90m08:59:30.542[0m [0;37mSTDOUT[0m [0;36mterraform: [0m        }
[0;90m08:59:30.542[0m [0;37mSTDOUT[0m [0;36mterraform: [0m      [32m+[0m[0m tags_all                       = {[0m
[0;90m08:59:30.542[0m [0;37mSTDOUT[0m [0;36mterraform: [0m          [32m+[0m[0m "Environment" = "development"[0m
[0;90m08:59:30.542[0m [0;37mSTDOUT[0m [0;36mterraform: [0m          [32m+[0m[0m "ManagedBy"   = "terraform"[0m
[0;90m08:59:30.542[0m [0;37mSTDOUT[0m [0;36mterraform: [0m          [32m+[0m[0m "Name"        = "example-db-secret"[0m
[0;90m08:59:30.542[0m [0;37mSTDOUT[0m [0;36mterraform: [0m          [32m+[0m[0m "Project"     = "terraform-simulator"[0m
[0;90m08:59:30.542[0m [0;37mSTDOUT[0m [0;36mterraform: [0m        }
[0;90m08:59:30.542[0m [0;37mSTDOUT[0m [0;36mterraform: [0m      [32m+[0m[0m replica (known after apply)[0m
[0;90m08:59:30.542[0m [0;37mSTDOUT[0m [0;36mterraform: [0m    }
[0;90m08:59:30.542[0m [0;37mSTDOUT[0m [0;36mterraform: [0m[1m  # module.rds.aws_secretsmanager_secret_version.db_password[0m will be created[0m
[0;90m08:59:30.542[0m [0;37mSTDOUT[0m [0;36mterraform: [0m[0m  [32m+[0m[0m resource "aws_secretsmanager_secret_version" "db_password" {[0m
[0;90m08:59:30.542[0m [0;37mSTDOUT[0m [0;36mterraform: [0m      [32m+[0m[0m arn                  = (known after apply)[0m
[0;90m08:59:30.542[0m [0;37mSTDOUT[0m [0;36mterraform: [0m      [32m+[0m[0m has_secret_string_wo = (known after apply)[0m
[0;90m08:59:30.542[0m [0;37mSTDOUT[0m [0;36mterraform: [0m      [32m+[0m[0m id                   = (known after apply)[0m
[0;90m08:59:30.542[0m [0;37mSTDOUT[0m [0;36mterraform: [0m      [32m+[0m[0m secret_id            = (known after apply)[0m
[0;90m08:59:30.542[0m [0;37mSTDOUT[0m [0;36mterraform: [0m      [32m+[0m[0m secret_string        = (sensitive value)[0m
[0;90m08:59:30.542[0m [0;37mSTDOUT[0m [0;36mterraform: [0m      [32m+[0m[0m version_id           = (known after apply)[0m
[0;90m08:59:30.542[0m [0;37mSTDOUT[0m [0;36mterraform: [0m      [32m+[0m[0m version_stages       = (known after apply)[0m
[0;90m08:59:30.542[0m [0;37mSTDOUT[0m [0;36mterraform: [0m    }
[0;90m08:59:30.542[0m [0;37mSTDOUT[0m [0;36mterraform: [0m[1m  # module.rds.random_password.db_password[0m will be created[0m
[0;90m08:59:30.542[0m [0;37mSTDOUT[0m [0;36mterraform: [0m[0m  [32m+[0m[0m resource "random_password" "db_password" {[0m
[0;90m08:59:30.542[0m [0;37mSTDOUT[0m [0;36mterraform: [0m      [32m+[0m[0m bcrypt_hash = (sensitive value)[0m
[0;90m08:59:30.542[0m [0;37mSTDOUT[0m [0;36mterraform: [0m      [32m+[0m[0m id          = (known after apply)[0m
[0;90m08:59:30.542[0m [0;37mSTDOUT[0m [0;36mterraform: [0m      [32m+[0m[0m length      = 16[0m
[0;90m08:59:30.542[0m [0;37mSTDOUT[0m [0;36mterraform: [0m      [32m+[0m[0m lower       = true[0m
[0;90m08:59:30.542[0m [0;37mSTDOUT[0m [0;36mterraform: [0m      [32m+[0m[0m min_lower   = 0[0m
[0;90m08:59:30.542[0m [0;37mSTDOUT[0m [0;36mterraform: [0m      [32m+[0m[0m min_numeric = 0[0m
[0;90m08:59:30.542[0m [0;37mSTDOUT[0m [0;36mterraform: [0m      [32m+[0m[0m min_special = 0[0m
[0;90m08:59:30.542[0m [0;37mSTDOUT[0m [0;36mterraform: [0m      [32m+[0m[0m min_upper   = 0[0m
[0;90m08:59:30.542[0m [0;37mSTDOUT[0m [0;36mterraform: [0m      [32m+[0m[0m number      = true[0m
[0;90m08:59:30.542[0m [0;37mSTDOUT[0m [0;36mterraform: [0m      [32m+[0m[0m numeric     = true[0m
[0;90m08:59:30.542[0m [0;37mSTDOUT[0m [0;36mterraform: [0m      [32m+[0m[0m result      = (sensitive value)[0m
[0;90m08:59:30.542[0m [0;37mSTDOUT[0m [0;36mterraform: [0m      [32m+[0m[0m special     = true[0m
[0;90m08:59:30.542[0m [0;37mSTDOUT[0m [0;36mterraform: [0m      [32m+[0m[0m upper       = true[0m
[0;90m08:59:30.542[0m [0;37mSTDOUT[0m [0;36mterraform: [0m    }
[0;90m08:59:30.542[0m [0;37mSTDOUT[0m [0;36mterraform: [0m[1m  # module.s3.aws_s3_bucket.example[0m will be created[0m
[0;90m08:59:30.542[0m [0;37mSTDOUT[0m [0;36mterraform: [0m[0m  [32m+[0m[0m resource "aws_s3_bucket" "example" {[0m
[0;90m08:59:30.542[0m [0;37mSTDOUT[0m [0;36mterraform: [0m      [32m+[0m[0m acceleration_status         = (known after apply)[0m
[0;90m08:59:30.542[0m [0;37mSTDOUT[0m [0;36mterraform: [0m      [32m+[0m[0m acl                         = (known after apply)[0m
[0;90m08:59:30.542[0m [0;37mSTDOUT[0m [0;36mterraform: [0m      [32m+[0m[0m arn                         = (known after apply)[0m
[0;90m08:59:30.542[0m [0;37mSTDOUT[0m [0;36mterraform: [0m      [32m+[0m[0m bucket                      = (known after apply)[0m
[0;90m08:59:30.542[0m [0;37mSTDOUT[0m [0;36mterraform: [0m      [32m+[0m[0m bucket_domain_name          = (known after apply)[0m
[0;90m08:59:30.542[0m [0;37mSTDOUT[0m [0;36mterraform: [0m      [32m+[0m[0m bucket_prefix               = (known after apply)[0m
[0;90m08:59:30.542[0m [0;37mSTDOUT[0m [0;36mterraform: [0m      [32m+[0m[0m bucket_regional_domain_name = (known after apply)[0m
[0;90m08:59:30.542[0m [0;37mSTDOUT[0m [0;36mterraform: [0m      [32m+[0m[0m force_destroy               = true[0m
[0;90m08:59:30.542[0m [0;37mSTDOUT[0m [0;36mterraform: [0m      [32m+[0m[0m hosted_zone_id              = (known after apply)[0m
[0;90m08:59:30.543[0m [0;37mSTDOUT[0m [0;36mterraform: [0m      [32m+[0m[0m id                          = (known after apply)[0m
[0;90m08:59:30.543[0m [0;37mSTDOUT[0m [0;36mterraform: [0m      [32m+[0m[0m object_lock_enabled         = (known after apply)[0m
[0;90m08:59:30.543[0m [0;37mSTDOUT[0m [0;36mterraform: [0m      [32m+[0m[0m policy                      = (known after apply)[0m
[0;90m08:59:30.543[0m [0;37mSTDOUT[0m [0;36mterraform: [0m      [32m+[0m[0m region                      = (known after apply)[0m
[0;90m08:59:30.543[0m [0;37mSTDOUT[0m [0;36mterraform: [0m      [32m+[0m[0m request_payer               = (known after apply)[0m
[0;90m08:59:30.543[0m [0;37mSTDOUT[0m [0;36mterraform: [0m      [32m+[0m[0m tags                        = {[0m
[0;90m08:59:30.543[0m [0;37mSTDOUT[0m [0;36mterraform: [0m          [32m+[0m[0m "Environment" = "development"[0m
[0;90m08:59:30.543[0m [0;37mSTDOUT[0m [0;36mterraform: [0m          [32m+[0m[0m "Name"        = "example-bucket"[0m
[0;90m08:59:30.543[0m [0;37mSTDOUT[0m [0;36mterraform: [0m        }
[0;90m08:59:30.543[0m [0;37mSTDOUT[0m [0;36mterraform: [0m      [32m+[0m[0m tags_all                    = {[0m
[0;90m08:59:30.543[0m [0;37mSTDOUT[0m [0;36mterraform: [0m          [32m+[0m[0m "Environment" = "development"[0m
[0;90m08:59:30.543[0m [0;37mSTDOUT[0m [0;36mterraform: [0m          [32m+[0m[0m "ManagedBy"   = "terraform"[0m
[0;90m08:59:30.543[0m [0;37mSTDOUT[0m [0;36mterraform: [0m          [32m+[0m[0m "Name"        = "example-bucket"[0m
[0;90m08:59:30.543[0m [0;37mSTDOUT[0m [0;36mterraform: [0m          [32m+[0m[0m "Project"     = "terraform-simulator"[0m
[0;90m08:59:30.543[0m [0;37mSTDOUT[0m [0;36mterraform: [0m        }
[0;90m08:59:30.543[0m [0;37mSTDOUT[0m [0;36mterraform: [0m      [32m+[0m[0m website_domain              = (known after apply)[0m
[0;90m08:59:30.543[0m [0;37mSTDOUT[0m [0;36mterraform: [0m      [32m+[0m[0m website_endpoint            = (known after apply)[0m
[0;90m08:59:30.543[0m [0;37mSTDOUT[0m [0;36mterraform: [0m      [32m+[0m[0m cors_rule (known after apply)[0m
[0;90m08:59:30.543[0m [0;37mSTDOUT[0m [0;36mterraform: [0m      [32m+[0m[0m grant (known after apply)[0m
[0;90m08:59:30.543[0m [0;37mSTDOUT[0m [0;36mterraform: [0m      [32m+[0m[0m lifecycle_rule (known after apply)[0m
[0;90m08:59:30.543[0m [0;37mSTDOUT[0m [0;36mterraform: [0m      [32m+[0m[0m logging (known after apply)[0m
[0;90m08:59:30.543[0m [0;37mSTDOUT[0m [0;36mterraform: [0m      [32m+[0m[0m object_lock_configuration (known after apply)[0m
[0;90m08:59:30.543[0m [0;37mSTDOUT[0m [0;36mterraform: [0m      [32m+[0m[0m replication_configuration (known after apply)[0m
[0;90m08:59:30.543[0m [0;37mSTDOUT[0m [0;36mterraform: [0m      [32m+[0m[0m server_side_encryption_configuration (known after apply)[0m
[0;90m08:59:30.543[0m [0;37mSTDOUT[0m [0;36mterraform: [0m      [32m+[0m[0m versioning (known after apply)[0m
[0;90m08:59:30.543[0m [0;37mSTDOUT[0m [0;36mterraform: [0m      [32m+[0m[0m website (known after apply)[0m
[0;90m08:59:30.543[0m [0;37mSTDOUT[0m [0;36mterraform: [0m    }
[0;90m08:59:30.543[0m [0;37mSTDOUT[0m [0;36mterraform: [0m[1m  # module.s3.aws_s3_bucket_notification.example[0m will be created[0m
[0;90m08:59:30.543[0m [0;37mSTDOUT[0m [0;36mterraform: [0m[0m  [32m+[0m[0m resource "aws_s3_bucket_notification" "example" {[0m
[0;90m08:59:30.543[0m [0;37mSTDOUT[0m [0;36mterraform: [0m      [32m+[0m[0m bucket      = (known after apply)[0m
[0;90m08:59:30.543[0m [0;37mSTDOUT[0m [0;36mterraform: [0m      [32m+[0m[0m eventbridge = false[0m
[0;90m08:59:30.543[0m [0;37mSTDOUT[0m [0;36mterraform: [0m      [32m+[0m[0m id          = (known after apply)[0m
[0;90m08:59:30.543[0m [0;37mSTDOUT[0m [0;36mterraform: [0m      [32m+[0m[0m topic {[0m
[0;90m08:59:30.543[0m [0;37mSTDOUT[0m [0;36mterraform: [0m          [32m+[0m[0m events    = [[0m
[0;90m08:59:30.543[0m [0;37mSTDOUT[0m [0;36mterraform: [0m              [32m+[0m[0m "s3:ObjectCreated:*",[0m
[0;90m08:59:30.543[0m [0;37mSTDOUT[0m [0;36mterraform: [0m            ]
[0;90m08:59:30.543[0m [0;37mSTDOUT[0m [0;36mterraform: [0m          [32m+[0m[0m id        = (known after apply)[0m
[0;90m08:59:30.543[0m [0;37mSTDOUT[0m [0;36mterraform: [0m          [32m+[0m[0m topic_arn = "arn:aws:sns:us-east-1:123456789012:example-topic"[0m
[0;90m08:59:30.543[0m [0;37mSTDOUT[0m [0;36mterraform: [0m        }
[0;90m08:59:30.543[0m [0;37mSTDOUT[0m [0;36mterraform: [0m    }
[0;90m08:59:30.543[0m [0;37mSTDOUT[0m [0;36mterraform: [0m[1m  # module.s3.aws_s3_bucket_policy.example[0m will be created[0m
[0;90m08:59:30.543[0m [0;37mSTDOUT[0m [0;36mterraform: [0m[0m  [32m+[0m[0m resource "aws_s3_bucket_policy" "example" {[0m
[0;90m08:59:30.543[0m [0;37mSTDOUT[0m [0;36mterraform: [0m      [32m+[0m[0m bucket = (known after apply)[0m
[0;90m08:59:30.543[0m [0;37mSTDOUT[0m [0;36mterraform: [0m      [32m+[0m[0m id     = (known after apply)[0m
[0;90m08:59:30.543[0m [0;37mSTDOUT[0m [0;36mterraform: [0m      [32m+[0m[0m policy = (known after apply)[0m
[0;90m08:59:30.543[0m [0;37mSTDOUT[0m [0;36mterraform: [0m    }
[0;90m08:59:30.543[0m [0;37mSTDOUT[0m [0;36mterraform: [0m[1m  # module.s3.aws_s3_bucket_public_access_block.example[0m will be created[0m
[0;90m08:59:30.543[0m [0;37mSTDOUT[0m [0;36mterraform: [0m[0m  [32m+[0m[0m resource "aws_s3_bucket_public_access_block" "example" {[0m
[0;90m08:59:30.543[0m [0;37mSTDOUT[0m [0;36mterraform: [0m      [32m+[0m[0m block_public_acls       = false[0m
[0;90m08:59:30.543[0m [0;37mSTDOUT[0m [0;36mterraform: [0m      [32m+[0m[0m block_public_policy     = false[0m
[0;90m08:59:30.543[0m [0;37mSTDOUT[0m [0;36mterraform: [0m      [32m+[0m[0m bucket                  = (known after apply)[0m
[0;90m08:59:30.543[0m [0;37mSTDOUT[0m [0;36mterraform: [0m      [32m+[0m[0m id                      = (known after apply)[0m
[0;90m08:59:30.543[0m [0;37mSTDOUT[0m [0;36mterraform: [0m      [32m+[0m[0m ignore_public_acls      = false[0m
[0;90m08:59:30.543[0m [0;37mSTDOUT[0m [0;36mterraform: [0m      [32m+[0m[0m restrict_public_buckets = false[0m
[0;90m08:59:30.543[0m [0;37mSTDOUT[0m [0;36mterraform: [0m    }
[0;90m08:59:30.543[0m [0;37mSTDOUT[0m [0;36mterraform: [0m[1m  # module.s3.aws_s3_bucket_versioning.example[0m will be created[0m
[0;90m08:59:30.543[0m [0;37mSTDOUT[0m [0;36mterraform: [0m[0m  [32m+[0m[0m resource "aws_s3_bucket_versioning" "example" {[0m
[0;90m08:59:30.543[0m [0;37mSTDOUT[0m [0;36mterraform: [0m      [32m+[0m[0m bucket = (known after apply)[0m
[0;90m08:59:30.544[0m [0;37mSTDOUT[0m [0;36mterraform: [0m      [32m+[0m[0m id     = (known after apply)[0m
[0;90m08:59:30.544[0m [0;37mSTDOUT[0m [0;36mterraform: [0m      [32m+[0m[0m versioning_configuration {[0m
[0;90m08:59:30.544[0m [0;37mSTDOUT[0m [0;36mterraform: [0m          [32m+[0m[0m mfa_delete = (known after apply)[0m
[0;90m08:59:30.544[0m [0;37mSTDOUT[0m [0;36mterraform: [0m          [32m+[0m[0m status     = "Enabled"[0m
[0;90m08:59:30.544[0m [0;37mSTDOUT[0m [0;36mterraform: [0m        }
[0;90m08:59:30.544[0m [0;37mSTDOUT[0m [0;36mterraform: [0m    }
[0;90m08:59:30.544[0m [0;37mSTDOUT[0m [0;36mterraform: [0m[1m  # module.s3.random_id.bucket_suffix[0m will be created[0m
[0;90m08:59:30.544[0m [0;37mSTDOUT[0m [0;36mterraform: [0m[0m  [32m+[0m[0m resource "random_id" "bucket_suffix" {[0m
[0;90m08:59:30.544[0m [0;37mSTDOUT[0m [0;36mterraform: [0m      [32m+[0m[0m b64_std     = (known after apply)[0m
[0;90m08:59:30.544[0m [0;37mSTDOUT[0m [0;36mterraform: [0m      [32m+[0m[0m b64_url     = (known after apply)[0m
[0;90m08:59:30.544[0m [0;37mSTDOUT[0m [0;36mterraform: [0m      [32m+[0m[0m byte_length = 4[0m
[0;90m08:59:30.544[0m [0;37mSTDOUT[0m [0;36mterraform: [0m      [32m+[0m[0m dec         = (known after apply)[0m
[0;90m08:59:30.544[0m [0;37mSTDOUT[0m [0;36mterraform: [0m      [32m+[0m[0m hex         = (known after apply)[0m
[0;90m08:59:30.544[0m [0;37mSTDOUT[0m [0;36mterraform: [0m      [32m+[0m[0m id          = (known after apply)[0m
[0;90m08:59:30.544[0m [0;37mSTDOUT[0m [0;36mterraform: [0m    }
[0;90m08:59:30.544[0m [0;37mSTDOUT[0m [0;36mterraform: [0m[1m  # module.secrets_manager.aws_secretsmanager_secret.example[0m will be created[0m
[0;90m08:59:30.544[0m [0;37mSTDOUT[0m [0;36mterraform: [0m[0m  [32m+[0m[0m resource "aws_secretsmanager_secret" "example" {[0m
[0;90m08:59:30.544[0m [0;37mSTDOUT[0m [0;36mterraform: [0m      [32m+[0m[0m arn                            = (known after apply)[0m
[0;90m08:59:30.544[0m [0;37mSTDOUT[0m [0;36mterraform: [0m      [32m+[0m[0m description                    = "Example secret for simulation"[0m
[0;90m08:59:30.544[0m [0;37mSTDOUT[0m [0;36mterraform: [0m      [32m+[0m[0m force_overwrite_replica_secret = false[0m
[0;90m08:59:30.544[0m [0;37mSTDOUT[0m [0;36mterraform: [0m      [32m+[0m[0m id                             = (known after apply)[0m
[0;90m08:59:30.544[0m [0;37mSTDOUT[0m [0;36mterraform: [0m      [32m+[0m[0m name                           = "example-secret"[0m
[0;90m08:59:30.544[0m [0;37mSTDOUT[0m [0;36mterraform: [0m      [32m+[0m[0m name_prefix                    = (known after apply)[0m
[0;90m08:59:30.544[0m [0;37mSTDOUT[0m [0;36mterraform: [0m      [32m+[0m[0m policy                         = (known after apply)[0m
[0;90m08:59:30.544[0m [0;37mSTDOUT[0m [0;36mterraform: [0m      [32m+[0m[0m recovery_window_in_days        = 30[0m
[0;90m08:59:30.544[0m [0;37mSTDOUT[0m [0;36mterraform: [0m      [32m+[0m[0m tags                           = {[0m
[0;90m08:59:30.544[0m [0;37mSTDOUT[0m [0;36mterraform: [0m          [32m+[0m[0m "Environment" = "development"[0m
[0;90m08:59:30.544[0m [0;37mSTDOUT[0m [0;36mterraform: [0m          [32m+[0m[0m "Name"        = "example-secret"[0m
[0;90m08:59:30.544[0m [0;37mSTDOUT[0m [0;36mterraform: [0m        }
[0;90m08:59:30.544[0m [0;37mSTDOUT[0m [0;36mterraform: [0m      [32m+[0m[0m tags_all                       = {[0m
[0;90m08:59:30.544[0m [0;37mSTDOUT[0m [0;36mterraform: [0m          [32m+[0m[0m "Environment" = "development"[0m
[0;90m08:59:30.544[0m [0;37mSTDOUT[0m [0;36mterraform: [0m          [32m+[0m[0m "ManagedBy"   = "terraform"[0m
[0;90m08:59:30.544[0m [0;37mSTDOUT[0m [0;36mterraform: [0m          [32m+[0m[0m "Name"        = "example-secret"[0m
[0;90m08:59:30.544[0m [0;37mSTDOUT[0m [0;36mterraform: [0m          [32m+[0m[0m "Project"     = "terraform-simulator"[0m
[0;90m08:59:30.544[0m [0;37mSTDOUT[0m [0;36mterraform: [0m        }
[0;90m08:59:30.544[0m [0;37mSTDOUT[0m [0;36mterraform: [0m      [32m+[0m[0m replica (known after apply)[0m
[0;90m08:59:30.544[0m [0;37mSTDOUT[0m [0;36mterraform: [0m    }
[0;90m08:59:30.544[0m [0;37mSTDOUT[0m [0;36mterraform: [0m[1m  # module.secrets_manager.aws_secretsmanager_secret_version.example[0m will be created[0m
[0;90m08:59:30.544[0m [0;37mSTDOUT[0m [0;36mterraform: [0m[0m  [32m+[0m[0m resource "aws_secretsmanager_secret_version" "example" {[0m
[0;90m08:59:30.544[0m [0;37mSTDOUT[0m [0;36mterraform: [0m      [32m+[0m[0m arn                  = (known after apply)[0m
[0;90m08:59:30.544[0m [0;37mSTDOUT[0m [0;36mterraform: [0m      [32m+[0m[0m has_secret_string_wo = (known after apply)[0m
[0;90m08:59:30.544[0m [0;37mSTDOUT[0m [0;36mterraform: [0m      [32m+[0m[0m id                   = (known after apply)[0m
[0;90m08:59:30.544[0m [0;37mSTDOUT[0m [0;36mterraform: [0m      [32m+[0m[0m secret_id            = (known after apply)[0m
[0;90m08:59:30.544[0m [0;37mSTDOUT[0m [0;36mterraform: [0m      [32m+[0m[0m secret_string        = (sensitive value)[0m
[0;90m08:59:30.544[0m [0;37mSTDOUT[0m [0;36mterraform: [0m      [32m+[0m[0m version_id           = (known after apply)[0m
[0;90m08:59:30.544[0m [0;37mSTDOUT[0m [0;36mterraform: [0m      [32m+[0m[0m version_stages       = (known after apply)[0m
[0;90m08:59:30.544[0m [0;37mSTDOUT[0m [0;36mterraform: [0m    }
[0;90m08:59:30.544[0m [0;37mSTDOUT[0m [0;36mterraform: [0m[1m  # module.sns.aws_sns_topic.example[0m will be created[0m
[0;90m08:59:30.544[0m [0;37mSTDOUT[0m [0;36mterraform: [0m[0m  [32m+[0m[0m resource "aws_sns_topic" "example" {[0m
[0;90m08:59:30.544[0m [0;37mSTDOUT[0m [0;36mterraform: [0m      [32m+[0m[0m arn                         = (known after apply)[0m
[0;90m08:59:30.544[0m [0;37mSTDOUT[0m [0;36mterraform: [0m      [32m+[0m[0m beginning_archive_time      = (known after apply)[0m
[0;90m08:59:30.544[0m [0;37mSTDOUT[0m [0;36mterraform: [0m      [32m+[0m[0m content_based_deduplication = false[0m
[0;90m08:59:30.544[0m [0;37mSTDOUT[0m [0;36mterraform: [0m      [32m+[0m[0m fifo_throughput_scope       = (known after apply)[0m
[0;90m08:59:30.544[0m [0;37mSTDOUT[0m [0;36mterraform: [0m      [32m+[0m[0m fifo_topic                  = false[0m
[0;90m08:59:30.544[0m [0;37mSTDOUT[0m [0;36mterraform: [0m      [32m+[0m[0m id                          = (known after apply)[0m
[0;90m08:59:30.545[0m [0;37mSTDOUT[0m [0;36mterraform: [0m      [32m+[0m[0m name                        = "example-topic"[0m
[0;90m08:59:30.545[0m [0;37mSTDOUT[0m [0;36mterraform: [0m      [32m+[0m[0m name_prefix                 = (known after apply)[0m
[0;90m08:59:30.545[0m [0;37mSTDOUT[0m [0;36mterraform: [0m      [32m+[0m[0m owner                       = (known after apply)[0m
[0;90m08:59:30.545[0m [0;37mSTDOUT[0m [0;36mterraform: [0m      [32m+[0m[0m policy                      = (known after apply)[0m
[0;90m08:59:30.545[0m [0;37mSTDOUT[0m [0;36mterraform: [0m      [32m+[0m[0m signature_version           = (known after apply)[0m
[0;90m08:59:30.545[0m [0;37mSTDOUT[0m [0;36mterraform: [0m      [32m+[0m[0m tags                        = {[0m
[0;90m08:59:30.545[0m [0;37mSTDOUT[0m [0;36mterraform: [0m          [32m+[0m[0m "Environment" = "development"[0m
[0;90m08:59:30.545[0m [0;37mSTDOUT[0m [0;36mterraform: [0m          [32m+[0m[0m "Name"        = "example-topic"[0m
[0;90m08:59:30.545[0m [0;37mSTDOUT[0m [0;36mterraform: [0m        }
[0;90m08:59:30.545[0m [0;37mSTDOUT[0m [0;36mterraform: [0m      [32m+[0m[0m tags_all                    = {[0m
[0;90m08:59:30.545[0m [0;37mSTDOUT[0m [0;36mterraform: [0m          [32m+[0m[0m "Environment" = "development"[0m
[0;90m08:59:30.545[0m [0;37mSTDOUT[0m [0;36mterraform: [0m          [32m+[0m[0m "ManagedBy"   = "terraform"[0m
[0;90m08:59:30.545[0m [0;37mSTDOUT[0m [0;36mterraform: [0m          [32m+[0m[0m "Name"        = "example-topic"[0m
[0;90m08:59:30.545[0m [0;37mSTDOUT[0m [0;36mterraform: [0m          [32m+[0m[0m "Project"     = "terraform-simulator"[0m
[0;90m08:59:30.545[0m [0;37mSTDOUT[0m [0;36mterraform: [0m        }
[0;90m08:59:30.545[0m [0;37mSTDOUT[0m [0;36mterraform: [0m      [32m+[0m[0m tracing_config              = (known after apply)[0m
[0;90m08:59:30.545[0m [0;37mSTDOUT[0m [0;36mterraform: [0m    }
[0;90m08:59:30.545[0m [0;37mSTDOUT[0m [0;36mterraform: [0m[1m  # module.sns.aws_sns_topic_policy.example[0m will be created[0m
[0;90m08:59:30.545[0m [0;37mSTDOUT[0m [0;36mterraform: [0m[0m  [32m+[0m[0m resource "aws_sns_topic_policy" "example" {[0m
[0;90m08:59:30.545[0m [0;37mSTDOUT[0m [0;36mterraform: [0m      [32m+[0m[0m arn    = (known after apply)[0m
[0;90m08:59:30.545[0m [0;37mSTDOUT[0m [0;36mterraform: [0m      [32m+[0m[0m id     = (known after apply)[0m
[0;90m08:59:30.545[0m [0;37mSTDOUT[0m [0;36mterraform: [0m      [32m+[0m[0m owner  = (known after apply)[0m
[0;90m08:59:30.545[0m [0;37mSTDOUT[0m [0;36mterraform: [0m      [32m+[0m[0m policy = (known after apply)[0m
[0;90m08:59:30.545[0m [0;37mSTDOUT[0m [0;36mterraform: [0m    }
[0;90m08:59:30.545[0m [0;37mSTDOUT[0m [0;36mterraform: [0m[1m  # module.sns.aws_sns_topic_subscription.example[0m will be created[0m
[0;90m08:59:30.545[0m [0;37mSTDOUT[0m [0;36mterraform: [0m[0m  [32m+[0m[0m resource "aws_sns_topic_subscription" "example" {[0m
[0;90m08:59:30.545[0m [0;37mSTDOUT[0m [0;36mterraform: [0m      [32m+[0m[0m arn                             = (known after apply)[0m
[0;90m08:59:30.545[0m [0;37mSTDOUT[0m [0;36mterraform: [0m      [32m+[0m[0m confirmation_timeout_in_minutes = 1[0m
[0;90m08:59:30.545[0m [0;37mSTDOUT[0m [0;36mterraform: [0m      [32m+[0m[0m confirmation_was_authenticated  = (known after apply)[0m
[0;90m08:59:30.545[0m [0;37mSTDOUT[0m [0;36mterraform: [0m      [32m+[0m[0m endpoint                        = "example@example.com"[0m
[0;90m08:59:30.545[0m [0;37mSTDOUT[0m [0;36mterraform: [0m      [32m+[0m[0m endpoint_auto_confirms          = false[0m
[0;90m08:59:30.545[0m [0;37mSTDOUT[0m [0;36mterraform: [0m      [32m+[0m[0m filter_policy_scope             = (known after apply)[0m
[0;90m08:59:30.545[0m [0;37mSTDOUT[0m [0;36mterraform: [0m      [32m+[0m[0m id                              = (known after apply)[0m
[0;90m08:59:30.545[0m [0;37mSTDOUT[0m [0;36mterraform: [0m      [32m+[0m[0m owner_id                        = (known after apply)[0m
[0;90m08:59:30.545[0m [0;37mSTDOUT[0m [0;36mterraform: [0m      [32m+[0m[0m pending_confirmation            = (known after apply)[0m
[0;90m08:59:30.545[0m [0;37mSTDOUT[0m [0;36mterraform: [0m      [32m+[0m[0m protocol                        = "email"[0m
[0;90m08:59:30.545[0m [0;37mSTDOUT[0m [0;36mterraform: [0m      [32m+[0m[0m raw_message_delivery            = false[0m
[0;90m08:59:30.545[0m [0;37mSTDOUT[0m [0;36mterraform: [0m      [32m+[0m[0m topic_arn                       = (known after apply)[0m
[0;90m08:59:30.545[0m [0;37mSTDOUT[0m [0;36mterraform: [0m    }
[0;90m08:59:30.545[0m [0;37mSTDOUT[0m [0;36mterraform: [0m[1m  # module.sns.aws_sns_topic_subscription.sqs[0m will be created[0m
[0;90m08:59:30.545[0m [0;37mSTDOUT[0m [0;36mterraform: [0m[0m  [32m+[0m[0m resource "aws_sns_topic_subscription" "sqs" {[0m
[0;90m08:59:30.545[0m [0;37mSTDOUT[0m [0;36mterraform: [0m      [32m+[0m[0m arn                             = (known after apply)[0m
[0;90m08:59:30.545[0m [0;37mSTDOUT[0m [0;36mterraform: [0m      [32m+[0m[0m confirmation_timeout_in_minutes = 1[0m
[0;90m08:59:30.545[0m [0;37mSTDOUT[0m [0;36mterraform: [0m      [32m+[0m[0m confirmation_was_authenticated  = (known after apply)[0m
[0;90m08:59:30.545[0m [0;37mSTDOUT[0m [0;36mterraform: [0m      [32m+[0m[0m endpoint                        = (known after apply)[0m
[0;90m08:59:30.545[0m [0;37mSTDOUT[0m [0;36mterraform: [0m      [32m+[0m[0m endpoint_auto_confirms          = false[0m
[0;90m08:59:30.545[0m [0;37mSTDOUT[0m [0;36mterraform: [0m      [32m+[0m[0m filter_policy_scope             = (known after apply)[0m
[0;90m08:59:30.546[0m [0;37mSTDOUT[0m [0;36mterraform: [0m      [32m+[0m[0m id                              = (known after apply)[0m
[0;90m08:59:30.546[0m [0;37mSTDOUT[0m [0;36mterraform: [0m      [32m+[0m[0m owner_id                        = (known after apply)[0m
[0;90m08:59:30.546[0m [0;37mSTDOUT[0m [0;36mterraform: [0m      [32m+[0m[0m pending_confirmation            = (known after apply)[0m
[0;90m08:59:30.546[0m [0;37mSTDOUT[0m [0;36mterraform: [0m      [32m+[0m[0m protocol                        = "sqs"[0m
[0;90m08:59:30.546[0m [0;37mSTDOUT[0m [0;36mterraform: [0m      [32m+[0m[0m raw_message_delivery            = false[0m
[0;90m08:59:30.546[0m [0;37mSTDOUT[0m [0;36mterraform: [0m      [32m+[0m[0m topic_arn                       = (known after apply)[0m
[0;90m08:59:30.546[0m [0;37mSTDOUT[0m [0;36mterraform: [0m    }
[0;90m08:59:30.546[0m [0;37mSTDOUT[0m [0;36mterraform: [0m[1m  # module.sns.aws_sqs_queue.example[0m will be created[0m
[0;90m08:59:30.546[0m [0;37mSTDOUT[0m [0;36mterraform: [0m[0m  [32m+[0m[0m resource "aws_sqs_queue" "example" {[0m
[0;90m08:59:30.546[0m [0;37mSTDOUT[0m [0;36mterraform: [0m      [32m+[0m[0m arn                               = (known after apply)[0m
[0;90m08:59:30.546[0m [0;37mSTDOUT[0m [0;36mterraform: [0m      [32m+[0m[0m content_based_deduplication       = false[0m
[0;90m08:59:30.546[0m [0;37mSTDOUT[0m [0;36mterraform: [0m      [32m+[0m[0m deduplication_scope               = (known after apply)[0m
[0;90m08:59:30.546[0m [0;37mSTDOUT[0m [0;36mterraform: [0m      [32m+[0m[0m delay_seconds                     = 0[0m
[0;90m08:59:30.546[0m [0;37mSTDOUT[0m [0;36mterraform: [0m      [32m+[0m[0m fifo_queue                        = false[0m
[0;90m08:59:30.546[0m [0;37mSTDOUT[0m [0;36mterraform: [0m      [32m+[0m[0m fifo_throughput_limit             = (known after apply)[0m
[0;90m08:59:30.546[0m [0;37mSTDOUT[0m [0;36mterraform: [0m      [32m+[0m[0m id                                = (known after apply)[0m
[0;90m08:59:30.546[0m [0;37mSTDOUT[0m [0;36mterraform: [0m      [32m+[0m[0m kms_data_key_reuse_period_seconds = (known after apply)[0m
[0;90m08:59:30.546[0m [0;37mSTDOUT[0m [0;36mterraform: [0m      [32m+[0m[0m max_message_size                  = 262144[0m
[0;90m08:59:30.546[0m [0;37mSTDOUT[0m [0;36mterraform: [0m      [32m+[0m[0m message_retention_seconds         = 345600[0m
[0;90m08:59:30.546[0m [0;37mSTDOUT[0m [0;36mterraform: [0m      [32m+[0m[0m name                              = "example-queue"[0m
[0;90m08:59:30.546[0m [0;37mSTDOUT[0m [0;36mterraform: [0m      [32m+[0m[0m name_prefix                       = (known after apply)[0m
[0;90m08:59:30.546[0m [0;37mSTDOUT[0m [0;36mterraform: [0m      [32m+[0m[0m policy                            = (known after apply)[0m
[0;90m08:59:30.546[0m [0;37mSTDOUT[0m [0;36mterraform: [0m      [32m+[0m[0m receive_wait_time_seconds         = 0[0m
[0;90m08:59:30.546[0m [0;37mSTDOUT[0m [0;36mterraform: [0m      [32m+[0m[0m redrive_allow_policy              = (known after apply)[0m
[0;90m08:59:30.546[0m [0;37mSTDOUT[0m [0;36mterraform: [0m      [32m+[0m[0m redrive_policy                    = (known after apply)[0m
[0;90m08:59:30.546[0m [0;37mSTDOUT[0m [0;36mterraform: [0m      [32m+[0m[0m sqs_managed_sse_enabled           = (known after apply)[0m
[0;90m08:59:30.546[0m [0;37mSTDOUT[0m [0;36mterraform: [0m      [32m+[0m[0m tags                              = {[0m
[0;90m08:59:30.546[0m [0;37mSTDOUT[0m [0;36mterraform: [0m          [32m+[0m[0m "Environment" = "development"[0m
[0;90m08:59:30.546[0m [0;37mSTDOUT[0m [0;36mterraform: [0m          [32m+[0m[0m "Name"        = "example-queue"[0m
[0;90m08:59:30.546[0m [0;37mSTDOUT[0m [0;36mterraform: [0m        }
[0;90m08:59:30.546[0m [0;37mSTDOUT[0m [0;36mterraform: [0m      [32m+[0m[0m tags_all                          = {[0m
[0;90m08:59:30.546[0m [0;37mSTDOUT[0m [0;36mterraform: [0m          [32m+[0m[0m "Environment" = "development"[0m
[0;90m08:59:30.546[0m [0;37mSTDOUT[0m [0;36mterraform: [0m          [32m+[0m[0m "ManagedBy"   = "terraform"[0m
[0;90m08:59:30.546[0m [0;37mSTDOUT[0m [0;36mterraform: [0m          [32m+[0m[0m "Name"        = "example-queue"[0m
[0;90m08:59:30.546[0m [0;37mSTDOUT[0m [0;36mterraform: [0m          [32m+[0m[0m "Project"     = "terraform-simulator"[0m
[0;90m08:59:30.546[0m [0;37mSTDOUT[0m [0;36mterraform: [0m        }
[0;90m08:59:30.546[0m [0;37mSTDOUT[0m [0;36mterraform: [0m      [32m+[0m[0m url                               = (known after apply)[0m
[0;90m08:59:30.546[0m [0;37mSTDOUT[0m [0;36mterraform: [0m      [32m+[0m[0m visibility_timeout_seconds        = 30[0m
[0;90m08:59:30.546[0m [0;37mSTDOUT[0m [0;36mterraform: [0m    }
[0;90m08:59:30.546[0m [0;37mSTDOUT[0m [0;36mterraform: [0m[1m  # module.sns.aws_sqs_queue.example_dlq[0m will be created[0m
[0;90m08:59:30.546[0m [0;37mSTDOUT[0m [0;36mterraform: [0m[0m  [32m+[0m[0m resource "aws_sqs_queue" "example_dlq" {[0m
[0;90m08:59:30.546[0m [0;37mSTDOUT[0m [0;36mterraform: [0m      [32m+[0m[0m arn                               = (known after apply)[0m
[0;90m08:59:30.546[0m [0;37mSTDOUT[0m [0;36mterraform: [0m      [32m+[0m[0m content_based_deduplication       = false[0m
[0;90m08:59:30.546[0m [0;37mSTDOUT[0m [0;36mterraform: [0m      [32m+[0m[0m deduplication_scope               = (known after apply)[0m
[0;90m08:59:30.546[0m [0;37mSTDOUT[0m [0;36mterraform: [0m      [32m+[0m[0m delay_seconds                     = 0[0m
[0;90m08:59:30.546[0m [0;37mSTDOUT[0m [0;36mterraform: [0m      [32m+[0m[0m fifo_queue                        = false[0m
[0;90m08:59:30.546[0m [0;37mSTDOUT[0m [0;36mterraform: [0m      [32m+[0m[0m fifo_throughput_limit             = (known after apply)[0m
[0;90m08:59:30.547[0m [0;37mSTDOUT[0m [0;36mterraform: [0m      [32m+[0m[0m id                                = (known after apply)[0m
[0;90m08:59:30.547[0m [0;37mSTDOUT[0m [0;36mterraform: [0m      [32m+[0m[0m kms_data_key_reuse_period_seconds = (known after apply)[0m
[0;90m08:59:30.547[0m [0;37mSTDOUT[0m [0;36mterraform: [0m      [32m+[0m[0m max_message_size                  = 262144[0m
[0;90m08:59:30.547[0m [0;37mSTDOUT[0m [0;36mterraform: [0m      [32m+[0m[0m message_retention_seconds         = 345600[0m
[0;90m08:59:30.547[0m [0;37mSTDOUT[0m [0;36mterraform: [0m      [32m+[0m[0m name                              = "example-dlq"[0m
[0;90m08:59:30.547[0m [0;37mSTDOUT[0m [0;36mterraform: [0m      [32m+[0m[0m name_prefix                       = (known after apply)[0m
[0;90m08:59:30.547[0m [0;37mSTDOUT[0m [0;36mterraform: [0m      [32m+[0m[0m policy                            = (known after apply)[0m
[0;90m08:59:30.547[0m [0;37mSTDOUT[0m [0;36mterraform: [0m      [32m+[0m[0m receive_wait_time_seconds         = 0[0m
[0;90m08:59:30.547[0m [0;37mSTDOUT[0m [0;36mterraform: [0m      [32m+[0m[0m redrive_allow_policy              = (known after apply)[0m
[0;90m08:59:30.547[0m [0;37mSTDOUT[0m [0;36mterraform: [0m      [32m+[0m[0m redrive_policy                    = (known after apply)[0m
[0;90m08:59:30.547[0m [0;37mSTDOUT[0m [0;36mterraform: [0m      [32m+[0m[0m sqs_managed_sse_enabled           = (known after apply)[0m
[0;90m08:59:30.547[0m [0;37mSTDOUT[0m [0;36mterraform: [0m      [32m+[0m[0m tags                              = {[0m
[0;90m08:59:30.547[0m [0;37mSTDOUT[0m [0;36mterraform: [0m          [32m+[0m[0m "Environment" = "development"[0m
[0;90m08:59:30.547[0m [0;37mSTDOUT[0m [0;36mterraform: [0m          [32m+[0m[0m "Name"        = "example-dlq"[0m
[0;90m08:59:30.547[0m [0;37mSTDOUT[0m [0;36mterraform: [0m        }
[0;90m08:59:30.547[0m [0;37mSTDOUT[0m [0;36mterraform: [0m      [32m+[0m[0m tags_all                          = {[0m
[0;90m08:59:30.547[0m [0;37mSTDOUT[0m [0;36mterraform: [0m          [32m+[0m[0m "Environment" = "development"[0m
[0;90m08:59:30.547[0m [0;37mSTDOUT[0m [0;36mterraform: [0m          [32m+[0m[0m "ManagedBy"   = "terraform"[0m
[0;90m08:59:30.547[0m [0;37mSTDOUT[0m [0;36mterraform: [0m          [32m+[0m[0m "Name"        = "example-dlq"[0m
[0;90m08:59:30.547[0m [0;37mSTDOUT[0m [0;36mterraform: [0m          [32m+[0m[0m "Project"     = "terraform-simulator"[0m
[0;90m08:59:30.547[0m [0;37mSTDOUT[0m [0;36mterraform: [0m        }
[0;90m08:59:30.547[0m [0;37mSTDOUT[0m [0;36mterraform: [0m      [32m+[0m[0m url                               = (known after apply)[0m
[0;90m08:59:30.547[0m [0;37mSTDOUT[0m [0;36mterraform: [0m      [32m+[0m[0m visibility_timeout_seconds        = 30[0m
[0;90m08:59:30.547[0m [0;37mSTDOUT[0m [0;36mterraform: [0m    }
[0;90m08:59:30.547[0m [0;37mSTDOUT[0m [0;36mterraform: [0m[1m  # module.sns.aws_sqs_queue_policy.example[0m will be created[0m
[0;90m08:59:30.547[0m [0;37mSTDOUT[0m [0;36mterraform: [0m[0m  [32m+[0m[0m resource "aws_sqs_queue_policy" "example" {[0m
[0;90m08:59:30.547[0m [0;37mSTDOUT[0m [0;36mterraform: [0m      [32m+[0m[0m id        = (known after apply)[0m
[0;90m08:59:30.547[0m [0;37mSTDOUT[0m [0;36mterraform: [0m      [32m+[0m[0m policy    = (known after apply)[0m
[0;90m08:59:30.547[0m [0;37mSTDOUT[0m [0;36mterraform: [0m      [32m+[0m[0m queue_url = (known after apply)[0m
[0;90m08:59:30.547[0m [0;37mSTDOUT[0m [0;36mterraform: [0m    }
[0;90m08:59:30.547[0m [0;37mSTDOUT[0m [0;36mterraform: [0m[1m  # module.vpc.aws_internet_gateway.example[0m will be created[0m
[0;90m08:59:30.547[0m [0;37mSTDOUT[0m [0;36mterraform: [0m[0m  [32m+[0m[0m resource "aws_internet_gateway" "example" {[0m
[0;90m08:59:30.547[0m [0;37mSTDOUT[0m [0;36mterraform: [0m      [32m+[0m[0m arn      = (known after apply)[0m
[0;90m08:59:30.547[0m [0;37mSTDOUT[0m [0;36mterraform: [0m      [32m+[0m[0m id       = (known after apply)[0m
[0;90m08:59:30.547[0m [0;37mSTDOUT[0m [0;36mterraform: [0m      [32m+[0m[0m owner_id = (known after apply)[0m
[0;90m08:59:30.547[0m [0;37mSTDOUT[0m [0;36mterraform: [0m      [32m+[0m[0m tags     = {[0m
[0;90m08:59:30.547[0m [0;37mSTDOUT[0m [0;36mterraform: [0m          [32m+[0m[0m "Environment" = "development"[0m
[0;90m08:59:30.547[0m [0;37mSTDOUT[0m [0;36mterraform: [0m          [32m+[0m[0m "Name"        = "example-igw"[0m
[0;90m08:59:30.547[0m [0;37mSTDOUT[0m [0;36mterraform: [0m        }
[0;90m08:59:30.547[0m [0;37mSTDOUT[0m [0;36mterraform: [0m      [32m+[0m[0m tags_all = {[0m
[0;90m08:59:30.547[0m [0;37mSTDOUT[0m [0;36mterraform: [0m          [32m+[0m[0m "Environment" = "development"[0m
[0;90m08:59:30.547[0m [0;37mSTDOUT[0m [0;36mterraform: [0m          [32m+[0m[0m "ManagedBy"   = "terraform"[0m
[0;90m08:59:30.547[0m [0;37mSTDOUT[0m [0;36mterraform: [0m          [32m+[0m[0m "Name"        = "example-igw"[0m
[0;90m08:59:30.547[0m [0;37mSTDOUT[0m [0;36mterraform: [0m          [32m+[0m[0m "Project"     = "terraform-simulator"[0m
[0;90m08:59:30.547[0m [0;37mSTDOUT[0m [0;36mterraform: [0m        }
[0;90m08:59:30.547[0m [0;37mSTDOUT[0m [0;36mterraform: [0m      [32m+[0m[0m vpc_id   = (known after apply)[0m
[0;90m08:59:30.547[0m [0;37mSTDOUT[0m [0;36mterraform: [0m    }
[0;90m08:59:30.547[0m [0;37mSTDOUT[0m [0;36mterraform: [0m[1m  # module.vpc.aws_route_table.public[0m will be created[0m
[0;90m08:59:30.547[0m [0;37mSTDOUT[0m [0;36mterraform: [0m[0m  [32m+[0m[0m resource "aws_route_table" "public" {[0m
[0;90m08:59:30.547[0m [0;37mSTDOUT[0m [0;36mterraform: [0m      [32m+[0m[0m arn              = (known after apply)[0m
[0;90m08:59:30.547[0m [0;37mSTDOUT[0m [0;36mterraform: [0m      [32m+[0m[0m id               = (known after apply)[0m
[0;90m08:59:30.547[0m [0;37mSTDOUT[0m [0;36mterraform: [0m      [32m+[0m[0m owner_id         = (known after apply)[0m
[0;90m08:59:30.547[0m [0;37mSTDOUT[0m [0;36mterraform: [0m      [32m+[0m[0m propagating_vgws = (known after apply)[0m
[0;90m08:59:30.547[0m [0;37mSTDOUT[0m [0;36mterraform: [0m      [32m+[0m[0m route            = [[0m
[0;90m08:59:30.547[0m [0;37mSTDOUT[0m [0;36mterraform: [0m          [32m+[0m[0m {[0m
[0;90m08:59:30.547[0m [0;37mSTDOUT[0m [0;36mterraform: [0m              [32m+[0m[0m cidr_block                 = "0.0.0.0/0"[0m
[0;90m08:59:30.547[0m [0;37mSTDOUT[0m [0;36mterraform: [0m              [32m+[0m[0m gateway_id                 = (known after apply)[0m
[0;90m08:59:30.548[0m [0;37mSTDOUT[0m [0;36mterraform: [0m                [90m# (11 unchanged attributes hidden)[0m[0m[0m
[0;90m08:59:30.548[0m [0;37mSTDOUT[0m [0;36mterraform: [0m            },
[0;90m08:59:30.548[0m [0;37mSTDOUT[0m [0;36mterraform: [0m        ]
[0;90m08:59:30.548[0m [0;37mSTDOUT[0m [0;36mterraform: [0m      [32m+[0m[0m tags             = {[0m
[0;90m08:59:30.548[0m [0;37mSTDOUT[0m [0;36mterraform: [0m          [32m+[0m[0m "Environment" = "development"[0m
[0;90m08:59:30.548[0m [0;37mSTDOUT[0m [0;36mterraform: [0m          [32m+[0m[0m "Name"        = "example-public-rt"[0m
[0;90m08:59:30.548[0m [0;37mSTDOUT[0m [0;36mterraform: [0m        }
[0;90m08:59:30.548[0m [0;37mSTDOUT[0m [0;36mterraform: [0m      [32m+[0m[0m tags_all         = {[0m
[0;90m08:59:30.548[0m [0;37mSTDOUT[0m [0;36mterraform: [0m          [32m+[0m[0m "Environment" = "development"[0m
[0;90m08:59:30.548[0m [0;37mSTDOUT[0m [0;36mterraform: [0m          [32m+[0m[0m "ManagedBy"   = "terraform"[0m
[0;90m08:59:30.548[0m [0;37mSTDOUT[0m [0;36mterraform: [0m          [32m+[0m[0m "Name"        = "example-public-rt"[0m
[0;90m08:59:30.548[0m [0;37mSTDOUT[0m [0;36mterraform: [0m          [32m+[0m[0m "Project"     = "terraform-simulator"[0m
[0;90m08:59:30.548[0m [0;37mSTDOUT[0m [0;36mterraform: [0m        }
[0;90m08:59:30.548[0m [0;37mSTDOUT[0m [0;36mterraform: [0m      [32m+[0m[0m vpc_id           = (known after apply)[0m
[0;90m08:59:30.548[0m [0;37mSTDOUT[0m [0;36mterraform: [0m    }
[0;90m08:59:30.548[0m [0;37mSTDOUT[0m [0;36mterraform: [0m[1m  # module.vpc.aws_route_table_association.public[0m will be created[0m
[0;90m08:59:30.548[0m [0;37mSTDOUT[0m [0;36mterraform: [0m[0m  [32m+[0m[0m resource "aws_route_table_association" "public" {[0m
[0;90m08:59:30.548[0m [0;37mSTDOUT[0m [0;36mterraform: [0m      [32m+[0m[0m id             = (known after apply)[0m
[0;90m08:59:30.548[0m [0;37mSTDOUT[0m [0;36mterraform: [0m      [32m+[0m[0m route_table_id = (known after apply)[0m
[0;90m08:59:30.548[0m [0;37mSTDOUT[0m [0;36mterraform: [0m      [32m+[0m[0m subnet_id      = (known after apply)[0m
[0;90m08:59:30.548[0m [0;37mSTDOUT[0m [0;36mterraform: [0m    }
[0;90m08:59:30.548[0m [0;37mSTDOUT[0m [0;36mterraform: [0m[1m  # module.vpc.aws_security_group.example[0m will be created[0m
[0;90m08:59:30.548[0m [0;37mSTDOUT[0m [0;36mterraform: [0m[0m  [32m+[0m[0m resource "aws_security_group" "example" {[0m
[0;90m08:59:30.548[0m [0;37mSTDOUT[0m [0;36mterraform: [0m      [32m+[0m[0m arn                    = (known after apply)[0m
[0;90m08:59:30.548[0m [0;37mSTDOUT[0m [0;36mterraform: [0m      [32m+[0m[0m description            = "Managed by Terraform"[0m
[0;90m08:59:30.548[0m [0;37mSTDOUT[0m [0;36mterraform: [0m      [32m+[0m[0m egress                 = [[0m
[0;90m08:59:30.548[0m [0;37mSTDOUT[0m [0;36mterraform: [0m          [32m+[0m[0m {[0m
[0;90m08:59:30.548[0m [0;37mSTDOUT[0m [0;36mterraform: [0m              [32m+[0m[0m cidr_blocks      = [[0m
[0;90m08:59:30.548[0m [0;37mSTDOUT[0m [0;36mterraform: [0m                  [32m+[0m[0m "0.0.0.0/0",[0m
[0;90m08:59:30.548[0m [0;37mSTDOUT[0m [0;36mterraform: [0m                ]
[0;90m08:59:30.548[0m [0;37mSTDOUT[0m [0;36mterraform: [0m              [32m+[0m[0m from_port        = 0[0m
[0;90m08:59:30.548[0m [0;37mSTDOUT[0m [0;36mterraform: [0m              [32m+[0m[0m ipv6_cidr_blocks = [][0m
[0;90m08:59:30.548[0m [0;37mSTDOUT[0m [0;36mterraform: [0m              [32m+[0m[0m prefix_list_ids  = [][0m
[0;90m08:59:30.548[0m [0;37mSTDOUT[0m [0;36mterraform: [0m              [32m+[0m[0m protocol         = "-1"[0m
[0;90m08:59:30.548[0m [0;37mSTDOUT[0m [0;36mterraform: [0m              [32m+[0m[0m security_groups  = [][0m
[0;90m08:59:30.548[0m [0;37mSTDOUT[0m [0;36mterraform: [0m              [32m+[0m[0m self             = false[0m
[0;90m08:59:30.548[0m [0;37mSTDOUT[0m [0;36mterraform: [0m              [32m+[0m[0m to_port          = 0[0m
[0;90m08:59:30.548[0m [0;37mSTDOUT[0m [0;36mterraform: [0m                [90m# (1 unchanged attribute hidden)[0m[0m[0m
[0;90m08:59:30.548[0m [0;37mSTDOUT[0m [0;36mterraform: [0m            },
[0;90m08:59:30.548[0m [0;37mSTDOUT[0m [0;36mterraform: [0m        ]
[0;90m08:59:30.548[0m [0;37mSTDOUT[0m [0;36mterraform: [0m      [32m+[0m[0m id                     = (known after apply)[0m
[0;90m08:59:30.548[0m [0;37mSTDOUT[0m [0;36mterraform: [0m      [32m+[0m[0m ingress                = [[0m
[0;90m08:59:30.548[0m [0;37mSTDOUT[0m [0;36mterraform: [0m          [32m+[0m[0m {[0m
[0;90m08:59:30.548[0m [0;37mSTDOUT[0m [0;36mterraform: [0m              [32m+[0m[0m cidr_blocks      = [[0m
[0;90m08:59:30.548[0m [0;37mSTDOUT[0m [0;36mterraform: [0m                  [32m+[0m[0m "0.0.0.0/0",[0m
[0;90m08:59:30.548[0m [0;37mSTDOUT[0m [0;36mterraform: [0m                ]
[0;90m08:59:30.548[0m [0;37mSTDOUT[0m [0;36mterraform: [0m              [32m+[0m[0m from_port        = 443[0m
[0;90m08:59:30.548[0m [0;37mSTDOUT[0m [0;36mterraform: [0m              [32m+[0m[0m ipv6_cidr_blocks = [][0m
[0;90m08:59:30.548[0m [0;37mSTDOUT[0m [0;36mterraform: [0m              [32m+[0m[0m prefix_list_ids  = [][0m
[0;90m08:59:30.548[0m [0;37mSTDOUT[0m [0;36mterraform: [0m              [32m+[0m[0m protocol         = "tcp"[0m
[0;90m08:59:30.548[0m [0;37mSTDOUT[0m [0;36mterraform: [0m              [32m+[0m[0m security_groups  = [][0m
[0;90m08:59:30.548[0m [0;37mSTDOUT[0m [0;36mterraform: [0m              [32m+[0m[0m self             = false[0m
[0;90m08:59:30.548[0m [0;37mSTDOUT[0m [0;36mterraform: [0m              [32m+[0m[0m to_port          = 443[0m
[0;90m08:59:30.548[0m [0;37mSTDOUT[0m [0;36mterraform: [0m                [90m# (1 unchanged attribute hidden)[0m[0m[0m
[0;90m08:59:30.548[0m [0;37mSTDOUT[0m [0;36mterraform: [0m            },
[0;90m08:59:30.548[0m [0;37mSTDOUT[0m [0;36mterraform: [0m          [32m+[0m[0m {[0m
[0;90m08:59:30.548[0m [0;37mSTDOUT[0m [0;36mterraform: [0m              [32m+[0m[0m cidr_blocks      = [[0m
[0;90m08:59:30.548[0m [0;37mSTDOUT[0m [0;36mterraform: [0m                  [32m+[0m[0m "0.0.0.0/0",[0m
[0;90m08:59:30.548[0m [0;37mSTDOUT[0m [0;36mterraform: [0m                ]
[0;90m08:59:30.548[0m [0;37mSTDOUT[0m [0;36mterraform: [0m              [32m+[0m[0m from_port        = 80[0m
[0;90m08:59:30.548[0m [0;37mSTDOUT[0m [0;36mterraform: [0m              [32m+[0m[0m ipv6_cidr_blocks = [][0m
[0;90m08:59:30.548[0m [0;37mSTDOUT[0m [0;36mterraform: [0m              [32m+[0m[0m prefix_list_ids  = [][0m
[0;90m08:59:30.548[0m [0;37mSTDOUT[0m [0;36mterraform: [0m              [32m+[0m[0m protocol         = "tcp"[0m
[0;90m08:59:30.548[0m [0;37mSTDOUT[0m [0;36mterraform: [0m              [32m+[0m[0m security_groups  = [][0m
[0;90m08:59:30.548[0m [0;37mSTDOUT[0m [0;36mterraform: [0m              [32m+[0m[0m self             = false[0m
[0;90m08:59:30.548[0m [0;37mSTDOUT[0m [0;36mterraform: [0m              [32m+[0m[0m to_port          = 80[0m
[0;90m08:59:30.548[0m [0;37mSTDOUT[0m [0;36mterraform: [0m                [90m# (1 unchanged attribute hidden)[0m[0m[0m
[0;90m08:59:30.548[0m [0;37mSTDOUT[0m [0;36mterraform: [0m            },
[0;90m08:59:30.548[0m [0;37mSTDOUT[0m [0;36mterraform: [0m        ]
[0;90m08:59:30.548[0m [0;37mSTDOUT[0m [0;36mterraform: [0m      [32m+[0m[0m name                   = (known after apply)[0m
[0;90m08:59:30.548[0m [0;37mSTDOUT[0m [0;36mterraform: [0m      [32m+[0m[0m name_prefix            = "example-sg"[0m
[0;90m08:59:30.549[0m [0;37mSTDOUT[0m [0;36mterraform: [0m      [32m+[0m[0m owner_id               = (known after apply)[0m
[0;90m08:59:30.549[0m [0;37mSTDOUT[0m [0;36mterraform: [0m      [32m+[0m[0m revoke_rules_on_delete = false[0m
[0;90m08:59:30.549[0m [0;37mSTDOUT[0m [0;36mterraform: [0m      [32m+[0m[0m tags                   = {[0m
[0;90m08:59:30.549[0m [0;37mSTDOUT[0m [0;36mterraform: [0m          [32m+[0m[0m "Environment" = "development"[0m
[0;90m08:59:30.549[0m [0;37mSTDOUT[0m [0;36mterraform: [0m          [32m+[0m[0m "Name"        = "example-security-group"[0m
[0;90m08:59:30.549[0m [0;37mSTDOUT[0m [0;36mterraform: [0m        }
[0;90m08:59:30.549[0m [0;37mSTDOUT[0m [0;36mterraform: [0m      [32m+[0m[0m tags_all               = {[0m
[0;90m08:59:30.549[0m [0;37mSTDOUT[0m [0;36mterraform: [0m          [32m+[0m[0m "Environment" = "development"[0m
[0;90m08:59:30.549[0m [0;37mSTDOUT[0m [0;36mterraform: [0m          [32m+[0m[0m "ManagedBy"   = "terraform"[0m
[0;90m08:59:30.549[0m [0;37mSTDOUT[0m [0;36mterraform: [0m          [32m+[0m[0m "Name"        = "example-security-group"[0m
[0;90m08:59:30.549[0m [0;37mSTDOUT[0m [0;36mterraform: [0m          [32m+[0m[0m "Project"     = "terraform-simulator"[0m
[0;90m08:59:30.549[0m [0;37mSTDOUT[0m [0;36mterraform: [0m        }
[0;90m08:59:30.549[0m [0;37mSTDOUT[0m [0;36mterraform: [0m      [32m+[0m[0m vpc_id                 = (known after apply)[0m
[0;90m08:59:30.549[0m [0;37mSTDOUT[0m [0;36mterraform: [0m    }
[0;90m08:59:30.549[0m [0;37mSTDOUT[0m [0;36mterraform: [0m[1m  # module.vpc.aws_subnet.private[0m will be created[0m
[0;90m08:59:30.549[0m [0;37mSTDOUT[0m [0;36mterraform: [0m[0m  [32m+[0m[0m resource "aws_subnet" "private" {[0m
[0;90m08:59:30.549[0m [0;37mSTDOUT[0m [0;36mterraform: [0m      [32m+[0m[0m arn                                            = (known after apply)[0m
[0;90m08:59:30.549[0m [0;37mSTDOUT[0m [0;36mterraform: [0m      [32m+[0m[0m assign_ipv6_address_on_creation                = false[0m
[0;90m08:59:30.549[0m [0;37mSTDOUT[0m [0;36mterraform: [0m      [32m+[0m[0m availability_zone                              = "us-east-1b"[0m
[0;90m08:59:30.549[0m [0;37mSTDOUT[0m [0;36mterraform: [0m      [32m+[0m[0m availability_zone_id                           = (known after apply)[0m
[0;90m08:59:30.549[0m [0;37mSTDOUT[0m [0;36mterraform: [0m      [32m+[0m[0m cidr_block                                     = "10.0.2.0/24"[0m
[0;90m08:59:30.549[0m [0;37mSTDOUT[0m [0;36mterraform: [0m      [32m+[0m[0m enable_dns64                                   = false[0m
[0;90m08:59:30.549[0m [0;37mSTDOUT[0m [0;36mterraform: [0m      [32m+[0m[0m enable_resource_name_dns_a_record_on_launch    = false[0m
[0;90m08:59:30.549[0m [0;37mSTDOUT[0m [0;36mterraform: [0m      [32m+[0m[0m enable_resource_name_dns_aaaa_record_on_launch = false[0m
[0;90m08:59:30.549[0m [0;37mSTDOUT[0m [0;36mterraform: [0m      [32m+[0m[0m id                                             = (known after apply)[0m
[0;90m08:59:30.549[0m [0;37mSTDOUT[0m [0;36mterraform: [0m      [32m+[0m[0m ipv6_cidr_block_association_id                 = (known after apply)[0m
[0;90m08:59:30.549[0m [0;37mSTDOUT[0m [0;36mterraform: [0m      [32m+[0m[0m ipv6_native                                    = false[0m
[0;90m08:59:30.549[0m [0;37mSTDOUT[0m [0;36mterraform: [0m      [32m+[0m[0m map_public_ip_on_launch                        = false[0m
[0;90m08:59:30.549[0m [0;37mSTDOUT[0m [0;36mterraform: [0m      [32m+[0m[0m owner_id                                       = (known after apply)[0m
[0;90m08:59:30.549[0m [0;37mSTDOUT[0m [0;36mterraform: [0m      [32m+[0m[0m private_dns_hostname_type_on_launch            = (known after apply)[0m
[0;90m08:59:30.549[0m [0;37mSTDOUT[0m [0;36mterraform: [0m      [32m+[0m[0m tags                                           = {[0m
[0;90m08:59:30.549[0m [0;37mSTDOUT[0m [0;36mterraform: [0m          [32m+[0m[0m "Environment" = "development"[0m
[0;90m08:59:30.549[0m [0;37mSTDOUT[0m [0;36mterraform: [0m          [32m+[0m[0m "Name"        = "example-private-subnet"[0m
[0;90m08:59:30.549[0m [0;37mSTDOUT[0m [0;36mterraform: [0m          [32m+[0m[0m "Type"        = "private"[0m
[0;90m08:59:30.549[0m [0;37mSTDOUT[0m [0;36mterraform: [0m        }
[0;90m08:59:30.549[0m [0;37mSTDOUT[0m [0;36mterraform: [0m      [32m+[0m[0m tags_all                                       = {[0m
[0;90m08:59:30.549[0m [0;37mSTDOUT[0m [0;36mterraform: [0m          [32m+[0m[0m "Environment" = "development"[0m
[0;90m08:59:30.549[0m [0;37mSTDOUT[0m [0;36mterraform: [0m          [32m+[0m[0m "ManagedBy"   = "terraform"[0m
[0;90m08:59:30.549[0m [0;37mSTDOUT[0m [0;36mterraform: [0m          [32m+[0m[0m "Name"        = "example-private-subnet"[0m
[0;90m08:59:30.549[0m [0;37mSTDOUT[0m [0;36mterraform: [0m          [32m+[0m[0m "Project"     = "terraform-simulator"[0m
[0;90m08:59:30.549[0m [0;37mSTDOUT[0m [0;36mterraform: [0m          [32m+[0m[0m "Type"        = "private"[0m
[0;90m08:59:30.549[0m [0;37mSTDOUT[0m [0;36mterraform: [0m        }
[0;90m08:59:30.549[0m [0;37mSTDOUT[0m [0;36mterraform: [0m      [32m+[0m[0m vpc_id                                         = (known after apply)[0m
[0;90m08:59:30.549[0m [0;37mSTDOUT[0m [0;36mterraform: [0m    }
[0;90m08:59:30.549[0m [0;37mSTDOUT[0m [0;36mterraform: [0m[1m  # module.vpc.aws_subnet.public[0m will be created[0m
[0;90m08:59:30.549[0m [0;37mSTDOUT[0m [0;36mterraform: [0m[0m  [32m+[0m[0m resource "aws_subnet" "public" {[0m
[0;90m08:59:30.549[0m [0;37mSTDOUT[0m [0;36mterraform: [0m      [32m+[0m[0m arn                                            = (known after apply)[0m
[0;90m08:59:30.550[0m [0;37mSTDOUT[0m [0;36mterraform: [0m      [32m+[0m[0m assign_ipv6_address_on_creation                = false[0m
[0;90m08:59:30.550[0m [0;37mSTDOUT[0m [0;36mterraform: [0m      [32m+[0m[0m availability_zone                              = "us-east-1a"[0m
[0;90m08:59:30.550[0m [0;37mSTDOUT[0m [0;36mterraform: [0m      [32m+[0m[0m availability_zone_id                           = (known after apply)[0m
[0;90m08:59:30.550[0m [0;37mSTDOUT[0m [0;36mterraform: [0m      [32m+[0m[0m cidr_block                                     = "10.0.1.0/24"[0m
[0;90m08:59:30.550[0m [0;37mSTDOUT[0m [0;36mterraform: [0m      [32m+[0m[0m enable_dns64                                   = false[0m
[0;90m08:59:30.550[0m [0;37mSTDOUT[0m [0;36mterraform: [0m      [32m+[0m[0m enable_resource_name_dns_a_record_on_launch    = false[0m
[0;90m08:59:30.550[0m [0;37mSTDOUT[0m [0;36mterraform: [0m      [32m+[0m[0m enable_resource_name_dns_aaaa_record_on_launch = false[0m
[0;90m08:59:30.550[0m [0;37mSTDOUT[0m [0;36mterraform: [0m      [32m+[0m[0m id                                             = (known after apply)[0m
[0;90m08:59:30.550[0m [0;37mSTDOUT[0m [0;36mterraform: [0m      [32m+[0m[0m ipv6_cidr_block_association_id                 = (known after apply)[0m
[0;90m08:59:30.550[0m [0;37mSTDOUT[0m [0;36mterraform: [0m      [32m+[0m[0m ipv6_native                                    = false[0m
[0;90m08:59:30.550[0m [0;37mSTDOUT[0m [0;36mterraform: [0m      [32m+[0m[0m map_public_ip_on_launch                        = true[0m
[0;90m08:59:30.550[0m [0;37mSTDOUT[0m [0;36mterraform: [0m      [32m+[0m[0m owner_id                                       = (known after apply)[0m
[0;90m08:59:30.550[0m [0;37mSTDOUT[0m [0;36mterraform: [0m      [32m+[0m[0m private_dns_hostname_type_on_launch            = (known after apply)[0m
[0;90m08:59:30.550[0m [0;37mSTDOUT[0m [0;36mterraform: [0m      [32m+[0m[0m tags                                           = {[0m
[0;90m08:59:30.550[0m [0;37mSTDOUT[0m [0;36mterraform: [0m          [32m+[0m[0m "Environment" = "development"[0m
[0;90m08:59:30.550[0m [0;37mSTDOUT[0m [0;36mterraform: [0m          [32m+[0m[0m "Name"        = "example-public-subnet"[0m
[0;90m08:59:30.550[0m [0;37mSTDOUT[0m [0;36mterraform: [0m          [32m+[0m[0m "Type"        = "public"[0m
[0;90m08:59:30.550[0m [0;37mSTDOUT[0m [0;36mterraform: [0m        }
[0;90m08:59:30.550[0m [0;37mSTDOUT[0m [0;36mterraform: [0m      [32m+[0m[0m tags_all                                       = {[0m
[0;90m08:59:30.550[0m [0;37mSTDOUT[0m [0;36mterraform: [0m          [32m+[0m[0m "Environment" = "development"[0m
[0;90m08:59:30.550[0m [0;37mSTDOUT[0m [0;36mterraform: [0m          [32m+[0m[0m "ManagedBy"   = "terraform"[0m
[0;90m08:59:30.550[0m [0;37mSTDOUT[0m [0;36mterraform: [0m          [32m+[0m[0m "Name"        = "example-public-subnet"[0m
[0;90m08:59:30.550[0m [0;37mSTDOUT[0m [0;36mterraform: [0m          [32m+[0m[0m "Project"     = "terraform-simulator"[0m
[0;90m08:59:30.550[0m [0;37mSTDOUT[0m [0;36mterraform: [0m          [32m+[0m[0m "Type"        = "public"[0m
[0;90m08:59:30.550[0m [0;37mSTDOUT[0m [0;36mterraform: [0m        }
[0;90m08:59:30.550[0m [0;37mSTDOUT[0m [0;36mterraform: [0m      [32m+[0m[0m vpc_id                                         = (known after apply)[0m
[0;90m08:59:30.550[0m [0;37mSTDOUT[0m [0;36mterraform: [0m    }
[0;90m08:59:30.550[0m [0;37mSTDOUT[0m [0;36mterraform: [0m[1m  # module.vpc.aws_vpc.example[0m will be created[0m
[0;90m08:59:30.550[0m [0;37mSTDOUT[0m [0;36mterraform: [0m[0m  [32m+[0m[0m resource "aws_vpc" "example" {[0m
[0;90m08:59:30.550[0m [0;37mSTDOUT[0m [0;36mterraform: [0m      [32m+[0m[0m arn                                  = (known after apply)[0m
[0;90m08:59:30.550[0m [0;37mSTDOUT[0m [0;36mterraform: [0m      [32m+[0m[0m cidr_block                           = "10.0.0.0/16"[0m
[0;90m08:59:30.550[0m [0;37mSTDOUT[0m [0;36mterraform: [0m      [32m+[0m[0m default_network_acl_id               = (known after apply)[0m
[0;90m08:59:30.550[0m [0;37mSTDOUT[0m [0;36mterraform: [0m      [32m+[0m[0m default_route_table_id               = (known after apply)[0m
[0;90m08:59:30.550[0m [0;37mSTDOUT[0m [0;36mterraform: [0m      [32m+[0m[0m default_security_group_id            = (known after apply)[0m
[0;90m08:59:30.550[0m [0;37mSTDOUT[0m [0;36mterraform: [0m      [32m+[0m[0m dhcp_options_id                      = (known after apply)[0m
[0;90m08:59:30.550[0m [0;37mSTDOUT[0m [0;36mterraform: [0m      [32m+[0m[0m enable_dns_hostnames                 = true[0m
[0;90m08:59:30.550[0m [0;37mSTDOUT[0m [0;36mterraform: [0m      [32m+[0m[0m enable_dns_support                   = true[0m
[0;90m08:59:30.550[0m [0;37mSTDOUT[0m [0;36mterraform: [0m      [32m+[0m[0m enable_network_address_usage_metrics = (known after apply)[0m
[0;90m08:59:30.550[0m [0;37mSTDOUT[0m [0;36mterraform: [0m      [32m+[0m[0m id                                   = (known after apply)[0m
[0;90m08:59:30.550[0m [0;37mSTDOUT[0m [0;36mterraform: [0m      [32m+[0m[0m instance_tenancy                     = "default"[0m
[0;90m08:59:30.550[0m [0;37mSTDOUT[0m [0;36mterraform: [0m      [32m+[0m[0m ipv6_association_id                  = (known after apply)[0m
[0;90m08:59:30.550[0m [0;37mSTDOUT[0m [0;36mterraform: [0m      [32m+[0m[0m ipv6_cidr_block                      = (known after apply)[0m
[0;90m08:59:30.551[0m [0;37mSTDOUT[0m [0;36mterraform: [0m      [32m+[0m[0m ipv6_cidr_block_network_border_group = (known after apply)[0m
[0;90m08:59:30.551[0m [0;37mSTDOUT[0m [0;36mterraform: [0m      [32m+[0m[0m main_route_table_id                  = (known after apply)[0m
[0;90m08:59:30.551[0m [0;37mSTDOUT[0m [0;36mterraform: [0m      [32m+[0m[0m owner_id                             = (known after apply)[0m
[0;90m08:59:30.551[0m [0;37mSTDOUT[0m [0;36mterraform: [0m      [32m+[0m[0m tags                                 = {[0m
[0;90m08:59:30.551[0m [0;37mSTDOUT[0m [0;36mterraform: [0m          [32m+[0m[0m "Environment" = "development"[0m
[0;90m08:59:30.551[0m [0;37mSTDOUT[0m [0;36mterraform: [0m          [32m+[0m[0m "Name"        = "example-vpc"[0m
[0;90m08:59:30.551[0m [0;37mSTDOUT[0m [0;36mterraform: [0m        }
[0;90m08:59:30.551[0m [0;37mSTDOUT[0m [0;36mterraform: [0m      [32m+[0m[0m tags_all                             = {[0m
[0;90m08:59:30.551[0m [0;37mSTDOUT[0m [0;36mterraform: [0m          [32m+[0m[0m "Environment" = "development"[0m
[0;90m08:59:30.551[0m [0;37mSTDOUT[0m [0;36mterraform: [0m          [32m+[0m[0m "ManagedBy"   = "terraform"[0m
[0;90m08:59:30.551[0m [0;37mSTDOUT[0m [0;36mterraform: [0m          [32m+[0m[0m "Name"        = "example-vpc"[0m
[0;90m08:59:30.551[0m [0;37mSTDOUT[0m [0;36mterraform: [0m          [32m+[0m[0m "Project"     = "terraform-simulator"[0m
[0;90m08:59:30.551[0m [0;37mSTDOUT[0m [0;36mterraform: [0m        }
[0;90m08:59:30.551[0m [0;37mSTDOUT[0m [0;36mterraform: [0m    }
[0;90m08:59:30.551[0m [0;37mSTDOUT[0m [0;36mterraform: [0m[1mPlan:[0m 51 to add, 0 to change, 0 to destroy.[0m
[0;90m08:59:30.551[0m [0;37mSTDOUT[0m [0;36mterraform: [0m[0m[90m[0m
[0;90m08:59:30.551[0m [0;37mSTDOUT[0m [0;36mterraform: [0m─────────────────────────────────────────────────────────────────────────────[0m[0m
[0;90m08:59:30.551[0m [0;37mSTDOUT[0m [0;36mterraform: [0mSaved the plan to: out.tfplan
[0;90m08:59:30.551[0m [0;37mSTDOUT[0m [0;36mterraform: [0mTo perform exactly these actions, run the following command to apply:
[0;90m08:59:30.551[0m [0;37mSTDOUT[0m [0;36mterraform: [0m    terraform apply "out.tfplan"
