cd envs/simulator/gcp/dev && AWS_EC2_METADATA_DISABLED=true  terragrunt run-all plan -out out.tfplan
[0;90m08:59:42.498[0m [0;33mWARN  [0m The `run-all plan` command is deprecated and will be removed in a future version of Terragrunt. Use `terragrunt plan --all` instead.
[0;90m08:59:42.514[0m [0;32mINFO  [0m The stack at . will be processed in the following order for command plan:
Group 1
- Module .


[0;90m08:59:42.573[0m [0;32mINFO  [0m Downloading Terraform configurations from ../../../../simulator/gcp into ./.terragrunt-cache/VoSMzARpsQZrsw6SqvnmBZdo1xc/NbB8Y7ckchZhpXZ9hQCQzDZiCnw
[0;90m08:59:44.025[0m [0;37mSTDOUT[0m [0;36mterraform: [0mTerraform used the selected providers to generate the following execution
[0;90m08:59:44.025[0m [0;37mSTDOUT[0m [0;36mterraform: [0mplan. Resource actions are indicated with the following symbols:
[0;90m08:59:44.025[0m [0;37mSTDOUT[0m [0;36mterraform: [0m  [32m+[0m create[0m[0m
[0;90m08:59:44.026[0m [0;37mSTDOUT[0m [0;36mterraform: [0mTerraform will perform the following actions:
[0;90m08:59:44.026[0m [0;37mSTDOUT[0m [0;36mterraform: [0m[1m  # module.artifact_registry.google_artifact_registry_repository.docker_repo[0m will be created[0m
[0;90m08:59:44.026[0m [0;37mSTDOUT[0m [0;36mterraform: [0m[0m  [32m+[0m[0m resource "google_artifact_registry_repository" "docker_repo" {[0m
[0;90m08:59:44.026[0m [0;37mSTDOUT[0m [0;36mterraform: [0m      [32m+[0m[0m create_time   = (known after apply)[0m
[0;90m08:59:44.026[0m [0;37mSTDOUT[0m [0;36mterraform: [0m      [32m+[0m[0m description   = "Simulated Docker repository"[0m
[0;90m08:59:44.026[0m [0;37mSTDOUT[0m [0;36mterraform: [0m      [32m+[0m[0m format        = "DOCKER"[0m
[0;90m08:59:44.026[0m [0;37mSTDOUT[0m [0;36mterraform: [0m      [32m+[0m[0m id            = (known after apply)[0m
[0;90m08:59:44.026[0m [0;37mSTDOUT[0m [0;36mterraform: [0m      [32m+[0m[0m location      = "europe-west1"[0m
[0;90m08:59:44.026[0m [0;37mSTDOUT[0m [0;36mterraform: [0m      [32m+[0m[0m mode          = "STANDARD_REPOSITORY"[0m
[0;90m08:59:44.026[0m [0;37mSTDOUT[0m [0;36mterraform: [0m      [32m+[0m[0m name          = (known after apply)[0m
[0;90m08:59:44.026[0m [0;37mSTDOUT[0m [0;36mterraform: [0m      [32m+[0m[0m project       = "your-gcp-project-id"[0m
[0;90m08:59:44.026[0m [0;37mSTDOUT[0m [0;36mterraform: [0m      [32m+[0m[0m repository_id = "sim-docker-repo"[0m
[0;90m08:59:44.026[0m [0;37mSTDOUT[0m [0;36mterraform: [0m      [32m+[0m[0m update_time   = (known after apply)[0m
[0;90m08:59:44.026[0m [0;37mSTDOUT[0m [0;36mterraform: [0m    }
[0;90m08:59:44.026[0m [0;37mSTDOUT[0m [0;36mterraform: [0m[1m  # module.bigquery.google_bigquery_dataset.example[0m will be created[0m
[0;90m08:59:44.026[0m [0;37mSTDOUT[0m [0;36mterraform: [0m[0m  [32m+[0m[0m resource "google_bigquery_dataset" "example" {[0m
[0;90m08:59:44.026[0m [0;37mSTDOUT[0m [0;36mterraform: [0m      [32m+[0m[0m creation_time              = (known after apply)[0m
[0;90m08:59:44.026[0m [0;37mSTDOUT[0m [0;36mterraform: [0m      [32m+[0m[0m dataset_id                 = "sim_dataset"[0m
[0;90m08:59:44.026[0m [0;37mSTDOUT[0m [0;36mterraform: [0m      [32m+[0m[0m default_collation          = (known after apply)[0m
[0;90m08:59:44.026[0m [0;37mSTDOUT[0m [0;36mterraform: [0m      [32m+[0m[0m delete_contents_on_destroy = true[0m
[0;90m08:59:44.026[0m [0;37mSTDOUT[0m [0;36mterraform: [0m      [32m+[0m[0m etag                       = (known after apply)[0m
[0;90m08:59:44.026[0m [0;37mSTDOUT[0m [0;36mterraform: [0m      [32m+[0m[0m id                         = (known after apply)[0m
[0;90m08:59:44.026[0m [0;37mSTDOUT[0m [0;36mterraform: [0m      [32m+[0m[0m is_case_insensitive        = (known after apply)[0m
[0;90m08:59:44.026[0m [0;37mSTDOUT[0m [0;36mterraform: [0m      [32m+[0m[0m labels                     = (known after apply)[0m
[0;90m08:59:44.026[0m [0;37mSTDOUT[0m [0;36mterraform: [0m      [32m+[0m[0m last_modified_time         = (known after apply)[0m
[0;90m08:59:44.026[0m [0;37mSTDOUT[0m [0;36mterraform: [0m      [32m+[0m[0m location                   = "europe-west1"[0m
[0;90m08:59:44.026[0m [0;37mSTDOUT[0m [0;36mterraform: [0m      [32m+[0m[0m max_time_travel_hours      = (known after apply)[0m
[0;90m08:59:44.026[0m [0;37mSTDOUT[0m [0;36mterraform: [0m      [32m+[0m[0m project                    = "your-gcp-project-id"[0m
[0;90m08:59:44.026[0m [0;37mSTDOUT[0m [0;36mterraform: [0m      [32m+[0m[0m self_link                  = (known after apply)[0m
[0;90m08:59:44.026[0m [0;37mSTDOUT[0m [0;36mterraform: [0m      [32m+[0m[0m storage_billing_model      = (known after apply)[0m
[0;90m08:59:44.026[0m [0;37mSTDOUT[0m [0;36mterraform: [0m      [32m+[0m[0m access (known after apply)[0m
[0;90m08:59:44.026[0m [0;37mSTDOUT[0m [0;36mterraform: [0m    }
[0;90m08:59:44.026[0m [0;37mSTDOUT[0m [0;36mterraform: [0m[1m  # module.bigquery.google_bigquery_table.example[0m will be created[0m
[0;90m08:59:44.026[0m [0;37mSTDOUT[0m [0;36mterraform: [0m[0m  [32m+[0m[0m resource "google_bigquery_table" "example" {[0m
[0;90m08:59:44.026[0m [0;37mSTDOUT[0m [0;36mterraform: [0m      [32m+[0m[0m creation_time       = (known after apply)[0m
[0;90m08:59:44.026[0m [0;37mSTDOUT[0m [0;36mterraform: [0m      [32m+[0m[0m dataset_id          = "sim_dataset"[0m
[0;90m08:59:44.027[0m [0;37mSTDOUT[0m [0;36mterraform: [0m      [32m+[0m[0m deletion_protection = true[0m
[0;90m08:59:44.027[0m [0;37mSTDOUT[0m [0;36mterraform: [0m      [32m+[0m[0m etag                = (known after apply)[0m
[0;90m08:59:44.027[0m [0;37mSTDOUT[0m [0;36mterraform: [0m      [32m+[0m[0m expiration_time     = (known after apply)[0m
[0;90m08:59:44.027[0m [0;37mSTDOUT[0m [0;36mterraform: [0m      [32m+[0m[0m id                  = (known after apply)[0m
[0;90m08:59:44.027[0m [0;37mSTDOUT[0m [0;36mterraform: [0m      [32m+[0m[0m last_modified_time  = (known after apply)[0m
[0;90m08:59:44.027[0m [0;37mSTDOUT[0m [0;36mterraform: [0m      [32m+[0m[0m location            = (known after apply)[0m
[0;90m08:59:44.027[0m [0;37mSTDOUT[0m [0;36mterraform: [0m      [32m+[0m[0m num_bytes           = (known after apply)[0m
[0;90m08:59:44.027[0m [0;37mSTDOUT[0m [0;36mterraform: [0m      [32m+[0m[0m num_long_term_bytes = (known after apply)[0m
[0;90m08:59:44.027[0m [0;37mSTDOUT[0m [0;36mterraform: [0m      [32m+[0m[0m num_rows            = (known after apply)[0m
[0;90m08:59:44.027[0m [0;37mSTDOUT[0m [0;36mterraform: [0m      [32m+[0m[0m project             = "your-gcp-project-id"[0m
[0;90m08:59:44.027[0m [0;37mSTDOUT[0m [0;36mterraform: [0m      [32m+[0m[0m schema              = jsonencode([0m
[0;90m08:59:44.027[0m [0;37mSTDOUT[0m [0;36mterraform: [0m            [
[0;90m08:59:44.027[0m [0;37mSTDOUT[0m [0;36mterraform: [0m              [32m+[0m[0m {[0m
[0;90m08:59:44.027[0m [0;37mSTDOUT[0m [0;36mterraform: [0m                  [32m+[0m[0m mode = "REQUIRED"[0m
[0;90m08:59:44.027[0m [0;37mSTDOUT[0m [0;36mterraform: [0m                  [32m+[0m[0m name = "name"[0m
[0;90m08:59:44.027[0m [0;37mSTDOUT[0m [0;36mterraform: [0m                  [32m+[0m[0m type = "STRING"[0m
[0;90m08:59:44.027[0m [0;37mSTDOUT[0m [0;36mterraform: [0m                },
[0;90m08:59:44.027[0m [0;37mSTDOUT[0m [0;36mterraform: [0m              [32m+[0m[0m {[0m
[0;90m08:59:44.027[0m [0;37mSTDOUT[0m [0;36mterraform: [0m                  [32m+[0m[0m mode = "NULLABLE"[0m
[0;90m08:59:44.027[0m [0;37mSTDOUT[0m [0;36mterraform: [0m                  [32m+[0m[0m name = "age"[0m
[0;90m08:59:44.027[0m [0;37mSTDOUT[0m [0;36mterraform: [0m                  [32m+[0m[0m type = "INTEGER"[0m
[0;90m08:59:44.027[0m [0;37mSTDOUT[0m [0;36mterraform: [0m                },
[0;90m08:59:44.027[0m [0;37mSTDOUT[0m [0;36mterraform: [0m            ]
[0;90m08:59:44.027[0m [0;37mSTDOUT[0m [0;36mterraform: [0m        )
[0;90m08:59:44.027[0m [0;37mSTDOUT[0m [0;36mterraform: [0m      [32m+[0m[0m self_link           = (known after apply)[0m
[0;90m08:59:44.027[0m [0;37mSTDOUT[0m [0;36mterraform: [0m      [32m+[0m[0m table_id            = "sim_table"[0m
[0;90m08:59:44.027[0m [0;37mSTDOUT[0m [0;36mterraform: [0m      [32m+[0m[0m type                = (known after apply)[0m
[0;90m08:59:44.027[0m [0;37mSTDOUT[0m [0;36mterraform: [0m    }
[0;90m08:59:44.027[0m [0;37mSTDOUT[0m [0;36mterraform: [0m[1m  # module.cloud_functions.google_cloudfunctions_function.example[0m will be created[0m
[0;90m08:59:44.027[0m [0;37mSTDOUT[0m [0;36mterraform: [0m[0m  [32m+[0m[0m resource "google_cloudfunctions_function" "example" {[0m
[0;90m08:59:44.027[0m [0;37mSTDOUT[0m [0;36mterraform: [0m      [32m+[0m[0m available_memory_mb           = 128[0m
[0;90m08:59:44.027[0m [0;37mSTDOUT[0m [0;36mterraform: [0m      [32m+[0m[0m description                   = "Example Cloud Function"[0m
[0;90m08:59:44.027[0m [0;37mSTDOUT[0m [0;36mterraform: [0m      [32m+[0m[0m docker_registry               = (known after apply)[0m
[0;90m08:59:44.027[0m [0;37mSTDOUT[0m [0;36mterraform: [0m      [32m+[0m[0m entry_point                   = "helloWorld"[0m
[0;90m08:59:44.027[0m [0;37mSTDOUT[0m [0;36mterraform: [0m      [32m+[0m[0m https_trigger_security_level  = (known after apply)[0m
[0;90m08:59:44.027[0m [0;37mSTDOUT[0m [0;36mterraform: [0m      [32m+[0m[0m https_trigger_url             = (known after apply)[0m
[0;90m08:59:44.027[0m [0;37mSTDOUT[0m [0;36mterraform: [0m      [32m+[0m[0m id                            = (known after apply)[0m
[0;90m08:59:44.027[0m [0;37mSTDOUT[0m [0;36mterraform: [0m      [32m+[0m[0m ingress_settings              = "ALLOW_ALL"[0m
[0;90m08:59:44.027[0m [0;37mSTDOUT[0m [0;36mterraform: [0m      [32m+[0m[0m max_instances                 = (known after apply)[0m
[0;90m08:59:44.027[0m [0;37mSTDOUT[0m [0;36mterraform: [0m      [32m+[0m[0m name                          = "sim-cloud-function"[0m
[0;90m08:59:44.027[0m [0;37mSTDOUT[0m [0;36mterraform: [0m      [32m+[0m[0m project                       = "your-gcp-project-id"[0m
[0;90m08:59:44.027[0m [0;37mSTDOUT[0m [0;36mterraform: [0m      [32m+[0m[0m region                        = "europe-west1"[0m
[0;90m08:59:44.027[0m [0;37mSTDOUT[0m [0;36mterraform: [0m      [32m+[0m[0m runtime                       = "nodejs18"[0m
[0;90m08:59:44.027[0m [0;37mSTDOUT[0m [0;36mterraform: [0m      [32m+[0m[0m service_account_email         = (known after apply)[0m
[0;90m08:59:44.027[0m [0;37mSTDOUT[0m [0;36mterraform: [0m      [32m+[0m[0m source_archive_bucket         = "sim-cloud-function-bucket"[0m
[0;90m08:59:44.027[0m [0;37mSTDOUT[0m [0;36mterraform: [0m      [32m+[0m[0m source_archive_object         = "source.zip"[0m
[0;90m08:59:44.027[0m [0;37mSTDOUT[0m [0;36mterraform: [0m      [32m+[0m[0m status                        = (known after apply)[0m
[0;90m08:59:44.027[0m [0;37mSTDOUT[0m [0;36mterraform: [0m      [32m+[0m[0m timeout                       = 60[0m
[0;90m08:59:44.027[0m [0;37mSTDOUT[0m [0;36mterraform: [0m      [32m+[0m[0m trigger_http                  = true[0m
[0;90m08:59:44.027[0m [0;37mSTDOUT[0m [0;36mterraform: [0m      [32m+[0m[0m vpc_connector_egress_settings = (known after apply)[0m
[0;90m08:59:44.028[0m [0;37mSTDOUT[0m [0;36mterraform: [0m      [32m+[0m[0m event_trigger (known after apply)[0m
[0;90m08:59:44.028[0m [0;37mSTDOUT[0m [0;36mterraform: [0m    }
[0;90m08:59:44.028[0m [0;37mSTDOUT[0m [0;36mterraform: [0m[1m  # module.cloud_functions.google_storage_bucket.example[0m will be created[0m
[0;90m08:59:44.028[0m [0;37mSTDOUT[0m [0;36mterraform: [0m[0m  [32m+[0m[0m resource "google_storage_bucket" "example" {[0m
[0;90m08:59:44.028[0m [0;37mSTDOUT[0m [0;36mterraform: [0m      [32m+[0m[0m force_destroy               = true[0m
[0;90m08:59:44.028[0m [0;37mSTDOUT[0m [0;36mterraform: [0m      [32m+[0m[0m id                          = (known after apply)[0m
[0;90m08:59:44.028[0m [0;37mSTDOUT[0m [0;36mterraform: [0m      [32m+[0m[0m labels                      = (known after apply)[0m
[0;90m08:59:44.028[0m [0;37mSTDOUT[0m [0;36mterraform: [0m      [32m+[0m[0m location                    = "EUROPE-WEST1"[0m
[0;90m08:59:44.028[0m [0;37mSTDOUT[0m [0;36mterraform: [0m      [32m+[0m[0m name                        = "sim-cloud-function-bucket"[0m
[0;90m08:59:44.028[0m [0;37mSTDOUT[0m [0;36mterraform: [0m      [32m+[0m[0m project                     = (known after apply)[0m
[0;90m08:59:44.028[0m [0;37mSTDOUT[0m [0;36mterraform: [0m      [32m+[0m[0m public_access_prevention    = (known after apply)[0m
[0;90m08:59:44.028[0m [0;37mSTDOUT[0m [0;36mterraform: [0m      [32m+[0m[0m self_link                   = (known after apply)[0m
[0;90m08:59:44.028[0m [0;37mSTDOUT[0m [0;36mterraform: [0m      [32m+[0m[0m storage_class               = "STANDARD"[0m
[0;90m08:59:44.028[0m [0;37mSTDOUT[0m [0;36mterraform: [0m      [32m+[0m[0m uniform_bucket_level_access = (known after apply)[0m
[0;90m08:59:44.028[0m [0;37mSTDOUT[0m [0;36mterraform: [0m      [32m+[0m[0m url                         = (known after apply)[0m
[0;90m08:59:44.028[0m [0;37mSTDOUT[0m [0;36mterraform: [0m      [32m+[0m[0m soft_delete_policy (known after apply)[0m
[0;90m08:59:44.028[0m [0;37mSTDOUT[0m [0;36mterraform: [0m      [32m+[0m[0m versioning {[0m
[0;90m08:59:44.028[0m [0;37mSTDOUT[0m [0;36mterraform: [0m          [32m+[0m[0m enabled = true[0m
[0;90m08:59:44.028[0m [0;37mSTDOUT[0m [0;36mterraform: [0m        }
[0;90m08:59:44.028[0m [0;37mSTDOUT[0m [0;36mterraform: [0m      [32m+[0m[0m website (known after apply)[0m
[0;90m08:59:44.028[0m [0;37mSTDOUT[0m [0;36mterraform: [0m    }
[0;90m08:59:44.028[0m [0;37mSTDOUT[0m [0;36mterraform: [0m[1m  # module.cloud_functions.google_storage_bucket.source[0m will be created[0m
[0;90m08:59:44.028[0m [0;37mSTDOUT[0m [0;36mterraform: [0m[0m  [32m+[0m[0m resource "google_storage_bucket" "source" {[0m
[0;90m08:59:44.028[0m [0;37mSTDOUT[0m [0;36mterraform: [0m      [32m+[0m[0m force_destroy               = false[0m
[0;90m08:59:44.028[0m [0;37mSTDOUT[0m [0;36mterraform: [0m      [32m+[0m[0m id                          = (known after apply)[0m
[0;90m08:59:44.028[0m [0;37mSTDOUT[0m [0;36mterraform: [0m      [32m+[0m[0m labels                      = (known after apply)[0m
[0;90m08:59:44.028[0m [0;37mSTDOUT[0m [0;36mterraform: [0m      [32m+[0m[0m location                    = "EUROPE-WEST1"[0m
[0;90m08:59:44.028[0m [0;37mSTDOUT[0m [0;36mterraform: [0m      [32m+[0m[0m name                        = "cloud-functions-source-your-gcp-project-id"[0m
[0;90m08:59:44.028[0m [0;37mSTDOUT[0m [0;36mterraform: [0m      [32m+[0m[0m project                     = "your-gcp-project-id"[0m
[0;90m08:59:44.028[0m [0;37mSTDOUT[0m [0;36mterraform: [0m      [32m+[0m[0m public_access_prevention    = (known after apply)[0m
[0;90m08:59:44.028[0m [0;37mSTDOUT[0m [0;36mterraform: [0m      [32m+[0m[0m self_link                   = (known after apply)[0m
[0;90m08:59:44.028[0m [0;37mSTDOUT[0m [0;36mterraform: [0m      [32m+[0m[0m storage_class               = "STANDARD"[0m
[0;90m08:59:44.028[0m [0;37mSTDOUT[0m [0;36mterraform: [0m      [32m+[0m[0m uniform_bucket_level_access = (known after apply)[0m
[0;90m08:59:44.028[0m [0;37mSTDOUT[0m [0;36mterraform: [0m      [32m+[0m[0m url                         = (known after apply)[0m
[0;90m08:59:44.028[0m [0;37mSTDOUT[0m [0;36mterraform: [0m      [32m+[0m[0m soft_delete_policy (known after apply)[0m
[0;90m08:59:44.028[0m [0;37mSTDOUT[0m [0;36mterraform: [0m      [32m+[0m[0m versioning (known after apply)[0m
[0;90m08:59:44.028[0m [0;37mSTDOUT[0m [0;36mterraform: [0m      [32m+[0m[0m website (known after apply)[0m
[0;90m08:59:44.028[0m [0;37mSTDOUT[0m [0;36mterraform: [0m    }
[0;90m08:59:44.028[0m [0;37mSTDOUT[0m [0;36mterraform: [0m[1m  # module.cloud_functions.google_storage_bucket_object.source_archive[0m will be created[0m
[0;90m08:59:44.028[0m [0;37mSTDOUT[0m [0;36mterraform: [0m[0m  [32m+[0m[0m resource "google_storage_bucket_object" "source_archive" {[0m
[0;90m08:59:44.028[0m [0;37mSTDOUT[0m [0;36mterraform: [0m      [32m+[0m[0m bucket         = "cloud-functions-source-your-gcp-project-id"[0m
[0;90m08:59:44.028[0m [0;37mSTDOUT[0m [0;36mterraform: [0m      [32m+[0m[0m content        = (sensitive value)[0m
[0;90m08:59:44.028[0m [0;37mSTDOUT[0m [0;36mterraform: [0m      [32m+[0m[0m content_type   = (known after apply)[0m
[0;90m08:59:44.028[0m [0;37mSTDOUT[0m [0;36mterraform: [0m      [32m+[0m[0m crc32c         = (known after apply)[0m
[0;90m08:59:44.028[0m [0;37mSTDOUT[0m [0;36mterraform: [0m      [32m+[0m[0m detect_md5hash = "different hash"[0m
[0;90m08:59:44.029[0m [0;37mSTDOUT[0m [0;36mterraform: [0m      [32m+[0m[0m id             = (known after apply)[0m
[0;90m08:59:44.029[0m [0;37mSTDOUT[0m [0;36mterraform: [0m      [32m+[0m[0m kms_key_name   = (known after apply)[0m
[0;90m08:59:44.029[0m [0;37mSTDOUT[0m [0;36mterraform: [0m      [32m+[0m[0m md5hash        = (known after apply)[0m
[0;90m08:59:44.029[0m [0;37mSTDOUT[0m [0;36mterraform: [0m      [32m+[0m[0m media_link     = (known after apply)[0m
[0;90m08:59:44.029[0m [0;37mSTDOUT[0m [0;36mterraform: [0m      [32m+[0m[0m name           = "source.zip"[0m
[0;90m08:59:44.029[0m [0;37mSTDOUT[0m [0;36mterraform: [0m      [32m+[0m[0m output_name    = (known after apply)[0m
[0;90m08:59:44.029[0m [0;37mSTDOUT[0m [0;36mterraform: [0m      [32m+[0m[0m self_link      = (known after apply)[0m
[0;90m08:59:44.029[0m [0;37mSTDOUT[0m [0;36mterraform: [0m      [32m+[0m[0m source         = "../function-source/source.zip"[0m
[0;90m08:59:44.029[0m [0;37mSTDOUT[0m [0;36mterraform: [0m      [32m+[0m[0m storage_class  = (known after apply)[0m
[0;90m08:59:44.029[0m [0;37mSTDOUT[0m [0;36mterraform: [0m    }
[0;90m08:59:44.029[0m [0;37mSTDOUT[0m [0;36mterraform: [0m[1m  # module.cloud_run.google_cloud_run_service.example[0m will be created[0m
[0;90m08:59:44.029[0m [0;37mSTDOUT[0m [0;36mterraform: [0m[0m  [32m+[0m[0m resource "google_cloud_run_service" "example" {[0m
[0;90m08:59:44.029[0m [0;37mSTDOUT[0m [0;36mterraform: [0m      [32m+[0m[0m autogenerate_revision_name = false[0m
[0;90m08:59:44.029[0m [0;37mSTDOUT[0m [0;36mterraform: [0m      [32m+[0m[0m id                         = (known after apply)[0m
[0;90m08:59:44.029[0m [0;37mSTDOUT[0m [0;36mterraform: [0m      [32m+[0m[0m location                   = "europe-west1"[0m
[0;90m08:59:44.029[0m [0;37mSTDOUT[0m [0;36mterraform: [0m      [32m+[0m[0m name                       = "sim-cloud-run"[0m
[0;90m08:59:44.029[0m [0;37mSTDOUT[0m [0;36mterraform: [0m      [32m+[0m[0m project                    = "your-gcp-project-id"[0m
[0;90m08:59:44.029[0m [0;37mSTDOUT[0m [0;36mterraform: [0m      [32m+[0m[0m status                     = (known after apply)[0m
[0;90m08:59:44.029[0m [0;37mSTDOUT[0m [0;36mterraform: [0m      [32m+[0m[0m metadata (known after apply)[0m
[0;90m08:59:44.029[0m [0;37mSTDOUT[0m [0;36mterraform: [0m      [32m+[0m[0m template {[0m
[0;90m08:59:44.029[0m [0;37mSTDOUT[0m [0;36mterraform: [0m          [32m+[0m[0m metadata (known after apply)[0m
[0;90m08:59:44.029[0m [0;37mSTDOUT[0m [0;36mterraform: [0m          [32m+[0m[0m spec {[0m
[0;90m08:59:44.029[0m [0;37mSTDOUT[0m [0;36mterraform: [0m              [32m+[0m[0m container_concurrency = (known after apply)[0m
[0;90m08:59:44.029[0m [0;37mSTDOUT[0m [0;36mterraform: [0m              [32m+[0m[0m service_account_name  = (known after apply)[0m
[0;90m08:59:44.029[0m [0;37mSTDOUT[0m [0;36mterraform: [0m              [32m+[0m[0m serving_state         = (known after apply)[0m
[0;90m08:59:44.029[0m [0;37mSTDOUT[0m [0;36mterraform: [0m              [32m+[0m[0m timeout_seconds       = (known after apply)[0m
[0;90m08:59:44.029[0m [0;37mSTDOUT[0m [0;36mterraform: [0m              [32m+[0m[0m containers {[0m
[0;90m08:59:44.029[0m [0;37mSTDOUT[0m [0;36mterraform: [0m                  [32m+[0m[0m image = "gcr.io/cloudrun/hello"[0m
[0;90m08:59:44.029[0m [0;37mSTDOUT[0m [0;36mterraform: [0m                  [32m+[0m[0m name  = (known after apply)[0m
[0;90m08:59:44.029[0m [0;37mSTDOUT[0m [0;36mterraform: [0m                  [32m+[0m[0m ports (known after apply)[0m
[0;90m08:59:44.029[0m [0;37mSTDOUT[0m [0;36mterraform: [0m                  [32m+[0m[0m resources (known after apply)[0m
[0;90m08:59:44.029[0m [0;37mSTDOUT[0m [0;36mterraform: [0m                  [32m+[0m[0m startup_probe (known after apply)[0m
[0;90m08:59:44.029[0m [0;37mSTDOUT[0m [0;36mterraform: [0m                }
[0;90m08:59:44.029[0m [0;37mSTDOUT[0m [0;36mterraform: [0m            }
[0;90m08:59:44.029[0m [0;37mSTDOUT[0m [0;36mterraform: [0m        }
[0;90m08:59:44.029[0m [0;37mSTDOUT[0m [0;36mterraform: [0m      [32m+[0m[0m traffic {[0m
[0;90m08:59:44.029[0m [0;37mSTDOUT[0m [0;36mterraform: [0m          [32m+[0m[0m latest_revision = true[0m
[0;90m08:59:44.029[0m [0;37mSTDOUT[0m [0;36mterraform: [0m          [32m+[0m[0m percent         = 100[0m
[0;90m08:59:44.029[0m [0;37mSTDOUT[0m [0;36mterraform: [0m          [32m+[0m[0m url             = (known after apply)[0m
[0;90m08:59:44.029[0m [0;37mSTDOUT[0m [0;36mterraform: [0m        }
[0;90m08:59:44.029[0m [0;37mSTDOUT[0m [0;36mterraform: [0m    }
[0;90m08:59:44.029[0m [0;37mSTDOUT[0m [0;36mterraform: [0m[1m  # module.cloud_run.google_cloud_run_service_iam_member.invoker[0m will be created[0m
[0;90m08:59:44.029[0m [0;37mSTDOUT[0m [0;36mterraform: [0m[0m  [32m+[0m[0m resource "google_cloud_run_service_iam_member" "invoker" {[0m
[0;90m08:59:44.029[0m [0;37mSTDOUT[0m [0;36mterraform: [0m      [32m+[0m[0m etag     = (known after apply)[0m
[0;90m08:59:44.029[0m [0;37mSTDOUT[0m [0;36mterraform: [0m      [32m+[0m[0m id       = (known after apply)[0m
[0;90m08:59:44.029[0m [0;37mSTDOUT[0m [0;36mterraform: [0m      [32m+[0m[0m location = "europe-west1"[0m
[0;90m08:59:44.029[0m [0;37mSTDOUT[0m [0;36mterraform: [0m      [32m+[0m[0m member   = "allUsers"[0m
[0;90m08:59:44.029[0m [0;37mSTDOUT[0m [0;36mterraform: [0m      [32m+[0m[0m project  = "your-gcp-project-id"[0m
[0;90m08:59:44.029[0m [0;37mSTDOUT[0m [0;36mterraform: [0m      [32m+[0m[0m role     = "roles/run.invoker"[0m
[0;90m08:59:44.029[0m [0;37mSTDOUT[0m [0;36mterraform: [0m      [32m+[0m[0m service  = "sim-cloud-run"[0m
[0;90m08:59:44.029[0m [0;37mSTDOUT[0m [0;36mterraform: [0m    }
[0;90m08:59:44.029[0m [0;37mSTDOUT[0m [0;36mterraform: [0m[1m  # module.cloud_sql.google_sql_database.default[0m will be created[0m
[0;90m08:59:44.029[0m [0;37mSTDOUT[0m [0;36mterraform: [0m[0m  [32m+[0m[0m resource "google_sql_database" "default" {[0m
[0;90m08:59:44.029[0m [0;37mSTDOUT[0m [0;36mterraform: [0m      [32m+[0m[0m charset         = (known after apply)[0m
[0;90m08:59:44.029[0m [0;37mSTDOUT[0m [0;36mterraform: [0m      [32m+[0m[0m collation       = (known after apply)[0m
[0;90m08:59:44.029[0m [0;37mSTDOUT[0m [0;36mterraform: [0m      [32m+[0m[0m deletion_policy = "DELETE"[0m
[0;90m08:59:44.029[0m [0;37mSTDOUT[0m [0;36mterraform: [0m      [32m+[0m[0m id              = (known after apply)[0m
[0;90m08:59:44.029[0m [0;37mSTDOUT[0m [0;36mterraform: [0m      [32m+[0m[0m instance        = "sim-sql-instance"[0m
[0;90m08:59:44.030[0m [0;37mSTDOUT[0m [0;36mterraform: [0m      [32m+[0m[0m name            = "sim_db"[0m
[0;90m08:59:44.030[0m [0;37mSTDOUT[0m [0;36mterraform: [0m      [32m+[0m[0m project         = "your-gcp-project-id"[0m
[0;90m08:59:44.030[0m [0;37mSTDOUT[0m [0;36mterraform: [0m      [32m+[0m[0m self_link       = (known after apply)[0m
[0;90m08:59:44.030[0m [0;37mSTDOUT[0m [0;36mterraform: [0m    }
[0;90m08:59:44.030[0m [0;37mSTDOUT[0m [0;36mterraform: [0m[1m  # module.cloud_sql.google_sql_database_instance.example[0m will be created[0m
[0;90m08:59:44.030[0m [0;37mSTDOUT[0m [0;36mterraform: [0m[0m  [32m+[0m[0m resource "google_sql_database_instance" "example" {[0m
[0;90m08:59:44.030[0m [0;37mSTDOUT[0m [0;36mterraform: [0m      [32m+[0m[0m available_maintenance_versions = (known after apply)[0m
[0;90m08:59:44.030[0m [0;37mSTDOUT[0m [0;36mterraform: [0m      [32m+[0m[0m connection_name                = (known after apply)[0m
[0;90m08:59:44.030[0m [0;37mSTDOUT[0m [0;36mterraform: [0m      [32m+[0m[0m database_version               = "POSTGRES_14"[0m
[0;90m08:59:44.030[0m [0;37mSTDOUT[0m [0;36mterraform: [0m      [32m+[0m[0m deletion_protection            = true[0m
[0;90m08:59:44.030[0m [0;37mSTDOUT[0m [0;36mterraform: [0m      [32m+[0m[0m dns_name                       = (known after apply)[0m
[0;90m08:59:44.030[0m [0;37mSTDOUT[0m [0;36mterraform: [0m      [32m+[0m[0m encryption_key_name            = (known after apply)[0m
[0;90m08:59:44.030[0m [0;37mSTDOUT[0m [0;36mterraform: [0m      [32m+[0m[0m first_ip_address               = (known after apply)[0m
[0;90m08:59:44.030[0m [0;37mSTDOUT[0m [0;36mterraform: [0m      [32m+[0m[0m id                             = (known after apply)[0m
[0;90m08:59:44.030[0m [0;37mSTDOUT[0m [0;36mterraform: [0m      [32m+[0m[0m instance_type                  = (known after apply)[0m
[0;90m08:59:44.030[0m [0;37mSTDOUT[0m [0;36mterraform: [0m      [32m+[0m[0m ip_address                     = (known after apply)[0m
[0;90m08:59:44.030[0m [0;37mSTDOUT[0m [0;36mterraform: [0m      [32m+[0m[0m maintenance_version            = (known after apply)[0m
[0;90m08:59:44.030[0m [0;37mSTDOUT[0m [0;36mterraform: [0m      [32m+[0m[0m master_instance_name           = (known after apply)[0m
[0;90m08:59:44.030[0m [0;37mSTDOUT[0m [0;36mterraform: [0m      [32m+[0m[0m name                           = "sim-sql-instance"[0m
[0;90m08:59:44.030[0m [0;37mSTDOUT[0m [0;36mterraform: [0m      [32m+[0m[0m private_ip_address             = (known after apply)[0m
[0;90m08:59:44.030[0m [0;37mSTDOUT[0m [0;36mterraform: [0m      [32m+[0m[0m project                        = "your-gcp-project-id"[0m
[0;90m08:59:44.030[0m [0;37mSTDOUT[0m [0;36mterraform: [0m      [32m+[0m[0m psc_service_attachment_link    = (known after apply)[0m
[0;90m08:59:44.030[0m [0;37mSTDOUT[0m [0;36mterraform: [0m      [32m+[0m[0m public_ip_address              = (known after apply)[0m
[0;90m08:59:44.030[0m [0;37mSTDOUT[0m [0;36mterraform: [0m      [32m+[0m[0m region                         = "europe-west1"[0m
[0;90m08:59:44.030[0m [0;37mSTDOUT[0m [0;36mterraform: [0m      [32m+[0m[0m self_link                      = (known after apply)[0m
[0;90m08:59:44.030[0m [0;37mSTDOUT[0m [0;36mterraform: [0m      [32m+[0m[0m server_ca_cert                 = (known after apply)[0m
[0;90m08:59:44.030[0m [0;37mSTDOUT[0m [0;36mterraform: [0m      [32m+[0m[0m service_account_email_address  = (known after apply)[0m
[0;90m08:59:44.030[0m [0;37mSTDOUT[0m [0;36mterraform: [0m      [32m+[0m[0m replica_configuration (known after apply)[0m
[0;90m08:59:44.030[0m [0;37mSTDOUT[0m [0;36mterraform: [0m      [32m+[0m[0m settings {[0m
[0;90m08:59:44.030[0m [0;37mSTDOUT[0m [0;36mterraform: [0m          [32m+[0m[0m activation_policy     = "ALWAYS"[0m
[0;90m08:59:44.030[0m [0;37mSTDOUT[0m [0;36mterraform: [0m          [32m+[0m[0m availability_type     = "ZONAL"[0m
[0;90m08:59:44.030[0m [0;37mSTDOUT[0m [0;36mterraform: [0m          [32m+[0m[0m connector_enforcement = (known after apply)[0m
[0;90m08:59:44.030[0m [0;37mSTDOUT[0m [0;36mterraform: [0m          [32m+[0m[0m disk_autoresize       = true[0m
[0;90m08:59:44.030[0m [0;37mSTDOUT[0m [0;36mterraform: [0m          [32m+[0m[0m disk_autoresize_limit = 0[0m
[0;90m08:59:44.030[0m [0;37mSTDOUT[0m [0;36mterraform: [0m          [32m+[0m[0m disk_size             = (known after apply)[0m
[0;90m08:59:44.030[0m [0;37mSTDOUT[0m [0;36mterraform: [0m          [32m+[0m[0m disk_type             = "PD_SSD"[0m
[0;90m08:59:44.030[0m [0;37mSTDOUT[0m [0;36mterraform: [0m          [32m+[0m[0m pricing_plan          = "PER_USE"[0m
[0;90m08:59:44.030[0m [0;37mSTDOUT[0m [0;36mterraform: [0m          [32m+[0m[0m tier                  = "db-f1-micro"[0m
[0;90m08:59:44.030[0m [0;37mSTDOUT[0m [0;36mterraform: [0m          [32m+[0m[0m user_labels           = (known after apply)[0m
[0;90m08:59:44.030[0m [0;37mSTDOUT[0m [0;36mterraform: [0m          [32m+[0m[0m version               = (known after apply)[0m
[0;90m08:59:44.030[0m [0;37mSTDOUT[0m [0;36mterraform: [0m          [32m+[0m[0m backup_configuration (known after apply)[0m
[0;90m08:59:44.030[0m [0;37mSTDOUT[0m [0;36mterraform: [0m          [32m+[0m[0m ip_configuration (known after apply)[0m
[0;90m08:59:44.030[0m [0;37mSTDOUT[0m [0;36mterraform: [0m          [32m+[0m[0m location_preference (known after apply)[0m
[0;90m08:59:44.030[0m [0;37mSTDOUT[0m [0;36mterraform: [0m        }
[0;90m08:59:44.030[0m [0;37mSTDOUT[0m [0;36mterraform: [0m    }
[0;90m08:59:44.030[0m [0;37mSTDOUT[0m [0;36mterraform: [0m[1m  # module.cloud_sql.google_sql_user.default[0m will be created[0m
[0;90m08:59:44.031[0m [0;37mSTDOUT[0m [0;36mterraform: [0m[0m  [32m+[0m[0m resource "google_sql_user" "default" {[0m
[0;90m08:59:44.031[0m [0;37mSTDOUT[0m [0;36mterraform: [0m      [32m+[0m[0m host                    = (known after apply)[0m
[0;90m08:59:44.031[0m [0;37mSTDOUT[0m [0;36mterraform: [0m      [32m+[0m[0m id                      = (known after apply)[0m
[0;90m08:59:44.031[0m [0;37mSTDOUT[0m [0;36mterraform: [0m      [32m+[0m[0m instance                = "sim-sql-instance"[0m
[0;90m08:59:44.031[0m [0;37mSTDOUT[0m [0;36mterraform: [0m      [32m+[0m[0m name                    = "sim_user"[0m
[0;90m08:59:44.031[0m [0;37mSTDOUT[0m [0;36mterraform: [0m      [32m+[0m[0m password                = (sensitive value)[0m
[0;90m08:59:44.031[0m [0;37mSTDOUT[0m [0;36mterraform: [0m      [32m+[0m[0m project                 = "your-gcp-project-id"[0m
[0;90m08:59:44.031[0m [0;37mSTDOUT[0m [0;36mterraform: [0m      [32m+[0m[0m sql_server_user_details = (known after apply)[0m
[0;90m08:59:44.031[0m [0;37mSTDOUT[0m [0;36mterraform: [0m    }
[0;90m08:59:44.031[0m [0;37mSTDOUT[0m [0;36mterraform: [0m[1m  # module.composer.google_composer_environment.example[0m will be created[0m
[0;90m08:59:44.031[0m [0;37mSTDOUT[0m [0;36mterraform: [0m[0m  [32m+[0m[0m resource "google_composer_environment" "example" {[0m
[0;90m08:59:44.031[0m [0;37mSTDOUT[0m [0;36mterraform: [0m      [32m+[0m[0m id      = (known after apply)[0m
[0;90m08:59:44.031[0m [0;37mSTDOUT[0m [0;36mterraform: [0m      [32m+[0m[0m name    = "sim-composer-env"[0m
[0;90m08:59:44.031[0m [0;37mSTDOUT[0m [0;36mterraform: [0m      [32m+[0m[0m project = "your-gcp-project-id"[0m
[0;90m08:59:44.031[0m [0;37mSTDOUT[0m [0;36mterraform: [0m      [32m+[0m[0m region  = "europe-west1"[0m
[0;90m08:59:44.031[0m [0;37mSTDOUT[0m [0;36mterraform: [0m      [32m+[0m[0m config {[0m
[0;90m08:59:44.031[0m [0;37mSTDOUT[0m [0;36mterraform: [0m          [32m+[0m[0m airflow_uri      = (known after apply)[0m
[0;90m08:59:44.031[0m [0;37mSTDOUT[0m [0;36mterraform: [0m          [32m+[0m[0m dag_gcs_prefix   = (known after apply)[0m
[0;90m08:59:44.031[0m [0;37mSTDOUT[0m [0;36mterraform: [0m          [32m+[0m[0m environment_size = (known after apply)[0m
[0;90m08:59:44.031[0m [0;37mSTDOUT[0m [0;36mterraform: [0m          [32m+[0m[0m gke_cluster      = (known after apply)[0m
[0;90m08:59:44.031[0m [0;37mSTDOUT[0m [0;36mterraform: [0m          [32m+[0m[0m node_count       = 3[0m
[0;90m08:59:44.031[0m [0;37mSTDOUT[0m [0;36mterraform: [0m          [32m+[0m[0m resilience_mode  = (known after apply)[0m
[0;90m08:59:44.031[0m [0;37mSTDOUT[0m [0;36mterraform: [0m          [32m+[0m[0m database_config (known after apply)[0m
[0;90m08:59:44.031[0m [0;37mSTDOUT[0m [0;36mterraform: [0m          [32m+[0m[0m encryption_config (known after apply)[0m
[0;90m08:59:44.031[0m [0;37mSTDOUT[0m [0;36mterraform: [0m          [32m+[0m[0m maintenance_window (known after apply)[0m
[0;90m08:59:44.031[0m [0;37mSTDOUT[0m [0;36mterraform: [0m          [32m+[0m[0m node_config (known after apply)[0m
[0;90m08:59:44.031[0m [0;37mSTDOUT[0m [0;36mterraform: [0m          [32m+[0m[0m private_environment_config (known after apply)[0m
[0;90m08:59:44.031[0m [0;37mSTDOUT[0m [0;36mterraform: [0m          [32m+[0m[0m software_config {[0m
[0;90m08:59:44.031[0m [0;37mSTDOUT[0m [0;36mterraform: [0m              [32m+[0m[0m image_version   = "composer-2.0.33-airflow-2.3.4"[0m
[0;90m08:59:44.031[0m [0;37mSTDOUT[0m [0;36mterraform: [0m              [32m+[0m[0m python_version  = (known after apply)[0m
[0;90m08:59:44.031[0m [0;37mSTDOUT[0m [0;36mterraform: [0m              [32m+[0m[0m scheduler_count = (known after apply)[0m
[0;90m08:59:44.031[0m [0;37mSTDOUT[0m [0;36mterraform: [0m            }
[0;90m08:59:44.031[0m [0;37mSTDOUT[0m [0;36mterraform: [0m          [32m+[0m[0m web_server_config (known after apply)[0m
[0;90m08:59:44.031[0m [0;37mSTDOUT[0m [0;36mterraform: [0m          [32m+[0m[0m web_server_network_access_control (known after apply)[0m
[0;90m08:59:44.031[0m [0;37mSTDOUT[0m [0;36mterraform: [0m          [32m+[0m[0m workloads_config (known after apply)[0m
[0;90m08:59:44.031[0m [0;37mSTDOUT[0m [0;36mterraform: [0m        }
[0;90m08:59:44.031[0m [0;37mSTDOUT[0m [0;36mterraform: [0m    }
[0;90m08:59:44.031[0m [0;37mSTDOUT[0m [0;36mterraform: [0m[1m  # module.dataproc.google_dataproc_cluster.example[0m will be created[0m
[0;90m08:59:44.031[0m [0;37mSTDOUT[0m [0;36mterraform: [0m[0m  [32m+[0m[0m resource "google_dataproc_cluster" "example" {[0m
[0;90m08:59:44.031[0m [0;37mSTDOUT[0m [0;36mterraform: [0m      [32m+[0m[0m graceful_decommission_timeout = "0s"[0m
[0;90m08:59:44.031[0m [0;37mSTDOUT[0m [0;36mterraform: [0m      [32m+[0m[0m id                            = (known after apply)[0m
[0;90m08:59:44.031[0m [0;37mSTDOUT[0m [0;36mterraform: [0m      [32m+[0m[0m labels                        = (known after apply)[0m
[0;90m08:59:44.031[0m [0;37mSTDOUT[0m [0;36mterraform: [0m      [32m+[0m[0m name                          = "sim-dataproc"[0m
[0;90m08:59:44.031[0m [0;37mSTDOUT[0m [0;36mterraform: [0m      [32m+[0m[0m project                       = "your-gcp-project-id"[0m
[0;90m08:59:44.031[0m [0;37mSTDOUT[0m [0;36mterraform: [0m      [32m+[0m[0m region                        = "europe-west1"[0m
[0;90m08:59:44.031[0m [0;37mSTDOUT[0m [0;36mterraform: [0m      [32m+[0m[0m cluster_config {[0m
[0;90m08:59:44.031[0m [0;37mSTDOUT[0m [0;36mterraform: [0m          [32m+[0m[0m bucket      = (known after apply)[0m
[0;90m08:59:44.031[0m [0;37mSTDOUT[0m [0;36mterraform: [0m          [32m+[0m[0m temp_bucket = (known after apply)[0m
[0;90m08:59:44.031[0m [0;37mSTDOUT[0m [0;36mterraform: [0m          [32m+[0m[0m endpoint_config (known after apply)[0m
[0;90m08:59:44.031[0m [0;37mSTDOUT[0m [0;36mterraform: [0m          [32m+[0m[0m gce_cluster_config (known after apply)[0m
[0;90m08:59:44.031[0m [0;37mSTDOUT[0m [0;36mterraform: [0m          [32m+[0m[0m master_config {[0m
[0;90m08:59:44.031[0m [0;37mSTDOUT[0m [0;36mterraform: [0m              [32m+[0m[0m image_uri        = (known after apply)[0m
[0;90m08:59:44.031[0m [0;37mSTDOUT[0m [0;36mterraform: [0m              [32m+[0m[0m instance_names   = (known after apply)[0m
[0;90m08:59:44.032[0m [0;37mSTDOUT[0m [0;36mterraform: [0m              [32m+[0m[0m machine_type     = "n1-standard-1"[0m
[0;90m08:59:44.032[0m [0;37mSTDOUT[0m [0;36mterraform: [0m              [32m+[0m[0m min_cpu_platform = (known after apply)[0m
[0;90m08:59:44.032[0m [0;37mSTDOUT[0m [0;36mterraform: [0m              [32m+[0m[0m num_instances    = 1[0m
[0;90m08:59:44.032[0m [0;37mSTDOUT[0m [0;36mterraform: [0m              [32m+[0m[0m disk_config (known after apply)[0m
[0;90m08:59:44.032[0m [0;37mSTDOUT[0m [0;36mterraform: [0m            }
[0;90m08:59:44.032[0m [0;37mSTDOUT[0m [0;36mterraform: [0m          [32m+[0m[0m preemptible_worker_config (known after apply)[0m
[0;90m08:59:44.032[0m [0;37mSTDOUT[0m [0;36mterraform: [0m          [32m+[0m[0m software_config (known after apply)[0m
[0;90m08:59:44.032[0m [0;37mSTDOUT[0m [0;36mterraform: [0m          [32m+[0m[0m worker_config {[0m
[0;90m08:59:44.032[0m [0;37mSTDOUT[0m [0;36mterraform: [0m              [32m+[0m[0m image_uri        = (known after apply)[0m
[0;90m08:59:44.032[0m [0;37mSTDOUT[0m [0;36mterraform: [0m              [32m+[0m[0m instance_names   = (known after apply)[0m
[0;90m08:59:44.032[0m [0;37mSTDOUT[0m [0;36mterraform: [0m              [32m+[0m[0m machine_type     = "n1-standard-1"[0m
[0;90m08:59:44.032[0m [0;37mSTDOUT[0m [0;36mterraform: [0m              [32m+[0m[0m min_cpu_platform = (known after apply)[0m
[0;90m08:59:44.032[0m [0;37mSTDOUT[0m [0;36mterraform: [0m              [32m+[0m[0m num_instances    = 2[0m
[0;90m08:59:44.032[0m [0;37mSTDOUT[0m [0;36mterraform: [0m              [32m+[0m[0m disk_config (known after apply)[0m
[0;90m08:59:44.032[0m [0;37mSTDOUT[0m [0;36mterraform: [0m            }
[0;90m08:59:44.032[0m [0;37mSTDOUT[0m [0;36mterraform: [0m        }
[0;90m08:59:44.032[0m [0;37mSTDOUT[0m [0;36mterraform: [0m      [32m+[0m[0m virtual_cluster_config (known after apply)[0m
[0;90m08:59:44.032[0m [0;37mSTDOUT[0m [0;36mterraform: [0m    }
[0;90m08:59:44.032[0m [0;37mSTDOUT[0m [0;36mterraform: [0m[1m  # module.enable_apis.google_project_service.required_services["artifactregistry.googleapis.com"][0m will be created[0m
[0;90m08:59:44.032[0m [0;37mSTDOUT[0m [0;36mterraform: [0m[0m  [32m+[0m[0m resource "google_project_service" "required_services" {[0m
[0;90m08:59:44.032[0m [0;37mSTDOUT[0m [0;36mterraform: [0m      [32m+[0m[0m disable_on_destroy = false[0m
[0;90m08:59:44.032[0m [0;37mSTDOUT[0m [0;36mterraform: [0m      [32m+[0m[0m id                 = (known after apply)[0m
[0;90m08:59:44.032[0m [0;37mSTDOUT[0m [0;36mterraform: [0m      [32m+[0m[0m project            = "your-gcp-project-id"[0m
[0;90m08:59:44.032[0m [0;37mSTDOUT[0m [0;36mterraform: [0m      [32m+[0m[0m service            = "artifactregistry.googleapis.com"[0m
[0;90m08:59:44.032[0m [0;37mSTDOUT[0m [0;36mterraform: [0m    }
[0;90m08:59:44.032[0m [0;37mSTDOUT[0m [0;36mterraform: [0m[1m  # module.enable_apis.google_project_service.required_services["bigquery.googleapis.com"][0m will be created[0m
[0;90m08:59:44.032[0m [0;37mSTDOUT[0m [0;36mterraform: [0m[0m  [32m+[0m[0m resource "google_project_service" "required_services" {[0m
[0;90m08:59:44.032[0m [0;37mSTDOUT[0m [0;36mterraform: [0m      [32m+[0m[0m disable_on_destroy = false[0m
[0;90m08:59:44.032[0m [0;37mSTDOUT[0m [0;36mterraform: [0m      [32m+[0m[0m id                 = (known after apply)[0m
[0;90m08:59:44.032[0m [0;37mSTDOUT[0m [0;36mterraform: [0m      [32m+[0m[0m project            = "your-gcp-project-id"[0m
[0;90m08:59:44.032[0m [0;37mSTDOUT[0m [0;36mterraform: [0m      [32m+[0m[0m service            = "bigquery.googleapis.com"[0m
[0;90m08:59:44.032[0m [0;37mSTDOUT[0m [0;36mterraform: [0m    }
[0;90m08:59:44.032[0m [0;37mSTDOUT[0m [0;36mterraform: [0m[1m  # module.enable_apis.google_project_service.required_services["cloudfunctions.googleapis.com"][0m will be created[0m
[0;90m08:59:44.032[0m [0;37mSTDOUT[0m [0;36mterraform: [0m[0m  [32m+[0m[0m resource "google_project_service" "required_services" {[0m
[0;90m08:59:44.032[0m [0;37mSTDOUT[0m [0;36mterraform: [0m      [32m+[0m[0m disable_on_destroy = false[0m
[0;90m08:59:44.032[0m [0;37mSTDOUT[0m [0;36mterraform: [0m      [32m+[0m[0m id                 = (known after apply)[0m
[0;90m08:59:44.032[0m [0;37mSTDOUT[0m [0;36mterraform: [0m      [32m+[0m[0m project            = "your-gcp-project-id"[0m
[0;90m08:59:44.032[0m [0;37mSTDOUT[0m [0;36mterraform: [0m      [32m+[0m[0m service            = "cloudfunctions.googleapis.com"[0m
[0;90m08:59:44.032[0m [0;37mSTDOUT[0m [0;36mterraform: [0m    }
[0;90m08:59:44.032[0m [0;37mSTDOUT[0m [0;36mterraform: [0m[1m  # module.enable_apis.google_project_service.required_services["cloudkms.googleapis.com"][0m will be created[0m
[0;90m08:59:44.032[0m [0;37mSTDOUT[0m [0;36mterraform: [0m[0m  [32m+[0m[0m resource "google_project_service" "required_services" {[0m
[0;90m08:59:44.032[0m [0;37mSTDOUT[0m [0;36mterraform: [0m      [32m+[0m[0m disable_on_destroy = false[0m
[0;90m08:59:44.032[0m [0;37mSTDOUT[0m [0;36mterraform: [0m      [32m+[0m[0m id                 = (known after apply)[0m
[0;90m08:59:44.032[0m [0;37mSTDOUT[0m [0;36mterraform: [0m      [32m+[0m[0m project            = "your-gcp-project-id"[0m
[0;90m08:59:44.032[0m [0;37mSTDOUT[0m [0;36mterraform: [0m      [32m+[0m[0m service            = "cloudkms.googleapis.com"[0m
[0;90m08:59:44.032[0m [0;37mSTDOUT[0m [0;36mterraform: [0m    }
[0;90m08:59:44.032[0m [0;37mSTDOUT[0m [0;36mterraform: [0m[1m  # module.enable_apis.google_project_service.required_services["composer.googleapis.com"][0m will be created[0m
[0;90m08:59:44.032[0m [0;37mSTDOUT[0m [0;36mterraform: [0m[0m  [32m+[0m[0m resource "google_project_service" "required_services" {[0m
[0;90m08:59:44.032[0m [0;37mSTDOUT[0m [0;36mterraform: [0m      [32m+[0m[0m disable_on_destroy = false[0m
[0;90m08:59:44.032[0m [0;37mSTDOUT[0m [0;36mterraform: [0m      [32m+[0m[0m id                 = (known after apply)[0m
[0;90m08:59:44.033[0m [0;37mSTDOUT[0m [0;36mterraform: [0m      [32m+[0m[0m project            = "your-gcp-project-id"[0m
[0;90m08:59:44.033[0m [0;37mSTDOUT[0m [0;36mterraform: [0m      [32m+[0m[0m service            = "composer.googleapis.com"[0m
[0;90m08:59:44.033[0m [0;37mSTDOUT[0m [0;36mterraform: [0m    }
[0;90m08:59:44.033[0m [0;37mSTDOUT[0m [0;36mterraform: [0m[1m  # module.enable_apis.google_project_service.required_services["compute.googleapis.com"][0m will be created[0m
[0;90m08:59:44.033[0m [0;37mSTDOUT[0m [0;36mterraform: [0m[0m  [32m+[0m[0m resource "google_project_service" "required_services" {[0m
[0;90m08:59:44.033[0m [0;37mSTDOUT[0m [0;36mterraform: [0m      [32m+[0m[0m disable_on_destroy = false[0m
[0;90m08:59:44.033[0m [0;37mSTDOUT[0m [0;36mterraform: [0m      [32m+[0m[0m id                 = (known after apply)[0m
[0;90m08:59:44.033[0m [0;37mSTDOUT[0m [0;36mterraform: [0m      [32m+[0m[0m project            = "your-gcp-project-id"[0m
[0;90m08:59:44.033[0m [0;37mSTDOUT[0m [0;36mterraform: [0m      [32m+[0m[0m service            = "compute.googleapis.com"[0m
[0;90m08:59:44.033[0m [0;37mSTDOUT[0m [0;36mterraform: [0m    }
[0;90m08:59:44.033[0m [0;37mSTDOUT[0m [0;36mterraform: [0m[1m  # module.enable_apis.google_project_service.required_services["container.googleapis.com"][0m will be created[0m
[0;90m08:59:44.033[0m [0;37mSTDOUT[0m [0;36mterraform: [0m[0m  [32m+[0m[0m resource "google_project_service" "required_services" {[0m
[0;90m08:59:44.033[0m [0;37mSTDOUT[0m [0;36mterraform: [0m      [32m+[0m[0m disable_on_destroy = false[0m
[0;90m08:59:44.033[0m [0;37mSTDOUT[0m [0;36mterraform: [0m      [32m+[0m[0m id                 = (known after apply)[0m
[0;90m08:59:44.033[0m [0;37mSTDOUT[0m [0;36mterraform: [0m      [32m+[0m[0m project            = "your-gcp-project-id"[0m
[0;90m08:59:44.033[0m [0;37mSTDOUT[0m [0;36mterraform: [0m      [32m+[0m[0m service            = "container.googleapis.com"[0m
[0;90m08:59:44.033[0m [0;37mSTDOUT[0m [0;36mterraform: [0m    }
[0;90m08:59:44.033[0m [0;37mSTDOUT[0m [0;36mterraform: [0m[1m  # module.enable_apis.google_project_service.required_services["dataproc.googleapis.com"][0m will be created[0m
[0;90m08:59:44.033[0m [0;37mSTDOUT[0m [0;36mterraform: [0m[0m  [32m+[0m[0m resource "google_project_service" "required_services" {[0m
[0;90m08:59:44.033[0m [0;37mSTDOUT[0m [0;36mterraform: [0m      [32m+[0m[0m disable_on_destroy = false[0m
[0;90m08:59:44.033[0m [0;37mSTDOUT[0m [0;36mterraform: [0m      [32m+[0m[0m id                 = (known after apply)[0m
[0;90m08:59:44.033[0m [0;37mSTDOUT[0m [0;36mterraform: [0m      [32m+[0m[0m project            = "your-gcp-project-id"[0m
[0;90m08:59:44.033[0m [0;37mSTDOUT[0m [0;36mterraform: [0m      [32m+[0m[0m service            = "dataproc.googleapis.com"[0m
[0;90m08:59:44.033[0m [0;37mSTDOUT[0m [0;36mterraform: [0m    }
[0;90m08:59:44.033[0m [0;37mSTDOUT[0m [0;36mterraform: [0m[1m  # module.enable_apis.google_project_service.required_services["iam.googleapis.com"][0m will be created[0m
[0;90m08:59:44.033[0m [0;37mSTDOUT[0m [0;36mterraform: [0m[0m  [32m+[0m[0m resource "google_project_service" "required_services" {[0m
[0;90m08:59:44.033[0m [0;37mSTDOUT[0m [0;36mterraform: [0m      [32m+[0m[0m disable_on_destroy = false[0m
[0;90m08:59:44.033[0m [0;37mSTDOUT[0m [0;36mterraform: [0m      [32m+[0m[0m id                 = (known after apply)[0m
[0;90m08:59:44.033[0m [0;37mSTDOUT[0m [0;36mterraform: [0m      [32m+[0m[0m project            = "your-gcp-project-id"[0m
[0;90m08:59:44.033[0m [0;37mSTDOUT[0m [0;36mterraform: [0m      [32m+[0m[0m service            = "iam.googleapis.com"[0m
[0;90m08:59:44.033[0m [0;37mSTDOUT[0m [0;36mterraform: [0m    }
[0;90m08:59:44.033[0m [0;37mSTDOUT[0m [0;36mterraform: [0m[1m  # module.enable_apis.google_project_service.required_services["logging.googleapis.com"][0m will be created[0m
[0;90m08:59:44.033[0m [0;37mSTDOUT[0m [0;36mterraform: [0m[0m  [32m+[0m[0m resource "google_project_service" "required_services" {[0m
[0;90m08:59:44.033[0m [0;37mSTDOUT[0m [0;36mterraform: [0m      [32m+[0m[0m disable_on_destroy = false[0m
[0;90m08:59:44.033[0m [0;37mSTDOUT[0m [0;36mterraform: [0m      [32m+[0m[0m id                 = (known after apply)[0m
[0;90m08:59:44.033[0m [0;37mSTDOUT[0m [0;36mterraform: [0m      [32m+[0m[0m project            = "your-gcp-project-id"[0m
[0;90m08:59:44.033[0m [0;37mSTDOUT[0m [0;36mterraform: [0m      [32m+[0m[0m service            = "logging.googleapis.com"[0m
[0;90m08:59:44.033[0m [0;37mSTDOUT[0m [0;36mterraform: [0m    }
[0;90m08:59:44.033[0m [0;37mSTDOUT[0m [0;36mterraform: [0m[1m  # module.enable_apis.google_project_service.required_services["monitoring.googleapis.com"][0m will be created[0m
[0;90m08:59:44.033[0m [0;37mSTDOUT[0m [0;36mterraform: [0m[0m  [32m+[0m[0m resource "google_project_service" "required_services" {[0m
[0;90m08:59:44.033[0m [0;37mSTDOUT[0m [0;36mterraform: [0m      [32m+[0m[0m disable_on_destroy = false[0m
[0;90m08:59:44.033[0m [0;37mSTDOUT[0m [0;36mterraform: [0m      [32m+[0m[0m id                 = (known after apply)[0m
[0;90m08:59:44.033[0m [0;37mSTDOUT[0m [0;36mterraform: [0m      [32m+[0m[0m project            = "your-gcp-project-id"[0m
[0;90m08:59:44.033[0m [0;37mSTDOUT[0m [0;36mterraform: [0m      [32m+[0m[0m service            = "monitoring.googleapis.com"[0m
[0;90m08:59:44.033[0m [0;37mSTDOUT[0m [0;36mterraform: [0m    }
[0;90m08:59:44.033[0m [0;37mSTDOUT[0m [0;36mterraform: [0m[1m  # module.enable_apis.google_project_service.required_services["pubsub.googleapis.com"][0m will be created[0m
[0;90m08:59:44.034[0m [0;37mSTDOUT[0m [0;36mterraform: [0m[0m  [32m+[0m[0m resource "google_project_service" "required_services" {[0m
[0;90m08:59:44.034[0m [0;37mSTDOUT[0m [0;36mterraform: [0m      [32m+[0m[0m disable_on_destroy = false[0m
[0;90m08:59:44.034[0m [0;37mSTDOUT[0m [0;36mterraform: [0m      [32m+[0m[0m id                 = (known after apply)[0m
[0;90m08:59:44.034[0m [0;37mSTDOUT[0m [0;36mterraform: [0m      [32m+[0m[0m project            = "your-gcp-project-id"[0m
[0;90m08:59:44.034[0m [0;37mSTDOUT[0m [0;36mterraform: [0m      [32m+[0m[0m service            = "pubsub.googleapis.com"[0m
[0;90m08:59:44.034[0m [0;37mSTDOUT[0m [0;36mterraform: [0m    }
[0;90m08:59:44.034[0m [0;37mSTDOUT[0m [0;36mterraform: [0m[1m  # module.enable_apis.google_project_service.required_services["run.googleapis.com"][0m will be created[0m
[0;90m08:59:44.034[0m [0;37mSTDOUT[0m [0;36mterraform: [0m[0m  [32m+[0m[0m resource "google_project_service" "required_services" {[0m
[0;90m08:59:44.034[0m [0;37mSTDOUT[0m [0;36mterraform: [0m      [32m+[0m[0m disable_on_destroy = false[0m
[0;90m08:59:44.034[0m [0;37mSTDOUT[0m [0;36mterraform: [0m      [32m+[0m[0m id                 = (known after apply)[0m
[0;90m08:59:44.034[0m [0;37mSTDOUT[0m [0;36mterraform: [0m      [32m+[0m[0m project            = "your-gcp-project-id"[0m
[0;90m08:59:44.034[0m [0;37mSTDOUT[0m [0;36mterraform: [0m      [32m+[0m[0m service            = "run.googleapis.com"[0m
[0;90m08:59:44.034[0m [0;37mSTDOUT[0m [0;36mterraform: [0m    }
[0;90m08:59:44.034[0m [0;37mSTDOUT[0m [0;36mterraform: [0m[1m  # module.enable_apis.google_project_service.required_services["secretmanager.googleapis.com"][0m will be created[0m
[0;90m08:59:44.034[0m [0;37mSTDOUT[0m [0;36mterraform: [0m[0m  [32m+[0m[0m resource "google_project_service" "required_services" {[0m
[0;90m08:59:44.034[0m [0;37mSTDOUT[0m [0;36mterraform: [0m      [32m+[0m[0m disable_on_destroy = false[0m
[0;90m08:59:44.034[0m [0;37mSTDOUT[0m [0;36mterraform: [0m      [32m+[0m[0m id                 = (known after apply)[0m
[0;90m08:59:44.034[0m [0;37mSTDOUT[0m [0;36mterraform: [0m      [32m+[0m[0m project            = "your-gcp-project-id"[0m
[0;90m08:59:44.034[0m [0;37mSTDOUT[0m [0;36mterraform: [0m      [32m+[0m[0m service            = "secretmanager.googleapis.com"[0m
[0;90m08:59:44.034[0m [0;37mSTDOUT[0m [0;36mterraform: [0m    }
[0;90m08:59:44.034[0m [0;37mSTDOUT[0m [0;36mterraform: [0m[1m  # module.enable_apis.google_project_service.required_services["servicemanagement.googleapis.com"][0m will be created[0m
[0;90m08:59:44.034[0m [0;37mSTDOUT[0m [0;36mterraform: [0m[0m  [32m+[0m[0m resource "google_project_service" "required_services" {[0m
[0;90m08:59:44.034[0m [0;37mSTDOUT[0m [0;36mterraform: [0m      [32m+[0m[0m disable_on_destroy = false[0m
[0;90m08:59:44.034[0m [0;37mSTDOUT[0m [0;36mterraform: [0m      [32m+[0m[0m id                 = (known after apply)[0m
[0;90m08:59:44.034[0m [0;37mSTDOUT[0m [0;36mterraform: [0m      [32m+[0m[0m project            = "your-gcp-project-id"[0m
[0;90m08:59:44.034[0m [0;37mSTDOUT[0m [0;36mterraform: [0m      [32m+[0m[0m service            = "servicemanagement.googleapis.com"[0m
[0;90m08:59:44.034[0m [0;37mSTDOUT[0m [0;36mterraform: [0m    }
[0;90m08:59:44.034[0m [0;37mSTDOUT[0m [0;36mterraform: [0m[1m  # module.enable_apis.google_project_service.required_services["spanner.googleapis.com"][0m will be created[0m
[0;90m08:59:44.034[0m [0;37mSTDOUT[0m [0;36mterraform: [0m[0m  [32m+[0m[0m resource "google_project_service" "required_services" {[0m
[0;90m08:59:44.034[0m [0;37mSTDOUT[0m [0;36mterraform: [0m      [32m+[0m[0m disable_on_destroy = false[0m
[0;90m08:59:44.034[0m [0;37mSTDOUT[0m [0;36mterraform: [0m      [32m+[0m[0m id                 = (known after apply)[0m
[0;90m08:59:44.034[0m [0;37mSTDOUT[0m [0;36mterraform: [0m      [32m+[0m[0m project            = "your-gcp-project-id"[0m
[0;90m08:59:44.034[0m [0;37mSTDOUT[0m [0;36mterraform: [0m      [32m+[0m[0m service            = "spanner.googleapis.com"[0m
[0;90m08:59:44.034[0m [0;37mSTDOUT[0m [0;36mterraform: [0m    }
[0;90m08:59:44.034[0m [0;37mSTDOUT[0m [0;36mterraform: [0m[1m  # module.enable_apis.google_project_service.required_services["sqladmin.googleapis.com"][0m will be created[0m
[0;90m08:59:44.034[0m [0;37mSTDOUT[0m [0;36mterraform: [0m[0m  [32m+[0m[0m resource "google_project_service" "required_services" {[0m
[0;90m08:59:44.034[0m [0;37mSTDOUT[0m [0;36mterraform: [0m      [32m+[0m[0m disable_on_destroy = false[0m
[0;90m08:59:44.034[0m [0;37mSTDOUT[0m [0;36mterraform: [0m      [32m+[0m[0m id                 = (known after apply)[0m
[0;90m08:59:44.034[0m [0;37mSTDOUT[0m [0;36mterraform: [0m      [32m+[0m[0m project            = "your-gcp-project-id"[0m
[0;90m08:59:44.034[0m [0;37mSTDOUT[0m [0;36mterraform: [0m      [32m+[0m[0m service            = "sqladmin.googleapis.com"[0m
[0;90m08:59:44.034[0m [0;37mSTDOUT[0m [0;36mterraform: [0m    }
[0;90m08:59:44.034[0m [0;37mSTDOUT[0m [0;36mterraform: [0m[1m  # module.enable_apis.google_project_service.required_services["workflows.googleapis.com"][0m will be created[0m
[0;90m08:59:44.034[0m [0;37mSTDOUT[0m [0;36mterraform: [0m[0m  [32m+[0m[0m resource "google_project_service" "required_services" {[0m
[0;90m08:59:44.034[0m [0;37mSTDOUT[0m [0;36mterraform: [0m      [32m+[0m[0m disable_on_destroy = false[0m
[0;90m08:59:44.035[0m [0;37mSTDOUT[0m [0;36mterraform: [0m      [32m+[0m[0m id                 = (known after apply)[0m
[0;90m08:59:44.035[0m [0;37mSTDOUT[0m [0;36mterraform: [0m      [32m+[0m[0m project            = "your-gcp-project-id"[0m
[0;90m08:59:44.035[0m [0;37mSTDOUT[0m [0;36mterraform: [0m      [32m+[0m[0m service            = "workflows.googleapis.com"[0m
[0;90m08:59:44.035[0m [0;37mSTDOUT[0m [0;36mterraform: [0m    }
[0;90m08:59:44.035[0m [0;37mSTDOUT[0m [0;36mterraform: [0m[1m  # module.gke.google_container_cluster.primary[0m will be created[0m
[0;90m08:59:44.035[0m [0;37mSTDOUT[0m [0;36mterraform: [0m[0m  [32m+[0m[0m resource "google_container_cluster" "primary" {[0m
[0;90m08:59:44.035[0m [0;37mSTDOUT[0m [0;36mterraform: [0m      [32m+[0m[0m cluster_ipv4_cidr           = (known after apply)[0m
[0;90m08:59:44.035[0m [0;37mSTDOUT[0m [0;36mterraform: [0m      [32m+[0m[0m datapath_provider           = (known after apply)[0m
[0;90m08:59:44.035[0m [0;37mSTDOUT[0m [0;36mterraform: [0m      [32m+[0m[0m default_max_pods_per_node   = (known after apply)[0m
[0;90m08:59:44.035[0m [0;37mSTDOUT[0m [0;36mterraform: [0m      [32m+[0m[0m enable_binary_authorization = false[0m
[0;90m08:59:44.035[0m [0;37mSTDOUT[0m [0;36mterraform: [0m      [32m+[0m[0m enable_intranode_visibility = (known after apply)[0m
[0;90m08:59:44.035[0m [0;37mSTDOUT[0m [0;36mterraform: [0m      [32m+[0m[0m enable_kubernetes_alpha     = false[0m
[0;90m08:59:44.035[0m [0;37mSTDOUT[0m [0;36mterraform: [0m      [32m+[0m[0m enable_l4_ilb_subsetting    = false[0m
[0;90m08:59:44.035[0m [0;37mSTDOUT[0m [0;36mterraform: [0m      [32m+[0m[0m enable_legacy_abac          = false[0m
[0;90m08:59:44.035[0m [0;37mSTDOUT[0m [0;36mterraform: [0m      [32m+[0m[0m enable_shielded_nodes       = true[0m
[0;90m08:59:44.035[0m [0;37mSTDOUT[0m [0;36mterraform: [0m      [32m+[0m[0m endpoint                    = (known after apply)[0m
[0;90m08:59:44.035[0m [0;37mSTDOUT[0m [0;36mterraform: [0m      [32m+[0m[0m id                          = (known after apply)[0m
[0;90m08:59:44.035[0m [0;37mSTDOUT[0m [0;36mterraform: [0m      [32m+[0m[0m initial_node_count          = 1[0m
[0;90m08:59:44.035[0m [0;37mSTDOUT[0m [0;36mterraform: [0m      [32m+[0m[0m label_fingerprint           = (known after apply)[0m
[0;90m08:59:44.035[0m [0;37mSTDOUT[0m [0;36mterraform: [0m      [32m+[0m[0m location                    = "europe-west1"[0m
[0;90m08:59:44.035[0m [0;37mSTDOUT[0m [0;36mterraform: [0m      [32m+[0m[0m logging_service             = (known after apply)[0m
[0;90m08:59:44.035[0m [0;37mSTDOUT[0m [0;36mterraform: [0m      [32m+[0m[0m master_version              = (known after apply)[0m
[0;90m08:59:44.035[0m [0;37mSTDOUT[0m [0;36mterraform: [0m      [32m+[0m[0m monitoring_service          = (known after apply)[0m
[0;90m08:59:44.035[0m [0;37mSTDOUT[0m [0;36mterraform: [0m      [32m+[0m[0m name                        = "sim-gke-cluster"[0m
[0;90m08:59:44.035[0m [0;37mSTDOUT[0m [0;36mterraform: [0m      [32m+[0m[0m network                     = "default"[0m
[0;90m08:59:44.035[0m [0;37mSTDOUT[0m [0;36mterraform: [0m      [32m+[0m[0m networking_mode             = (known after apply)[0m
[0;90m08:59:44.035[0m [0;37mSTDOUT[0m [0;36mterraform: [0m      [32m+[0m[0m node_locations              = (known after apply)[0m
[0;90m08:59:44.035[0m [0;37mSTDOUT[0m [0;36mterraform: [0m      [32m+[0m[0m node_version                = (known after apply)[0m
[0;90m08:59:44.035[0m [0;37mSTDOUT[0m [0;36mterraform: [0m      [32m+[0m[0m operation                   = (known after apply)[0m
[0;90m08:59:44.035[0m [0;37mSTDOUT[0m [0;36mterraform: [0m      [32m+[0m[0m private_ipv6_google_access  = (known after apply)[0m
[0;90m08:59:44.035[0m [0;37mSTDOUT[0m [0;36mterraform: [0m      [32m+[0m[0m project                     = "your-gcp-project-id"[0m
[0;90m08:59:44.035[0m [0;37mSTDOUT[0m [0;36mterraform: [0m      [32m+[0m[0m remove_default_node_pool    = true[0m
[0;90m08:59:44.035[0m [0;37mSTDOUT[0m [0;36mterraform: [0m      [32m+[0m[0m self_link                   = (known after apply)[0m
[0;90m08:59:44.035[0m [0;37mSTDOUT[0m [0;36mterraform: [0m      [32m+[0m[0m services_ipv4_cidr          = (known after apply)[0m
[0;90m08:59:44.035[0m [0;37mSTDOUT[0m [0;36mterraform: [0m      [32m+[0m[0m subnetwork                  = (known after apply)[0m
[0;90m08:59:44.035[0m [0;37mSTDOUT[0m [0;36mterraform: [0m      [32m+[0m[0m tpu_ipv4_cidr_block         = (known after apply)[0m
[0;90m08:59:44.035[0m [0;37mSTDOUT[0m [0;36mterraform: [0m      [32m+[0m[0m addons_config (known after apply)[0m
[0;90m08:59:44.035[0m [0;37mSTDOUT[0m [0;36mterraform: [0m      [32m+[0m[0m authenticator_groups_config (known after apply)[0m
[0;90m08:59:44.035[0m [0;37mSTDOUT[0m [0;36mterraform: [0m      [32m+[0m[0m cluster_autoscaling (known after apply)[0m
[0;90m08:59:44.035[0m [0;37mSTDOUT[0m [0;36mterraform: [0m      [32m+[0m[0m confidential_nodes (known after apply)[0m
[0;90m08:59:44.035[0m [0;37mSTDOUT[0m [0;36mterraform: [0m      [32m+[0m[0m cost_management_config (known after apply)[0m
[0;90m08:59:44.035[0m [0;37mSTDOUT[0m [0;36mterraform: [0m      [32m+[0m[0m database_encryption (known after apply)[0m
[0;90m08:59:44.035[0m [0;37mSTDOUT[0m [0;36mterraform: [0m      [32m+[0m[0m default_snat_status (known after apply)[0m
[0;90m08:59:44.035[0m [0;37mSTDOUT[0m [0;36mterraform: [0m      [32m+[0m[0m gateway_api_config (known after apply)[0m
[0;90m08:59:44.036[0m [0;37mSTDOUT[0m [0;36mterraform: [0m      [32m+[0m[0m ip_allocation_policy {[0m
[0;90m08:59:44.036[0m [0;37mSTDOUT[0m [0;36mterraform: [0m          [32m+[0m[0m cluster_ipv4_cidr_block       = (known after apply)[0m
[0;90m08:59:44.036[0m [0;37mSTDOUT[0m [0;36mterraform: [0m          [32m+[0m[0m cluster_secondary_range_name  = (known after apply)[0m
[0;90m08:59:44.036[0m [0;37mSTDOUT[0m [0;36mterraform: [0m          [32m+[0m[0m services_ipv4_cidr_block      = (known after apply)[0m
[0;90m08:59:44.036[0m [0;37mSTDOUT[0m [0;36mterraform: [0m          [32m+[0m[0m services_secondary_range_name = (known after apply)[0m
[0;90m08:59:44.036[0m [0;37mSTDOUT[0m [0;36mterraform: [0m          [32m+[0m[0m stack_type                    = "IPV4"[0m
[0;90m08:59:44.036[0m [0;37mSTDOUT[0m [0;36mterraform: [0m          [32m+[0m[0m pod_cidr_overprovision_config (known after apply)[0m
[0;90m08:59:44.036[0m [0;37mSTDOUT[0m [0;36mterraform: [0m        }
[0;90m08:59:44.036[0m [0;37mSTDOUT[0m [0;36mterraform: [0m      [32m+[0m[0m logging_config (known after apply)[0m
[0;90m08:59:44.036[0m [0;37mSTDOUT[0m [0;36mterraform: [0m      [32m+[0m[0m master_auth (known after apply)[0m
[0;90m08:59:44.036[0m [0;37mSTDOUT[0m [0;36mterraform: [0m      [32m+[0m[0m master_authorized_networks_config (known after apply)[0m
[0;90m08:59:44.036[0m [0;37mSTDOUT[0m [0;36mterraform: [0m      [32m+[0m[0m mesh_certificates (known after apply)[0m
[0;90m08:59:44.036[0m [0;37mSTDOUT[0m [0;36mterraform: [0m      [32m+[0m[0m monitoring_config (known after apply)[0m
[0;90m08:59:44.036[0m [0;37mSTDOUT[0m [0;36mterraform: [0m      [32m+[0m[0m node_config (known after apply)[0m
[0;90m08:59:44.036[0m [0;37mSTDOUT[0m [0;36mterraform: [0m      [32m+[0m[0m node_pool (known after apply)[0m
[0;90m08:59:44.036[0m [0;37mSTDOUT[0m [0;36mterraform: [0m      [32m+[0m[0m node_pool_auto_config (known after apply)[0m
[0;90m08:59:44.036[0m [0;37mSTDOUT[0m [0;36mterraform: [0m      [32m+[0m[0m node_pool_defaults (known after apply)[0m
[0;90m08:59:44.036[0m [0;37mSTDOUT[0m [0;36mterraform: [0m      [32m+[0m[0m notification_config (known after apply)[0m
[0;90m08:59:44.036[0m [0;37mSTDOUT[0m [0;36mterraform: [0m      [32m+[0m[0m release_channel (known after apply)[0m
[0;90m08:59:44.036[0m [0;37mSTDOUT[0m [0;36mterraform: [0m      [32m+[0m[0m security_posture_config (known after apply)[0m
[0;90m08:59:44.036[0m [0;37mSTDOUT[0m [0;36mterraform: [0m      [32m+[0m[0m service_external_ips_config (known after apply)[0m
[0;90m08:59:44.036[0m [0;37mSTDOUT[0m [0;36mterraform: [0m      [32m+[0m[0m vertical_pod_autoscaling (known after apply)[0m
[0;90m08:59:44.036[0m [0;37mSTDOUT[0m [0;36mterraform: [0m      [32m+[0m[0m workload_identity_config (known after apply)[0m
[0;90m08:59:44.036[0m [0;37mSTDOUT[0m [0;36mterraform: [0m    }
[0;90m08:59:44.036[0m [0;37mSTDOUT[0m [0;36mterraform: [0m[1m  # module.gke.google_container_node_pool.primary_nodes[0m will be created[0m
[0;90m08:59:44.036[0m [0;37mSTDOUT[0m [0;36mterraform: [0m[0m  [32m+[0m[0m resource "google_container_node_pool" "primary_nodes" {[0m
[0;90m08:59:44.036[0m [0;37mSTDOUT[0m [0;36mterraform: [0m      [32m+[0m[0m cluster                     = "sim-gke-cluster"[0m
[0;90m08:59:44.036[0m [0;37mSTDOUT[0m [0;36mterraform: [0m      [32m+[0m[0m id                          = (known after apply)[0m
[0;90m08:59:44.036[0m [0;37mSTDOUT[0m [0;36mterraform: [0m      [32m+[0m[0m initial_node_count          = 1[0m
[0;90m08:59:44.036[0m [0;37mSTDOUT[0m [0;36mterraform: [0m      [32m+[0m[0m instance_group_urls         = (known after apply)[0m
[0;90m08:59:44.036[0m [0;37mSTDOUT[0m [0;36mterraform: [0m      [32m+[0m[0m location                    = "europe-west1"[0m
[0;90m08:59:44.036[0m [0;37mSTDOUT[0m [0;36mterraform: [0m      [32m+[0m[0m managed_instance_group_urls = (known after apply)[0m
[0;90m08:59:44.036[0m [0;37mSTDOUT[0m [0;36mterraform: [0m      [32m+[0m[0m max_pods_per_node           = (known after apply)[0m
[0;90m08:59:44.036[0m [0;37mSTDOUT[0m [0;36mterraform: [0m      [32m+[0m[0m name                        = "sim-node-pool"[0m
[0;90m08:59:44.036[0m [0;37mSTDOUT[0m [0;36mterraform: [0m      [32m+[0m[0m name_prefix                 = (known after apply)[0m
[0;90m08:59:44.036[0m [0;37mSTDOUT[0m [0;36mterraform: [0m      [32m+[0m[0m node_count                  = (known after apply)[0m
[0;90m08:59:44.036[0m [0;37mSTDOUT[0m [0;36mterraform: [0m      [32m+[0m[0m node_locations              = (known after apply)[0m
[0;90m08:59:44.036[0m [0;37mSTDOUT[0m [0;36mterraform: [0m      [32m+[0m[0m operation                   = (known after apply)[0m
[0;90m08:59:44.036[0m [0;37mSTDOUT[0m [0;36mterraform: [0m      [32m+[0m[0m project                     = "your-gcp-project-id"[0m
[0;90m08:59:44.036[0m [0;37mSTDOUT[0m [0;36mterraform: [0m      [32m+[0m[0m version                     = (known after apply)[0m
[0;90m08:59:44.036[0m [0;37mSTDOUT[0m [0;36mterraform: [0m      [32m+[0m[0m management (known after apply)[0m
[0;90m08:59:44.036[0m [0;37mSTDOUT[0m [0;36mterraform: [0m      [32m+[0m[0m network_config (known after apply)[0m
[0;90m08:59:44.036[0m [0;37mSTDOUT[0m [0;36mterraform: [0m      [32m+[0m[0m node_config {[0m
[0;90m08:59:44.036[0m [0;37mSTDOUT[0m [0;36mterraform: [0m          [32m+[0m[0m disk_size_gb      = (known after apply)[0m
[0;90m08:59:44.036[0m [0;37mSTDOUT[0m [0;36mterraform: [0m          [32m+[0m[0m disk_type         = (known after apply)[0m
[0;90m08:59:44.036[0m [0;37mSTDOUT[0m [0;36mterraform: [0m          [32m+[0m[0m guest_accelerator = (known after apply)[0m
[0;90m08:59:44.037[0m [0;37mSTDOUT[0m [0;36mterraform: [0m          [32m+[0m[0m image_type        = (known after apply)[0m
[0;90m08:59:44.037[0m [0;37mSTDOUT[0m [0;36mterraform: [0m          [32m+[0m[0m labels            = (known after apply)[0m
[0;90m08:59:44.037[0m [0;37mSTDOUT[0m [0;36mterraform: [0m          [32m+[0m[0m local_ssd_count   = (known after apply)[0m
[0;90m08:59:44.037[0m [0;37mSTDOUT[0m [0;36mterraform: [0m          [32m+[0m[0m logging_variant   = "DEFAULT"[0m
[0;90m08:59:44.037[0m [0;37mSTDOUT[0m [0;36mterraform: [0m          [32m+[0m[0m machine_type      = "e2-medium"[0m
[0;90m08:59:44.037[0m [0;37mSTDOUT[0m [0;36mterraform: [0m          [32m+[0m[0m metadata          = (known after apply)[0m
[0;90m08:59:44.037[0m [0;37mSTDOUT[0m [0;36mterraform: [0m          [32m+[0m[0m min_cpu_platform  = (known after apply)[0m
[0;90m08:59:44.037[0m [0;37mSTDOUT[0m [0;36mterraform: [0m          [32m+[0m[0m oauth_scopes      = [[0m
[0;90m08:59:44.037[0m [0;37mSTDOUT[0m [0;36mterraform: [0m              [32m+[0m[0m "https://www.googleapis.com/auth/cloud-platform",[0m
[0;90m08:59:44.037[0m [0;37mSTDOUT[0m [0;36mterraform: [0m            ]
[0;90m08:59:44.037[0m [0;37mSTDOUT[0m [0;36mterraform: [0m          [32m+[0m[0m preemptible       = false[0m
[0;90m08:59:44.037[0m [0;37mSTDOUT[0m [0;36mterraform: [0m          [32m+[0m[0m service_account   = (known after apply)[0m
[0;90m08:59:44.037[0m [0;37mSTDOUT[0m [0;36mterraform: [0m          [32m+[0m[0m spot              = false[0m
[0;90m08:59:44.037[0m [0;37mSTDOUT[0m [0;36mterraform: [0m          [32m+[0m[0m taint             = (known after apply)[0m
[0;90m08:59:44.037[0m [0;37mSTDOUT[0m [0;36mterraform: [0m          [32m+[0m[0m confidential_nodes (known after apply)[0m
[0;90m08:59:44.037[0m [0;37mSTDOUT[0m [0;36mterraform: [0m          [32m+[0m[0m shielded_instance_config (known after apply)[0m
[0;90m08:59:44.037[0m [0;37mSTDOUT[0m [0;36mterraform: [0m          [32m+[0m[0m workload_metadata_config (known after apply)[0m
[0;90m08:59:44.037[0m [0;37mSTDOUT[0m [0;36mterraform: [0m        }
[0;90m08:59:44.037[0m [0;37mSTDOUT[0m [0;36mterraform: [0m      [32m+[0m[0m upgrade_settings (known after apply)[0m
[0;90m08:59:44.037[0m [0;37mSTDOUT[0m [0;36mterraform: [0m    }
[0;90m08:59:44.037[0m [0;37mSTDOUT[0m [0;36mterraform: [0m[1m  # module.iam.google_project_iam_binding.developer_binding[0m will be created[0m
[0;90m08:59:44.037[0m [0;37mSTDOUT[0m [0;36mterraform: [0m[0m  [32m+[0m[0m resource "google_project_iam_binding" "developer_binding" {[0m
[0;90m08:59:44.037[0m [0;37mSTDOUT[0m [0;36mterraform: [0m      [32m+[0m[0m etag    = (known after apply)[0m
[0;90m08:59:44.037[0m [0;37mSTDOUT[0m [0;36mterraform: [0m      [32m+[0m[0m id      = (known after apply)[0m
[0;90m08:59:44.037[0m [0;37mSTDOUT[0m [0;36mterraform: [0m      [32m+[0m[0m members = (known after apply)[0m
[0;90m08:59:44.037[0m [0;37mSTDOUT[0m [0;36mterraform: [0m      [32m+[0m[0m project = "your-gcp-project-id"[0m
[0;90m08:59:44.037[0m [0;37mSTDOUT[0m [0;36mterraform: [0m      [32m+[0m[0m role    = (known after apply)[0m
[0;90m08:59:44.037[0m [0;37mSTDOUT[0m [0;36mterraform: [0m    }
[0;90m08:59:44.037[0m [0;37mSTDOUT[0m [0;36mterraform: [0m[1m  # module.iam.google_project_iam_custom_role.developer[0m will be created[0m
[0;90m08:59:44.037[0m [0;37mSTDOUT[0m [0;36mterraform: [0m[0m  [32m+[0m[0m resource "google_project_iam_custom_role" "developer" {[0m
[0;90m08:59:44.037[0m [0;37mSTDOUT[0m [0;36mterraform: [0m      [32m+[0m[0m deleted     = (known after apply)[0m
[0;90m08:59:44.037[0m [0;37mSTDOUT[0m [0;36mterraform: [0m      [32m+[0m[0m description = "A custom role for developers"[0m
[0;90m08:59:44.037[0m [0;37mSTDOUT[0m [0;36mterraform: [0m      [32m+[0m[0m id          = (known after apply)[0m
[0;90m08:59:44.037[0m [0;37mSTDOUT[0m [0;36mterraform: [0m      [32m+[0m[0m name        = (known after apply)[0m
[0;90m08:59:44.037[0m [0;37mSTDOUT[0m [0;36mterraform: [0m      [32m+[0m[0m permissions = [[0m
[0;90m08:59:44.037[0m [0;37mSTDOUT[0m [0;36mterraform: [0m          [32m+[0m[0m "compute.instances.get",[0m
[0;90m08:59:44.037[0m [0;37mSTDOUT[0m [0;36mterraform: [0m          [32m+[0m[0m "resourcemanager.projects.get",[0m
[0;90m08:59:44.037[0m [0;37mSTDOUT[0m [0;36mterraform: [0m        ]
[0;90m08:59:44.037[0m [0;37mSTDOUT[0m [0;36mterraform: [0m      [32m+[0m[0m project     = "your-gcp-project-id"[0m
[0;90m08:59:44.037[0m [0;37mSTDOUT[0m [0;36mterraform: [0m      [32m+[0m[0m role_id     = "customDeveloperRole"[0m
[0;90m08:59:44.037[0m [0;37mSTDOUT[0m [0;36mterraform: [0m      [32m+[0m[0m stage       = "GA"[0m
[0;90m08:59:44.037[0m [0;37mSTDOUT[0m [0;36mterraform: [0m      [32m+[0m[0m title       = "Custom Developer"[0m
[0;90m08:59:44.037[0m [0;37mSTDOUT[0m [0;36mterraform: [0m    }
[0;90m08:59:44.037[0m [0;37mSTDOUT[0m [0;36mterraform: [0m[1m  # module.iam.google_project_iam_member.project_owner[0m will be created[0m
[0;90m08:59:44.037[0m [0;37mSTDOUT[0m [0;36mterraform: [0m[0m  [32m+[0m[0m resource "google_project_iam_member" "project_owner" {[0m
[0;90m08:59:44.037[0m [0;37mSTDOUT[0m [0;36mterraform: [0m      [32m+[0m[0m etag    = (known after apply)[0m
[0;90m08:59:44.037[0m [0;37mSTDOUT[0m [0;36mterraform: [0m      [32m+[0m[0m id      = (known after apply)[0m
[0;90m08:59:44.037[0m [0;37mSTDOUT[0m [0;36mterraform: [0m      [32m+[0m[0m member  = (known after apply)[0m
[0;90m08:59:44.037[0m [0;37mSTDOUT[0m [0;36mterraform: [0m      [32m+[0m[0m project = "your-gcp-project-id"[0m
[0;90m08:59:44.037[0m [0;37mSTDOUT[0m [0;36mterraform: [0m      [32m+[0m[0m role    = "roles/owner"[0m
[0;90m08:59:44.037[0m [0;37mSTDOUT[0m [0;36mterraform: [0m    }
[0;90m08:59:44.037[0m [0;37mSTDOUT[0m [0;36mterraform: [0m[1m  # module.iam.google_service_account.example_sa[0m will be created[0m
[0;90m08:59:44.037[0m [0;37mSTDOUT[0m [0;36mterraform: [0m[0m  [32m+[0m[0m resource "google_service_account" "example_sa" {[0m
[0;90m08:59:44.038[0m [0;37mSTDOUT[0m [0;36mterraform: [0m      [32m+[0m[0m account_id   = "example-sa"[0m
[0;90m08:59:44.038[0m [0;37mSTDOUT[0m [0;36mterraform: [0m      [32m+[0m[0m disabled     = false[0m
[0;90m08:59:44.038[0m [0;37mSTDOUT[0m [0;36mterraform: [0m      [32m+[0m[0m display_name = "Example Service Account"[0m
[0;90m08:59:44.038[0m [0;37mSTDOUT[0m [0;36mterraform: [0m      [32m+[0m[0m email        = (known after apply)[0m
[0;90m08:59:44.038[0m [0;37mSTDOUT[0m [0;36mterraform: [0m      [32m+[0m[0m id           = (known after apply)[0m
[0;90m08:59:44.038[0m [0;37mSTDOUT[0m [0;36mterraform: [0m      [32m+[0m[0m member       = (known after apply)[0m
[0;90m08:59:44.038[0m [0;37mSTDOUT[0m [0;36mterraform: [0m      [32m+[0m[0m name         = (known after apply)[0m
[0;90m08:59:44.038[0m [0;37mSTDOUT[0m [0;36mterraform: [0m      [32m+[0m[0m project      = "your-gcp-project-id"[0m
[0;90m08:59:44.038[0m [0;37mSTDOUT[0m [0;36mterraform: [0m      [32m+[0m[0m unique_id    = (known after apply)[0m
[0;90m08:59:44.038[0m [0;37mSTDOUT[0m [0;36mterraform: [0m    }
[0;90m08:59:44.038[0m [0;37mSTDOUT[0m [0;36mterraform: [0m[1m  # module.iam.google_service_account_iam_binding.sa_binding[0m will be created[0m
[0;90m08:59:44.038[0m [0;37mSTDOUT[0m [0;36mterraform: [0m[0m  [32m+[0m[0m resource "google_service_account_iam_binding" "sa_binding" {[0m
[0;90m08:59:44.038[0m [0;37mSTDOUT[0m [0;36mterraform: [0m      [32m+[0m[0m etag               = (known after apply)[0m
[0;90m08:59:44.038[0m [0;37mSTDOUT[0m [0;36mterraform: [0m      [32m+[0m[0m id                 = (known after apply)[0m
[0;90m08:59:44.038[0m [0;37mSTDOUT[0m [0;36mterraform: [0m      [32m+[0m[0m members            = (known after apply)[0m
[0;90m08:59:44.038[0m [0;37mSTDOUT[0m [0;36mterraform: [0m      [32m+[0m[0m role               = "roles/iam.serviceAccountTokenCreator"[0m
[0;90m08:59:44.038[0m [0;37mSTDOUT[0m [0;36mterraform: [0m      [32m+[0m[0m service_account_id = (known after apply)[0m
[0;90m08:59:44.038[0m [0;37mSTDOUT[0m [0;36mterraform: [0m    }
[0;90m08:59:44.038[0m [0;37mSTDOUT[0m [0;36mterraform: [0m[1m  # module.iam.google_service_account_key.example_sa_key[0m will be created[0m
[0;90m08:59:44.038[0m [0;37mSTDOUT[0m [0;36mterraform: [0m[0m  [32m+[0m[0m resource "google_service_account_key" "example_sa_key" {[0m
[0;90m08:59:44.038[0m [0;37mSTDOUT[0m [0;36mterraform: [0m      [32m+[0m[0m id                 = (known after apply)[0m
[0;90m08:59:44.038[0m [0;37mSTDOUT[0m [0;36mterraform: [0m      [32m+[0m[0m key_algorithm      = "KEY_ALG_RSA_2048"[0m
[0;90m08:59:44.038[0m [0;37mSTDOUT[0m [0;36mterraform: [0m      [32m+[0m[0m name               = (known after apply)[0m
[0;90m08:59:44.038[0m [0;37mSTDOUT[0m [0;36mterraform: [0m      [32m+[0m[0m private_key        = (sensitive value)[0m
[0;90m08:59:44.038[0m [0;37mSTDOUT[0m [0;36mterraform: [0m      [32m+[0m[0m private_key_type   = "TYPE_GOOGLE_CREDENTIALS_FILE"[0m
[0;90m08:59:44.038[0m [0;37mSTDOUT[0m [0;36mterraform: [0m      [32m+[0m[0m public_key         = (known after apply)[0m
[0;90m08:59:44.038[0m [0;37mSTDOUT[0m [0;36mterraform: [0m      [32m+[0m[0m public_key_type    = "TYPE_X509_PEM_FILE"[0m
[0;90m08:59:44.038[0m [0;37mSTDOUT[0m [0;36mterraform: [0m      [32m+[0m[0m service_account_id = (known after apply)[0m
[0;90m08:59:44.038[0m [0;37mSTDOUT[0m [0;36mterraform: [0m      [32m+[0m[0m valid_after        = (known after apply)[0m
[0;90m08:59:44.038[0m [0;37mSTDOUT[0m [0;36mterraform: [0m      [32m+[0m[0m valid_before       = (known after apply)[0m
[0;90m08:59:44.038[0m [0;37mSTDOUT[0m [0;36mterraform: [0m    }
[0;90m08:59:44.038[0m [0;37mSTDOUT[0m [0;36mterraform: [0m[1m  # module.kms.google_kms_crypto_key.example[0m will be created[0m
[0;90m08:59:44.038[0m [0;37mSTDOUT[0m [0;36mterraform: [0m[0m  [32m+[0m[0m resource "google_kms_crypto_key" "example" {[0m
[0;90m08:59:44.038[0m [0;37mSTDOUT[0m [0;36mterraform: [0m      [32m+[0m[0m destroy_scheduled_duration = (known after apply)[0m
[0;90m08:59:44.038[0m [0;37mSTDOUT[0m [0;36mterraform: [0m      [32m+[0m[0m id                         = (known after apply)[0m
[0;90m08:59:44.038[0m [0;37mSTDOUT[0m [0;36mterraform: [0m      [32m+[0m[0m import_only                = (known after apply)[0m
[0;90m08:59:44.038[0m [0;37mSTDOUT[0m [0;36mterraform: [0m      [32m+[0m[0m key_ring                   = (known after apply)[0m
[0;90m08:59:44.038[0m [0;37mSTDOUT[0m [0;36mterraform: [0m      [32m+[0m[0m name                       = "sim-key"[0m
[0;90m08:59:44.038[0m [0;37mSTDOUT[0m [0;36mterraform: [0m      [32m+[0m[0m purpose                    = "ENCRYPT_DECRYPT"[0m
[0;90m08:59:44.038[0m [0;37mSTDOUT[0m [0;36mterraform: [0m      [32m+[0m[0m rotation_period            = "100000s"[0m
[0;90m08:59:44.038[0m [0;37mSTDOUT[0m [0;36mterraform: [0m      [32m+[0m[0m version_template (known after apply)[0m
[0;90m08:59:44.038[0m [0;37mSTDOUT[0m [0;36mterraform: [0m    }
[0;90m08:59:44.038[0m [0;37mSTDOUT[0m [0;36mterraform: [0m[1m  # module.kms.google_kms_key_ring.example[0m will be created[0m
[0;90m08:59:44.038[0m [0;37mSTDOUT[0m [0;36mterraform: [0m[0m  [32m+[0m[0m resource "google_kms_key_ring" "example" {[0m
[0;90m08:59:44.038[0m [0;37mSTDOUT[0m [0;36mterraform: [0m      [32m+[0m[0m id       = (known after apply)[0m
[0;90m08:59:44.038[0m [0;37mSTDOUT[0m [0;36mterraform: [0m      [32m+[0m[0m location = "europe-west1"[0m
[0;90m08:59:44.038[0m [0;37mSTDOUT[0m [0;36mterraform: [0m      [32m+[0m[0m name     = "sim-keyring"[0m
[0;90m08:59:44.038[0m [0;37mSTDOUT[0m [0;36mterraform: [0m      [32m+[0m[0m project  = "your-gcp-project-id"[0m
[0;90m08:59:44.038[0m [0;37mSTDOUT[0m [0;36mterraform: [0m    }
[0;90m08:59:44.038[0m [0;37mSTDOUT[0m [0;36mterraform: [0m[1m  # module.logging.google_logging_metric.example[0m will be created[0m
[0;90m08:59:44.039[0m [0;37mSTDOUT[0m [0;36mterraform: [0m[0m  [32m+[0m[0m resource "google_logging_metric" "example" {[0m
[0;90m08:59:44.039[0m [0;37mSTDOUT[0m [0;36mterraform: [0m      [32m+[0m[0m description = "Log-based metric for tracking errors"[0m
[0;90m08:59:44.039[0m [0;37mSTDOUT[0m [0;36mterraform: [0m      [32m+[0m[0m filter      = "severity>=ERROR"[0m
[0;90m08:59:44.039[0m [0;37mSTDOUT[0m [0;36mterraform: [0m      [32m+[0m[0m id          = (known after apply)[0m
[0;90m08:59:44.039[0m [0;37mSTDOUT[0m [0;36mterraform: [0m      [32m+[0m[0m name        = "sim-logmetric"[0m
[0;90m08:59:44.039[0m [0;37mSTDOUT[0m [0;36mterraform: [0m      [32m+[0m[0m project     = "your-gcp-project-id"[0m
[0;90m08:59:44.039[0m [0;37mSTDOUT[0m [0;36mterraform: [0m      [32m+[0m[0m metric_descriptor {[0m
[0;90m08:59:44.039[0m [0;37mSTDOUT[0m [0;36mterraform: [0m          [32m+[0m[0m metric_kind = "DELTA"[0m
[0;90m08:59:44.039[0m [0;37mSTDOUT[0m [0;36mterraform: [0m          [32m+[0m[0m unit        = "1"[0m
[0;90m08:59:44.039[0m [0;37mSTDOUT[0m [0;36mterraform: [0m          [32m+[0m[0m value_type  = "INT64"[0m
[0;90m08:59:44.039[0m [0;37mSTDOUT[0m [0;36mterraform: [0m        }
[0;90m08:59:44.039[0m [0;37mSTDOUT[0m [0;36mterraform: [0m    }
[0;90m08:59:44.039[0m [0;37mSTDOUT[0m [0;36mterraform: [0m[1m  # module.logging.google_logging_project_sink.example[0m will be created[0m
[0;90m08:59:44.039[0m [0;37mSTDOUT[0m [0;36mterraform: [0m[0m  [32m+[0m[0m resource "google_logging_project_sink" "example" {[0m
[0;90m08:59:44.039[0m [0;37mSTDOUT[0m [0;36mterraform: [0m      [32m+[0m[0m destination            = "storage.googleapis.com/example-storage-bucket-your-gcp-project-id"[0m
[0;90m08:59:44.039[0m [0;37mSTDOUT[0m [0;36mterraform: [0m      [32m+[0m[0m filter                 = "resource.type=\"gce_instance\""[0m
[0;90m08:59:44.039[0m [0;37mSTDOUT[0m [0;36mterraform: [0m      [32m+[0m[0m id                     = (known after apply)[0m
[0;90m08:59:44.039[0m [0;37mSTDOUT[0m [0;36mterraform: [0m      [32m+[0m[0m name                   = "sim-logsink"[0m
[0;90m08:59:44.039[0m [0;37mSTDOUT[0m [0;36mterraform: [0m      [32m+[0m[0m project                = "your-gcp-project-id"[0m
[0;90m08:59:44.039[0m [0;37mSTDOUT[0m [0;36mterraform: [0m      [32m+[0m[0m unique_writer_identity = true[0m
[0;90m08:59:44.039[0m [0;37mSTDOUT[0m [0;36mterraform: [0m      [32m+[0m[0m writer_identity        = (known after apply)[0m
[0;90m08:59:44.039[0m [0;37mSTDOUT[0m [0;36mterraform: [0m      [32m+[0m[0m bigquery_options (known after apply)[0m
[0;90m08:59:44.039[0m [0;37mSTDOUT[0m [0;36mterraform: [0m    }
[0;90m08:59:44.039[0m [0;37mSTDOUT[0m [0;36mterraform: [0m[1m  # module.monitoring.google_monitoring_alert_policy.basic_policy[0m will be created[0m
[0;90m08:59:44.039[0m [0;37mSTDOUT[0m [0;36mterraform: [0m[0m  [32m+[0m[0m resource "google_monitoring_alert_policy" "basic_policy" {[0m
[0;90m08:59:44.039[0m [0;37mSTDOUT[0m [0;36mterraform: [0m      [32m+[0m[0m combiner              = "OR"[0m
[0;90m08:59:44.039[0m [0;37mSTDOUT[0m [0;36mterraform: [0m      [32m+[0m[0m creation_record       = (known after apply)[0m
[0;90m08:59:44.039[0m [0;37mSTDOUT[0m [0;36mterraform: [0m      [32m+[0m[0m display_name          = "High CPU Usage"[0m
[0;90m08:59:44.039[0m [0;37mSTDOUT[0m [0;36mterraform: [0m      [32m+[0m[0m enabled               = true[0m
[0;90m08:59:44.039[0m [0;37mSTDOUT[0m [0;36mterraform: [0m      [32m+[0m[0m id                    = (known after apply)[0m
[0;90m08:59:44.039[0m [0;37mSTDOUT[0m [0;36mterraform: [0m      [32m+[0m[0m name                  = (known after apply)[0m
[0;90m08:59:44.039[0m [0;37mSTDOUT[0m [0;36mterraform: [0m      [32m+[0m[0m notification_channels = (known after apply)[0m
[0;90m08:59:44.039[0m [0;37mSTDOUT[0m [0;36mterraform: [0m      [32m+[0m[0m project               = "your-gcp-project-id"[0m
[0;90m08:59:44.039[0m [0;37mSTDOUT[0m [0;36mterraform: [0m      [32m+[0m[0m conditions {[0m
[0;90m08:59:44.039[0m [0;37mSTDOUT[0m [0;36mterraform: [0m          [32m+[0m[0m display_name = "VM Instance CPU Usage"[0m
[0;90m08:59:44.039[0m [0;37mSTDOUT[0m [0;36mterraform: [0m          [32m+[0m[0m name         = (known after apply)[0m
[0;90m08:59:44.039[0m [0;37mSTDOUT[0m [0;36mterraform: [0m          [32m+[0m[0m condition_threshold {[0m
[0;90m08:59:44.039[0m [0;37mSTDOUT[0m [0;36mterraform: [0m              [32m+[0m[0m comparison      = "COMPARISON_GT"[0m
[0;90m08:59:44.039[0m [0;37mSTDOUT[0m [0;36mterraform: [0m              [32m+[0m[0m duration        = "60s"[0m
[0;90m08:59:44.039[0m [0;37mSTDOUT[0m [0;36mterraform: [0m              [32m+[0m[0m filter          = "metric.type=\"compute.googleapis.com/instance/cpu/utilization\""[0m
[0;90m08:59:44.039[0m [0;37mSTDOUT[0m [0;36mterraform: [0m              [32m+[0m[0m threshold_value = 0.9[0m
[0;90m08:59:44.039[0m [0;37mSTDOUT[0m [0;36mterraform: [0m              [32m+[0m[0m aggregations {[0m
[0;90m08:59:44.039[0m [0;37mSTDOUT[0m [0;36mterraform: [0m                  [32m+[0m[0m alignment_period   = "60s"[0m
[0;90m08:59:44.040[0m [0;37mSTDOUT[0m [0;36mterraform: [0m                  [32m+[0m[0m per_series_aligner = "ALIGN_MEAN"[0m
[0;90m08:59:44.040[0m [0;37mSTDOUT[0m [0;36mterraform: [0m                }
[0;90m08:59:44.040[0m [0;37mSTDOUT[0m [0;36mterraform: [0m            }
[0;90m08:59:44.040[0m [0;37mSTDOUT[0m [0;36mterraform: [0m        }
[0;90m08:59:44.040[0m [0;37mSTDOUT[0m [0;36mterraform: [0m    }
[0;90m08:59:44.040[0m [0;37mSTDOUT[0m [0;36mterraform: [0m[1m  # module.monitoring.google_monitoring_notification_channel.email[0m will be created[0m
[0;90m08:59:44.041[0m [0;37mSTDOUT[0m [0;36mterraform: [0m[0m  [32m+[0m[0m resource "google_monitoring_notification_channel" "email" {[0m
[0;90m08:59:44.041[0m [0;37mSTDOUT[0m [0;36mterraform: [0m      [32m+[0m[0m display_name        = "Simulation Alert Channel"[0m
[0;90m08:59:44.041[0m [0;37mSTDOUT[0m [0;36mterraform: [0m      [32m+[0m[0m enabled             = true[0m
[0;90m08:59:44.041[0m [0;37mSTDOUT[0m [0;36mterraform: [0m      [32m+[0m[0m force_delete        = false[0m
[0;90m08:59:44.041[0m [0;37mSTDOUT[0m [0;36mterraform: [0m      [32m+[0m[0m id                  = (known after apply)[0m
[0;90m08:59:44.041[0m [0;37mSTDOUT[0m [0;36mterraform: [0m      [32m+[0m[0m labels              = {[0m
[0;90m08:59:44.041[0m [0;37mSTDOUT[0m [0;36mterraform: [0m          [32m+[0m[0m "email_address" = "simulate@example.com"[0m
[0;90m08:59:44.041[0m [0;37mSTDOUT[0m [0;36mterraform: [0m        }
[0;90m08:59:44.041[0m [0;37mSTDOUT[0m [0;36mterraform: [0m      [32m+[0m[0m name                = (known after apply)[0m
[0;90m08:59:44.041[0m [0;37mSTDOUT[0m [0;36mterraform: [0m      [32m+[0m[0m project             = "your-gcp-project-id"[0m
[0;90m08:59:44.041[0m [0;37mSTDOUT[0m [0;36mterraform: [0m      [32m+[0m[0m type                = "email"[0m
[0;90m08:59:44.041[0m [0;37mSTDOUT[0m [0;36mterraform: [0m      [32m+[0m[0m verification_status = (known after apply)[0m
[0;90m08:59:44.041[0m [0;37mSTDOUT[0m [0;36mterraform: [0m    }
[0;90m08:59:44.041[0m [0;37mSTDOUT[0m [0;36mterraform: [0m[1m  # module.networking.google_compute_address.static_ip[0m will be created[0m
[0;90m08:59:44.041[0m [0;37mSTDOUT[0m [0;36mterraform: [0m[0m  [32m+[0m[0m resource "google_compute_address" "static_ip" {[0m
[0;90m08:59:44.041[0m [0;37mSTDOUT[0m [0;36mterraform: [0m      [32m+[0m[0m address            = (known after apply)[0m
[0;90m08:59:44.042[0m [0;37mSTDOUT[0m [0;36mterraform: [0m      [32m+[0m[0m address_type       = "EXTERNAL"[0m
[0;90m08:59:44.042[0m [0;37mSTDOUT[0m [0;36mterraform: [0m      [32m+[0m[0m creation_timestamp = (known after apply)[0m
[0;90m08:59:44.042[0m [0;37mSTDOUT[0m [0;36mterraform: [0m      [32m+[0m[0m id                 = (known after apply)[0m
[0;90m08:59:44.042[0m [0;37mSTDOUT[0m [0;36mterraform: [0m      [32m+[0m[0m name               = "static-ip"[0m
[0;90m08:59:44.042[0m [0;37mSTDOUT[0m [0;36mterraform: [0m      [32m+[0m[0m network_tier       = (known after apply)[0m
[0;90m08:59:44.042[0m [0;37mSTDOUT[0m [0;36mterraform: [0m      [32m+[0m[0m prefix_length      = (known after apply)[0m
[0;90m08:59:44.042[0m [0;37mSTDOUT[0m [0;36mterraform: [0m      [32m+[0m[0m project            = "your-gcp-project-id"[0m
[0;90m08:59:44.042[0m [0;37mSTDOUT[0m [0;36mterraform: [0m      [32m+[0m[0m purpose            = (known after apply)[0m
[0;90m08:59:44.042[0m [0;37mSTDOUT[0m [0;36mterraform: [0m      [32m+[0m[0m region             = "europe-west1"[0m
[0;90m08:59:44.042[0m [0;37mSTDOUT[0m [0;36mterraform: [0m      [32m+[0m[0m self_link          = (known after apply)[0m
[0;90m08:59:44.042[0m [0;37mSTDOUT[0m [0;36mterraform: [0m      [32m+[0m[0m subnetwork         = (known after apply)[0m
[0;90m08:59:44.042[0m [0;37mSTDOUT[0m [0;36mterraform: [0m      [32m+[0m[0m users              = (known after apply)[0m
[0;90m08:59:44.042[0m [0;37mSTDOUT[0m [0;36mterraform: [0m    }
[0;90m08:59:44.042[0m [0;37mSTDOUT[0m [0;36mterraform: [0m[1m  # module.networking.google_compute_firewall.allow_ssh[0m will be created[0m
[0;90m08:59:44.042[0m [0;37mSTDOUT[0m [0;36mterraform: [0m[0m  [32m+[0m[0m resource "google_compute_firewall" "allow_ssh" {[0m
[0;90m08:59:44.042[0m [0;37mSTDOUT[0m [0;36mterraform: [0m      [32m+[0m[0m creation_timestamp = (known after apply)[0m
[0;90m08:59:44.042[0m [0;37mSTDOUT[0m [0;36mterraform: [0m      [32m+[0m[0m destination_ranges = (known after apply)[0m
[0;90m08:59:44.042[0m [0;37mSTDOUT[0m [0;36mterraform: [0m      [32m+[0m[0m direction          = (known after apply)[0m
[0;90m08:59:44.042[0m [0;37mSTDOUT[0m [0;36mterraform: [0m      [32m+[0m[0m enable_logging     = (known after apply)[0m
[0;90m08:59:44.042[0m [0;37mSTDOUT[0m [0;36mterraform: [0m      [32m+[0m[0m id                 = (known after apply)[0m
[0;90m08:59:44.042[0m [0;37mSTDOUT[0m [0;36mterraform: [0m      [32m+[0m[0m name               = "allow-ssh"[0m
[0;90m08:59:44.042[0m [0;37mSTDOUT[0m [0;36mterraform: [0m      [32m+[0m[0m network            = "example-vpc"[0m
[0;90m08:59:44.042[0m [0;37mSTDOUT[0m [0;36mterraform: [0m      [32m+[0m[0m priority           = 1000[0m
[0;90m08:59:44.042[0m [0;37mSTDOUT[0m [0;36mterraform: [0m      [32m+[0m[0m project            = "your-gcp-project-id"[0m
[0;90m08:59:44.042[0m [0;37mSTDOUT[0m [0;36mterraform: [0m      [32m+[0m[0m self_link          = (known after apply)[0m
[0;90m08:59:44.042[0m [0;37mSTDOUT[0m [0;36mterraform: [0m      [32m+[0m[0m source_ranges      = [[0m
[0;90m08:59:44.042[0m [0;37mSTDOUT[0m [0;36mterraform: [0m          [32m+[0m[0m "0.0.0.0/0",[0m
[0;90m08:59:44.042[0m [0;37mSTDOUT[0m [0;36mterraform: [0m        ]
[0;90m08:59:44.042[0m [0;37mSTDOUT[0m [0;36mterraform: [0m      [32m+[0m[0m allow {[0m
[0;90m08:59:44.042[0m [0;37mSTDOUT[0m [0;36mterraform: [0m          [32m+[0m[0m ports    = [[0m
[0;90m08:59:44.042[0m [0;37mSTDOUT[0m [0;36mterraform: [0m              [32m+[0m[0m "22",[0m
[0;90m08:59:44.042[0m [0;37mSTDOUT[0m [0;36mterraform: [0m            ]
[0;90m08:59:44.042[0m [0;37mSTDOUT[0m [0;36mterraform: [0m          [32m+[0m[0m protocol = "tcp"[0m
[0;90m08:59:44.042[0m [0;37mSTDOUT[0m [0;36mterraform: [0m        }
[0;90m08:59:44.042[0m [0;37mSTDOUT[0m [0;36mterraform: [0m    }
[0;90m08:59:44.042[0m [0;37mSTDOUT[0m [0;36mterraform: [0m[1m  # module.networking.google_compute_network.default[0m will be created[0m
[0;90m08:59:44.042[0m [0;37mSTDOUT[0m [0;36mterraform: [0m[0m  [32m+[0m[0m resource "google_compute_network" "default" {[0m
[0;90m08:59:44.042[0m [0;37mSTDOUT[0m [0;36mterraform: [0m      [32m+[0m[0m auto_create_subnetworks                   = false[0m
[0;90m08:59:44.042[0m [0;37mSTDOUT[0m [0;36mterraform: [0m      [32m+[0m[0m delete_default_routes_on_create           = false[0m
[0;90m08:59:44.042[0m [0;37mSTDOUT[0m [0;36mterraform: [0m      [32m+[0m[0m gateway_ipv4                              = (known after apply)[0m
[0;90m08:59:44.042[0m [0;37mSTDOUT[0m [0;36mterraform: [0m      [32m+[0m[0m id                                        = (known after apply)[0m
[0;90m08:59:44.042[0m [0;37mSTDOUT[0m [0;36mterraform: [0m      [32m+[0m[0m internal_ipv6_range                       = (known after apply)[0m
[0;90m08:59:44.042[0m [0;37mSTDOUT[0m [0;36mterraform: [0m      [32m+[0m[0m mtu                                       = (known after apply)[0m
[0;90m08:59:44.042[0m [0;37mSTDOUT[0m [0;36mterraform: [0m      [32m+[0m[0m name                                      = "example-vpc"[0m
[0;90m08:59:44.042[0m [0;37mSTDOUT[0m [0;36mterraform: [0m      [32m+[0m[0m network_firewall_policy_enforcement_order = "AFTER_CLASSIC_FIREWALL"[0m
[0;90m08:59:44.042[0m [0;37mSTDOUT[0m [0;36mterraform: [0m      [32m+[0m[0m project                                   = "your-gcp-project-id"[0m
[0;90m08:59:44.042[0m [0;37mSTDOUT[0m [0;36mterraform: [0m      [32m+[0m[0m routing_mode                              = (known after apply)[0m
[0;90m08:59:44.042[0m [0;37mSTDOUT[0m [0;36mterraform: [0m      [32m+[0m[0m self_link                                 = (known after apply)[0m
[0;90m08:59:44.042[0m [0;37mSTDOUT[0m [0;36mterraform: [0m    }
[0;90m08:59:44.042[0m [0;37mSTDOUT[0m [0;36mterraform: [0m[1m  # module.networking.google_compute_router.router[0m will be created[0m
[0;90m08:59:44.043[0m [0;37mSTDOUT[0m [0;36mterraform: [0m[0m  [32m+[0m[0m resource "google_compute_router" "router" {[0m
[0;90m08:59:44.043[0m [0;37mSTDOUT[0m [0;36mterraform: [0m      [32m+[0m[0m creation_timestamp = (known after apply)[0m
[0;90m08:59:44.043[0m [0;37mSTDOUT[0m [0;36mterraform: [0m      [32m+[0m[0m id                 = (known after apply)[0m
[0;90m08:59:44.043[0m [0;37mSTDOUT[0m [0;36mterraform: [0m      [32m+[0m[0m name               = "router"[0m
[0;90m08:59:44.043[0m [0;37mSTDOUT[0m [0;36mterraform: [0m      [32m+[0m[0m network            = (known after apply)[0m
[0;90m08:59:44.043[0m [0;37mSTDOUT[0m [0;36mterraform: [0m      [32m+[0m[0m project            = "your-gcp-project-id"[0m
[0;90m08:59:44.043[0m [0;37mSTDOUT[0m [0;36mterraform: [0m      [32m+[0m[0m region             = "europe-west1"[0m
[0;90m08:59:44.043[0m [0;37mSTDOUT[0m [0;36mterraform: [0m      [32m+[0m[0m self_link          = (known after apply)[0m
[0;90m08:59:44.043[0m [0;37mSTDOUT[0m [0;36mterraform: [0m    }
[0;90m08:59:44.043[0m [0;37mSTDOUT[0m [0;36mterraform: [0m[1m  # module.networking.google_compute_subnetwork.default[0m will be created[0m
[0;90m08:59:44.043[0m [0;37mSTDOUT[0m [0;36mterraform: [0m[0m  [32m+[0m[0m resource "google_compute_subnetwork" "default" {[0m
[0;90m08:59:44.043[0m [0;37mSTDOUT[0m [0;36mterraform: [0m      [32m+[0m[0m creation_timestamp         = (known after apply)[0m
[0;90m08:59:44.043[0m [0;37mSTDOUT[0m [0;36mterraform: [0m      [32m+[0m[0m external_ipv6_prefix       = (known after apply)[0m
[0;90m08:59:44.043[0m [0;37mSTDOUT[0m [0;36mterraform: [0m      [32m+[0m[0m fingerprint                = (known after apply)[0m
[0;90m08:59:44.043[0m [0;37mSTDOUT[0m [0;36mterraform: [0m      [32m+[0m[0m gateway_address            = (known after apply)[0m
[0;90m08:59:44.043[0m [0;37mSTDOUT[0m [0;36mterraform: [0m      [32m+[0m[0m id                         = (known after apply)[0m
[0;90m08:59:44.043[0m [0;37mSTDOUT[0m [0;36mterraform: [0m      [32m+[0m[0m internal_ipv6_prefix       = (known after apply)[0m
[0;90m08:59:44.043[0m [0;37mSTDOUT[0m [0;36mterraform: [0m      [32m+[0m[0m ip_cidr_range              = "10.0.0.0/16"[0m
[0;90m08:59:44.043[0m [0;37mSTDOUT[0m [0;36mterraform: [0m      [32m+[0m[0m ipv6_cidr_range            = (known after apply)[0m
[0;90m08:59:44.043[0m [0;37mSTDOUT[0m [0;36mterraform: [0m      [32m+[0m[0m name                       = "example-subnet"[0m
[0;90m08:59:44.043[0m [0;37mSTDOUT[0m [0;36mterraform: [0m      [32m+[0m[0m network                    = (known after apply)[0m
[0;90m08:59:44.043[0m [0;37mSTDOUT[0m [0;36mterraform: [0m      [32m+[0m[0m private_ip_google_access   = (known after apply)[0m
[0;90m08:59:44.043[0m [0;37mSTDOUT[0m [0;36mterraform: [0m      [32m+[0m[0m private_ipv6_google_access = (known after apply)[0m
[0;90m08:59:44.043[0m [0;37mSTDOUT[0m [0;36mterraform: [0m      [32m+[0m[0m project                    = "your-gcp-project-id"[0m
[0;90m08:59:44.043[0m [0;37mSTDOUT[0m [0;36mterraform: [0m      [32m+[0m[0m purpose                    = (known after apply)[0m
[0;90m08:59:44.043[0m [0;37mSTDOUT[0m [0;36mterraform: [0m      [32m+[0m[0m region                     = "europe-west1"[0m
[0;90m08:59:44.043[0m [0;37mSTDOUT[0m [0;36mterraform: [0m      [32m+[0m[0m secondary_ip_range         = (known after apply)[0m
[0;90m08:59:44.043[0m [0;37mSTDOUT[0m [0;36mterraform: [0m      [32m+[0m[0m self_link                  = (known after apply)[0m
[0;90m08:59:44.043[0m [0;37mSTDOUT[0m [0;36mterraform: [0m      [32m+[0m[0m stack_type                 = (known after apply)[0m
[0;90m08:59:44.043[0m [0;37mSTDOUT[0m [0;36mterraform: [0m    }
[0;90m08:59:44.043[0m [0;37mSTDOUT[0m [0;36mterraform: [0m[1m  # module.networking.google_compute_vpn_gateway.vpn_gw[0m will be created[0m
[0;90m08:59:44.043[0m [0;37mSTDOUT[0m [0;36mterraform: [0m[0m  [32m+[0m[0m resource "google_compute_vpn_gateway" "vpn_gw" {[0m
[0;90m08:59:44.043[0m [0;37mSTDOUT[0m [0;36mterraform: [0m      [32m+[0m[0m creation_timestamp = (known after apply)[0m
[0;90m08:59:44.043[0m [0;37mSTDOUT[0m [0;36mterraform: [0m      [32m+[0m[0m gateway_id         = (known after apply)[0m
[0;90m08:59:44.043[0m [0;37mSTDOUT[0m [0;36mterraform: [0m      [32m+[0m[0m id                 = (known after apply)[0m
[0;90m08:59:44.043[0m [0;37mSTDOUT[0m [0;36mterraform: [0m      [32m+[0m[0m name               = "vpn-gw"[0m
[0;90m08:59:44.043[0m [0;37mSTDOUT[0m [0;36mterraform: [0m      [32m+[0m[0m network            = (known after apply)[0m
[0;90m08:59:44.043[0m [0;37mSTDOUT[0m [0;36mterraform: [0m      [32m+[0m[0m project            = "your-gcp-project-id"[0m
[0;90m08:59:44.043[0m [0;37mSTDOUT[0m [0;36mterraform: [0m      [32m+[0m[0m region             = "europe-west1"[0m
[0;90m08:59:44.043[0m [0;37mSTDOUT[0m [0;36mterraform: [0m      [32m+[0m[0m self_link          = (known after apply)[0m
[0;90m08:59:44.043[0m [0;37mSTDOUT[0m [0;36mterraform: [0m    }
[0;90m08:59:44.043[0m [0;37mSTDOUT[0m [0;36mterraform: [0m[1m  # module.networking.google_compute_vpn_tunnel.vpn_tunnel[0m will be created[0m
[0;90m08:59:44.043[0m [0;37mSTDOUT[0m [0;36mterraform: [0m[0m  [32m+[0m[0m resource "google_compute_vpn_tunnel" "vpn_tunnel" {[0m
[0;90m08:59:44.043[0m [0;37mSTDOUT[0m [0;36mterraform: [0m      [32m+[0m[0m creation_timestamp      = (known after apply)[0m
[0;90m08:59:44.043[0m [0;37mSTDOUT[0m [0;36mterraform: [0m      [32m+[0m[0m detailed_status         = (known after apply)[0m
[0;90m08:59:44.043[0m [0;37mSTDOUT[0m [0;36mterraform: [0m      [32m+[0m[0m id                      = (known after apply)[0m
[0;90m08:59:44.044[0m [0;37mSTDOUT[0m [0;36mterraform: [0m      [32m+[0m[0m ike_version             = 2[0m
[0;90m08:59:44.044[0m [0;37mSTDOUT[0m [0;36mterraform: [0m      [32m+[0m[0m local_traffic_selector  = (known after apply)[0m
[0;90m08:59:44.044[0m [0;37mSTDOUT[0m [0;36mterraform: [0m      [32m+[0m[0m name                    = "vpn-tunnel"[0m
[0;90m08:59:44.044[0m [0;37mSTDOUT[0m [0;36mterraform: [0m      [32m+[0m[0m peer_ip                 = "8.8.8.8"[0m
[0;90m08:59:44.044[0m [0;37mSTDOUT[0m [0;36mterraform: [0m      [32m+[0m[0m project                 = "your-gcp-project-id"[0m
[0;90m08:59:44.044[0m [0;37mSTDOUT[0m [0;36mterraform: [0m      [32m+[0m[0m region                  = "europe-west1"[0m
[0;90m08:59:44.044[0m [0;37mSTDOUT[0m [0;36mterraform: [0m      [32m+[0m[0m remote_traffic_selector = (known after apply)[0m
[0;90m08:59:44.044[0m [0;37mSTDOUT[0m [0;36mterraform: [0m      [32m+[0m[0m router                  = (known after apply)[0m
[0;90m08:59:44.044[0m [0;37mSTDOUT[0m [0;36mterraform: [0m      [32m+[0m[0m self_link               = (known after apply)[0m
[0;90m08:59:44.044[0m [0;37mSTDOUT[0m [0;36mterraform: [0m      [32m+[0m[0m shared_secret           = (sensitive value)[0m
[0;90m08:59:44.044[0m [0;37mSTDOUT[0m [0;36mterraform: [0m      [32m+[0m[0m shared_secret_hash      = (known after apply)[0m
[0;90m08:59:44.044[0m [0;37mSTDOUT[0m [0;36mterraform: [0m      [32m+[0m[0m target_vpn_gateway      = (known after apply)[0m
[0;90m08:59:44.044[0m [0;37mSTDOUT[0m [0;36mterraform: [0m      [32m+[0m[0m tunnel_id               = (known after apply)[0m
[0;90m08:59:44.044[0m [0;37mSTDOUT[0m [0;36mterraform: [0m    }
[0;90m08:59:44.044[0m [0;37mSTDOUT[0m [0;36mterraform: [0m[1m  # module.pubsub.google_pubsub_subscription.example[0m will be created[0m
[0;90m08:59:44.044[0m [0;37mSTDOUT[0m [0;36mterraform: [0m[0m  [32m+[0m[0m resource "google_pubsub_subscription" "example" {[0m
[0;90m08:59:44.044[0m [0;37mSTDOUT[0m [0;36mterraform: [0m      [32m+[0m[0m ack_deadline_seconds       = 20[0m
[0;90m08:59:44.044[0m [0;37mSTDOUT[0m [0;36mterraform: [0m      [32m+[0m[0m id                         = (known after apply)[0m
[0;90m08:59:44.044[0m [0;37mSTDOUT[0m [0;36mterraform: [0m      [32m+[0m[0m message_retention_duration = "604800s"[0m
[0;90m08:59:44.044[0m [0;37mSTDOUT[0m [0;36mterraform: [0m      [32m+[0m[0m name                       = "sim-subscription"[0m
[0;90m08:59:44.044[0m [0;37mSTDOUT[0m [0;36mterraform: [0m      [32m+[0m[0m project                    = "your-gcp-project-id"[0m
[0;90m08:59:44.044[0m [0;37mSTDOUT[0m [0;36mterraform: [0m      [32m+[0m[0m topic                      = (known after apply)[0m
[0;90m08:59:44.044[0m [0;37mSTDOUT[0m [0;36mterraform: [0m      [32m+[0m[0m expiration_policy (known after apply)[0m
[0;90m08:59:44.044[0m [0;37mSTDOUT[0m [0;36mterraform: [0m    }
[0;90m08:59:44.044[0m [0;37mSTDOUT[0m [0;36mterraform: [0m[1m  # module.pubsub.google_pubsub_topic.example[0m will be created[0m
[0;90m08:59:44.044[0m [0;37mSTDOUT[0m [0;36mterraform: [0m[0m  [32m+[0m[0m resource "google_pubsub_topic" "example" {[0m
[0;90m08:59:44.044[0m [0;37mSTDOUT[0m [0;36mterraform: [0m      [32m+[0m[0m id      = (known after apply)[0m
[0;90m08:59:44.044[0m [0;37mSTDOUT[0m [0;36mterraform: [0m      [32m+[0m[0m name    = "sim-topic"[0m
[0;90m08:59:44.044[0m [0;37mSTDOUT[0m [0;36mterraform: [0m      [32m+[0m[0m project = "your-gcp-project-id"[0m
[0;90m08:59:44.044[0m [0;37mSTDOUT[0m [0;36mterraform: [0m      [32m+[0m[0m message_storage_policy (known after apply)[0m
[0;90m08:59:44.044[0m [0;37mSTDOUT[0m [0;36mterraform: [0m      [32m+[0m[0m schema_settings (known after apply)[0m
[0;90m08:59:44.044[0m [0;37mSTDOUT[0m [0;36mterraform: [0m    }
[0;90m08:59:44.044[0m [0;37mSTDOUT[0m [0;36mterraform: [0m[1m  # module.secret_manager.google_secret_manager_secret.example[0m will be created[0m
[0;90m08:59:44.044[0m [0;37mSTDOUT[0m [0;36mterraform: [0m[0m  [32m+[0m[0m resource "google_secret_manager_secret" "example" {[0m
[0;90m08:59:44.044[0m [0;37mSTDOUT[0m [0;36mterraform: [0m      [32m+[0m[0m create_time = (known after apply)[0m
[0;90m08:59:44.044[0m [0;37mSTDOUT[0m [0;36mterraform: [0m      [32m+[0m[0m expire_time = (known after apply)[0m
[0;90m08:59:44.044[0m [0;37mSTDOUT[0m [0;36mterraform: [0m      [32m+[0m[0m id          = (known after apply)[0m
[0;90m08:59:44.044[0m [0;37mSTDOUT[0m [0;36mterraform: [0m      [32m+[0m[0m labels[0m
[0;90m08:59:44.044[0m [0;37mSTDOUT[0m [0;36mterraform: [0m      = {
[0;90m08:59:44.044[0m [0;37mSTDOUT[0m [0;36mterraform: [0m          [32m+[0m[0m "label" = "my-label"[0m
[0;90m08:59:44.044[0m [0;37mSTDOUT[0m [0;36mterraform: [0m        }
[0;90m08:59:44.044[0m [0;37mSTDOUT[0m [0;36mterraform: [0m      [32m+[0m[0m name        = (known after apply)[0m
[0;90m08:59:44.044[0m [0;37mSTDOUT[0m [0;36mterraform: [0m      [32m+[0m[0m project     = "your-gcp-project-id"[0m
[0;90m08:59:44.044[0m [0;37mSTDOUT[0m [0;36mterraform: [0m      [32m+[0m[0m secret_id   = "secret"[0m
[0;90m08:59:44.044[0m [0;37mSTDOUT[0m [0;36mterraform: [0m      [32m+[0m[0m replication {[0m
[0;90m08:59:44.044[0m [0;37mSTDOUT[0m [0;36mterraform: [0m          [32m+[0m[0m user_managed {[0m
[0;90m08:59:44.044[0m [0;37mSTDOUT[0m [0;36mterraform: [0m              [32m+[0m[0m replicas {[0m
[0;90m08:59:44.044[0m [0;37mSTDOUT[0m [0;36mterraform: [0m                  [32m+[0m[0m location = "us-central1"[0m
[0;90m08:59:44.044[0m [0;37mSTDOUT[0m [0;36mterraform: [0m                }
[0;90m08:59:44.044[0m [0;37mSTDOUT[0m [0;36mterraform: [0m              [32m+[0m[0m replicas {[0m
[0;90m08:59:44.044[0m [0;37mSTDOUT[0m [0;36mterraform: [0m                  [32m+[0m[0m location = "us-east1"[0m
[0;90m08:59:44.044[0m [0;37mSTDOUT[0m [0;36mterraform: [0m                }
[0;90m08:59:44.044[0m [0;37mSTDOUT[0m [0;36mterraform: [0m            }
[0;90m08:59:44.044[0m [0;37mSTDOUT[0m [0;36mterraform: [0m        }
[0;90m08:59:44.044[0m [0;37mSTDOUT[0m [0;36mterraform: [0m    }
[0;90m08:59:44.044[0m [0;37mSTDOUT[0m [0;36mterraform: [0m[1m  # module.secret_manager.google_secret_manager_secret_version.version[0m will be created[0m
[0;90m08:59:44.044[0m [0;37mSTDOUT[0m [0;36mterraform: [0m[0m  [32m+[0m[0m resource "google_secret_manager_secret_version" "version" {[0m
[0;90m08:59:44.044[0m [0;37mSTDOUT[0m [0;36mterraform: [0m      [32m+[0m[0m create_time           = (known after apply)[0m
[0;90m08:59:44.044[0m [0;37mSTDOUT[0m [0;36mterraform: [0m      [32m+[0m[0m deletion_policy       = "DELETE"[0m
[0;90m08:59:44.044[0m [0;37mSTDOUT[0m [0;36mterraform: [0m      [32m+[0m[0m destroy_time          = (known after apply)[0m
[0;90m08:59:44.045[0m [0;37mSTDOUT[0m [0;36mterraform: [0m      [32m+[0m[0m enabled               = true[0m
[0;90m08:59:44.045[0m [0;37mSTDOUT[0m [0;36mterraform: [0m      [32m+[0m[0m id                    = (known after apply)[0m
[0;90m08:59:44.045[0m [0;37mSTDOUT[0m [0;36mterraform: [0m      [32m+[0m[0m is_secret_data_base64 = false[0m
[0;90m08:59:44.045[0m [0;37mSTDOUT[0m [0;36mterraform: [0m      [32m+[0m[0m name                  = (known after apply)[0m
[0;90m08:59:44.045[0m [0;37mSTDOUT[0m [0;36mterraform: [0m      [32m+[0m[0m secret                = (known after apply)[0m
[0;90m08:59:44.045[0m [0;37mSTDOUT[0m [0;36mterraform: [0m      [32m+[0m[0m secret_data           = (sensitive value)[0m
[0;90m08:59:44.045[0m [0;37mSTDOUT[0m [0;36mterraform: [0m      [32m+[0m[0m version               = (known after apply)[0m
[0;90m08:59:44.045[0m [0;37mSTDOUT[0m [0;36mterraform: [0m    }
[0;90m08:59:44.045[0m [0;37mSTDOUT[0m [0;36mterraform: [0m[1m  # module.spanner.google_spanner_database.example[0m will be created[0m
[0;90m08:59:44.045[0m [0;37mSTDOUT[0m [0;36mterraform: [0m[0m  [32m+[0m[0m resource "google_spanner_database" "example" {[0m
[0;90m08:59:44.045[0m [0;37mSTDOUT[0m [0;36mterraform: [0m      [32m+[0m[0m database_dialect         = (known after apply)[0m
[0;90m08:59:44.045[0m [0;37mSTDOUT[0m [0;36mterraform: [0m      [32m+[0m[0m ddl                      = [[0m
[0;90m08:59:44.045[0m [0;37mSTDOUT[0m [0;36mterraform: [0m          [32m+[0m[0m "CREATE TABLE users (id STRING(36) NOT NULL, name STRING(1024)) PRIMARY KEY(id)",[0m
[0;90m08:59:44.045[0m [0;37mSTDOUT[0m [0;36mterraform: [0m        ]
[0;90m08:59:44.045[0m [0;37mSTDOUT[0m [0;36mterraform: [0m      [32m+[0m[0m deletion_protection      = true[0m
[0;90m08:59:44.045[0m [0;37mSTDOUT[0m [0;36mterraform: [0m      [32m+[0m[0m enable_drop_protection   = false[0m
[0;90m08:59:44.045[0m [0;37mSTDOUT[0m [0;36mterraform: [0m      [32m+[0m[0m id                       = (known after apply)[0m
[0;90m08:59:44.045[0m [0;37mSTDOUT[0m [0;36mterraform: [0m      [32m+[0m[0m instance                 = "sim-spanner-instance"[0m
[0;90m08:59:44.045[0m [0;37mSTDOUT[0m [0;36mterraform: [0m      [32m+[0m[0m name                     = "sim-database"[0m
[0;90m08:59:44.045[0m [0;37mSTDOUT[0m [0;36mterraform: [0m      [32m+[0m[0m project                  = "your-gcp-project-id"[0m
[0;90m08:59:44.045[0m [0;37mSTDOUT[0m [0;36mterraform: [0m      [32m+[0m[0m state                    = (known after apply)[0m
[0;90m08:59:44.045[0m [0;37mSTDOUT[0m [0;36mterraform: [0m      [32m+[0m[0m version_retention_period = (known after apply)[0m
[0;90m08:59:44.045[0m [0;37mSTDOUT[0m [0;36mterraform: [0m    }
[0;90m08:59:44.045[0m [0;37mSTDOUT[0m [0;36mterraform: [0m[1m  # module.spanner.google_spanner_instance.example[0m will be created[0m
[0;90m08:59:44.045[0m [0;37mSTDOUT[0m [0;36mterraform: [0m[0m  [32m+[0m[0m resource "google_spanner_instance" "example" {[0m
[0;90m08:59:44.045[0m [0;37mSTDOUT[0m [0;36mterraform: [0m      [32m+[0m[0m config           = "regional-europe-west1"[0m
[0;90m08:59:44.045[0m [0;37mSTDOUT[0m [0;36mterraform: [0m      [32m+[0m[0m display_name     = "Simulated Spanner Instance"[0m
[0;90m08:59:44.045[0m [0;37mSTDOUT[0m [0;36mterraform: [0m      [32m+[0m[0m force_destroy    = false[0m
[0;90m08:59:44.045[0m [0;37mSTDOUT[0m [0;36mterraform: [0m      [32m+[0m[0m id               = (known after apply)[0m
[0;90m08:59:44.045[0m [0;37mSTDOUT[0m [0;36mterraform: [0m      [32m+[0m[0m name             = "sim-spanner-instance"[0m
[0;90m08:59:44.045[0m [0;37mSTDOUT[0m [0;36mterraform: [0m      [32m+[0m[0m num_nodes        = 1[0m
[0;90m08:59:44.045[0m [0;37mSTDOUT[0m [0;36mterraform: [0m      [32m+[0m[0m processing_units = (known after apply)[0m
[0;90m08:59:44.045[0m [0;37mSTDOUT[0m [0;36mterraform: [0m      [32m+[0m[0m project          = "your-gcp-project-id"[0m
[0;90m08:59:44.045[0m [0;37mSTDOUT[0m [0;36mterraform: [0m      [32m+[0m[0m state            = (known after apply)[0m
[0;90m08:59:44.045[0m [0;37mSTDOUT[0m [0;36mterraform: [0m    }
[0;90m08:59:44.045[0m [0;37mSTDOUT[0m [0;36mterraform: [0m[1m  # module.storage.google_storage_bucket.example[0m will be created[0m
[0;90m08:59:44.045[0m [0;37mSTDOUT[0m [0;36mterraform: [0m[0m  [32m+[0m[0m resource "google_storage_bucket" "example" {[0m
[0;90m08:59:44.045[0m [0;37mSTDOUT[0m [0;36mterraform: [0m      [32m+[0m[0m force_destroy               = true[0m
[0;90m08:59:44.045[0m [0;37mSTDOUT[0m [0;36mterraform: [0m      [32m+[0m[0m id                          = (known after apply)[0m
[0;90m08:59:44.045[0m [0;37mSTDOUT[0m [0;36mterraform: [0m      [32m+[0m[0m labels                      = (known after apply)[0m
[0;90m08:59:44.045[0m [0;37mSTDOUT[0m [0;36mterraform: [0m      [32m+[0m[0m location                    = "EUROPE-WEST1"[0m
[0;90m08:59:44.045[0m [0;37mSTDOUT[0m [0;36mterraform: [0m      [32m+[0m[0m name                        = "example-storage-bucket-your-gcp-project-id"[0m
[0;90m08:59:44.045[0m [0;37mSTDOUT[0m [0;36mterraform: [0m      [32m+[0m[0m project                     = (known after apply)[0m
[0;90m08:59:44.045[0m [0;37mSTDOUT[0m [0;36mterraform: [0m      [32m+[0m[0m public_access_prevention    = (known after apply)[0m
[0;90m08:59:44.045[0m [0;37mSTDOUT[0m [0;36mterraform: [0m      [32m+[0m[0m self_link                   = (known after apply)[0m
[0;90m08:59:44.045[0m [0;37mSTDOUT[0m [0;36mterraform: [0m      [32m+[0m[0m storage_class               = "STANDARD"[0m
[0;90m08:59:44.045[0m [0;37mSTDOUT[0m [0;36mterraform: [0m      [32m+[0m[0m uniform_bucket_level_access = (known after apply)[0m
[0;90m08:59:44.045[0m [0;37mSTDOUT[0m [0;36mterraform: [0m      [32m+[0m[0m url                         = (known after apply)[0m
[0;90m08:59:44.045[0m [0;37mSTDOUT[0m [0;36mterraform: [0m      [32m+[0m[0m soft_delete_policy (known after apply)[0m
[0;90m08:59:44.045[0m [0;37mSTDOUT[0m [0;36mterraform: [0m      [32m+[0m[0m versioning {[0m
[0;90m08:59:44.045[0m [0;37mSTDOUT[0m [0;36mterraform: [0m          [32m+[0m[0m enabled = true[0m
[0;90m08:59:44.046[0m [0;37mSTDOUT[0m [0;36mterraform: [0m        }
[0;90m08:59:44.046[0m [0;37mSTDOUT[0m [0;36mterraform: [0m      [32m+[0m[0m website (known after apply)[0m
[0;90m08:59:44.046[0m [0;37mSTDOUT[0m [0;36mterraform: [0m    }
[0;90m08:59:44.046[0m [0;37mSTDOUT[0m [0;36mterraform: [0m[1m  # module.storage.google_storage_bucket_iam_binding.binding[0m will be created[0m
[0;90m08:59:44.046[0m [0;37mSTDOUT[0m [0;36mterraform: [0m[0m  [32m+[0m[0m resource "google_storage_bucket_iam_binding" "binding" {[0m
[0;90m08:59:44.046[0m [0;37mSTDOUT[0m [0;36mterraform: [0m      [32m+[0m[0m bucket  = "example-storage-bucket-your-gcp-project-id"[0m
[0;90m08:59:44.046[0m [0;37mSTDOUT[0m [0;36mterraform: [0m      [32m+[0m[0m etag    = (known after apply)[0m
[0;90m08:59:44.046[0m [0;37mSTDOUT[0m [0;36mterraform: [0m      [32m+[0m[0m id      = (known after apply)[0m
[0;90m08:59:44.046[0m [0;37mSTDOUT[0m [0;36mterraform: [0m      [32m+[0m[0m members = [[0m
[0;90m08:59:44.046[0m [0;37mSTDOUT[0m [0;36mterraform: [0m          [32m+[0m[0m "allUsers",[0m
[0;90m08:59:44.046[0m [0;37mSTDOUT[0m [0;36mterraform: [0m        ]
[0;90m08:59:44.046[0m [0;37mSTDOUT[0m [0;36mterraform: [0m      [32m+[0m[0m role    = "roles/storage.objectViewer"[0m
[0;90m08:59:44.046[0m [0;37mSTDOUT[0m [0;36mterraform: [0m    }
[0;90m08:59:44.046[0m [0;37mSTDOUT[0m [0;36mterraform: [0m[1m  # module.storage.google_storage_transfer_job.placeholder[0m will be created[0m
[0;90m08:59:44.046[0m [0;37mSTDOUT[0m [0;36mterraform: [0m[0m  [32m+[0m[0m resource "google_storage_transfer_job" "placeholder" {[0m
[0;90m08:59:44.046[0m [0;37mSTDOUT[0m [0;36mterraform: [0m      [32m+[0m[0m creation_time          = (known after apply)[0m
[0;90m08:59:44.046[0m [0;37mSTDOUT[0m [0;36mterraform: [0m      [32m+[0m[0m deletion_time          = (known after apply)[0m
[0;90m08:59:44.046[0m [0;37mSTDOUT[0m [0;36mterraform: [0m      [32m+[0m[0m description            = "Placeholder transfer job for simulator"[0m
[0;90m08:59:44.046[0m [0;37mSTDOUT[0m [0;36mterraform: [0m      [32m+[0m[0m id                     = (known after apply)[0m
[0;90m08:59:44.046[0m [0;37mSTDOUT[0m [0;36mterraform: [0m      [32m+[0m[0m last_modification_time = (known after apply)[0m
[0;90m08:59:44.046[0m [0;37mSTDOUT[0m [0;36mterraform: [0m      [32m+[0m[0m name                   = (known after apply)[0m
[0;90m08:59:44.046[0m [0;37mSTDOUT[0m [0;36mterraform: [0m      [32m+[0m[0m project                = "your-gcp-project-id"[0m
[0;90m08:59:44.046[0m [0;37mSTDOUT[0m [0;36mterraform: [0m      [32m+[0m[0m status                 = "ENABLED"[0m
[0;90m08:59:44.046[0m [0;37mSTDOUT[0m [0;36mterraform: [0m      [32m+[0m[0m transfer_spec {[0m
[0;90m08:59:44.046[0m [0;37mSTDOUT[0m [0;36mterraform: [0m          [32m+[0m[0m sink_agent_pool_name   = (known after apply)[0m
[0;90m08:59:44.046[0m [0;37mSTDOUT[0m [0;36mterraform: [0m          [32m+[0m[0m source_agent_pool_name = (known after apply)[0m
[0;90m08:59:44.046[0m [0;37mSTDOUT[0m [0;36mterraform: [0m          [32m+[0m[0m gcs_data_sink {[0m
[0;90m08:59:44.046[0m [0;37mSTDOUT[0m [0;36mterraform: [0m              [32m+[0m[0m bucket_name = "example-storage-bucket-your-gcp-project-id"[0m
[0;90m08:59:44.046[0m [0;37mSTDOUT[0m [0;36mterraform: [0m              [32m+[0m[0m path        = (known after apply)[0m
[0;90m08:59:44.046[0m [0;37mSTDOUT[0m [0;36mterraform: [0m            }
[0;90m08:59:44.046[0m [0;37mSTDOUT[0m [0;36mterraform: [0m          [32m+[0m[0m gcs_data_source {[0m
[0;90m08:59:44.046[0m [0;37mSTDOUT[0m [0;36mterraform: [0m              [32m+[0m[0m bucket_name = "source-bucket"[0m
[0;90m08:59:44.046[0m [0;37mSTDOUT[0m [0;36mterraform: [0m              [32m+[0m[0m path        = (known after apply)[0m
[0;90m08:59:44.046[0m [0;37mSTDOUT[0m [0;36mterraform: [0m            }
[0;90m08:59:44.046[0m [0;37mSTDOUT[0m [0;36mterraform: [0m        }
[0;90m08:59:44.046[0m [0;37mSTDOUT[0m [0;36mterraform: [0m    }
[0;90m08:59:44.046[0m [0;37mSTDOUT[0m [0;36mterraform: [0m[1m  # module.workflows.google_workflows_workflow.example[0m will be created[0m
[0;90m08:59:44.046[0m [0;37mSTDOUT[0m [0;36mterraform: [0m[0m  [32m+[0m[0m resource "google_workflows_workflow" "example" {[0m
[0;90m08:59:44.046[0m [0;37mSTDOUT[0m [0;36mterraform: [0m      [32m+[0m[0m create_time     = (known after apply)[0m
[0;90m08:59:44.046[0m [0;37mSTDOUT[0m [0;36mterraform: [0m      [32m+[0m[0m description     = "Simulated workflow"[0m
[0;90m08:59:44.046[0m [0;37mSTDOUT[0m [0;36mterraform: [0m      [32m+[0m[0m id              = (known after apply)[0m
[0;90m08:59:44.046[0m [0;37mSTDOUT[0m [0;36mterraform: [0m      [32m+[0m[0m name            = "sim-workflow"[0m
[0;90m08:59:44.046[0m [0;37mSTDOUT[0m [0;36mterraform: [0m      [32m+[0m[0m name_prefix     = (known after apply)[0m
[0;90m08:59:44.046[0m [0;37mSTDOUT[0m [0;36mterraform: [0m      [32m+[0m[0m project         = "your-gcp-project-id"[0m
[0;90m08:59:44.046[0m [0;37mSTDOUT[0m [0;36mterraform: [0m      [32m+[0m[0m region          = "europe-west1"[0m
[0;90m08:59:44.046[0m [0;37mSTDOUT[0m [0;36mterraform: [0m      [32m+[0m[0m revision_id     = (known after apply)[0m
[0;90m08:59:44.046[0m [0;37mSTDOUT[0m [0;36mterraform: [0m      [32m+[0m[0m service_account = (known after apply)[0m
[0;90m08:59:44.046[0m [0;37mSTDOUT[0m [0;36mterraform: [0m      [32m+[0m[0m source_contents = <<-EOT[0m
[0;90m08:59:44.046[0m [0;37mSTDOUT[0m [0;36mterraform: [0m            main:
[0;90m08:59:44.046[0m [0;37mSTDOUT[0m [0;36mterraform: [0m              steps:
[0;90m08:59:44.046[0m [0;37mSTDOUT[0m [0;36mterraform: [0m              - init:
[0;90m08:59:44.046[0m [0;37mSTDOUT[0m [0;36mterraform: [0m                  assign:
[0;90m08:59:44.046[0m [0;37mSTDOUT[0m [0;36mterraform: [0m                  - result: "Hello from Workflows"
[0;90m08:59:44.046[0m [0;37mSTDOUT[0m [0;36mterraform: [0m              - return:
[0;90m08:59:44.046[0m [0;37mSTDOUT[0m [0;36mterraform: [0m                  return: ${result}
[0;90m08:59:44.046[0m [0;37mSTDOUT[0m [0;36mterraform: [0m        EOT
[0;90m08:59:44.046[0m [0;37mSTDOUT[0m [0;36mterraform: [0m      [32m+[0m[0m state           = (known after apply)[0m
[0;90m08:59:44.046[0m [0;37mSTDOUT[0m [0;36mterraform: [0m      [32m+[0m[0m update_time     = (known after apply)[0m
[0;90m08:59:44.046[0m [0;37mSTDOUT[0m [0;36mterraform: [0m    }
[0;90m08:59:44.046[0m [0;37mSTDOUT[0m [0;36mterraform: [0m[1mPlan:[0m 63 to add, 0 to change, 0 to destroy.[0m
[0;90m08:59:44.046[0m [0;37mSTDOUT[0m [0;36mterraform: [0m[0m[0m
[0;90m08:59:44.047[0m [0;37mSTDOUT[0m [0;36mterraform: [0mChanges to Outputs:
[0;90m08:59:44.047[0m [0;37mSTDOUT[0m [0;36mterraform: [0m  [32m+[0m[0m bigquery_dataset_id   = "sim_dataset"[0m
[0;90m08:59:44.047[0m [0;37mSTDOUT[0m [0;36mterraform: [0m  [32m+[0m[0m bigquery_table_id     = "sim_table"[0m
[0;90m08:59:44.047[0m [0;37mSTDOUT[0m [0;36mterraform: [0m  [32m+[0m[0m custom_role_name      = (known after apply)[0m
[0;90m08:59:44.047[0m [0;37mSTDOUT[0m [0;36mterraform: [0m  [32m+[0m[0m gke_cluster_name      = "sim-gke-cluster"[0m
[0;90m08:59:44.047[0m [0;37mSTDOUT[0m [0;36mterraform: [0m  [32m+[0m[0m gke_node_pool_name    = "sim-node-pool"[0m
[0;90m08:59:44.047[0m [0;37mSTDOUT[0m [0;36mterraform: [0m  [32m+[0m[0m project_id            = "your-gcp-project-id"[0m
[0;90m08:59:44.047[0m [0;37mSTDOUT[0m [0;36mterraform: [0m  [32m+[0m[0m region                = "europe-west1"[0m
[0;90m08:59:44.047[0m [0;37mSTDOUT[0m [0;36mterraform: [0m  [32m+[0m[0m service_account_email = (known after apply)[0m
[0;90m08:59:44.047[0m [0;37mSTDOUT[0m [0;36mterraform: [0m  [32m+[0m[0m static_ip             = (known after apply)[0m
[0;90m08:59:44.047[0m [0;37mSTDOUT[0m [0;36mterraform: [0m  [32m+[0m[0m storage_bucket_name   = "example-storage-bucket-your-gcp-project-id"[0m
[0;90m08:59:44.047[0m [0;37mSTDOUT[0m [0;36mterraform: [0m  [32m+[0m[0m subnet_name           = "example-subnet"[0m
[0;90m08:59:44.047[0m [0;37mSTDOUT[0m [0;36mterraform: [0m  [32m+[0m[0m vpc_name              = "example-vpc"[0m
[0;90m08:59:44.047[0m [0;37mSTDOUT[0m [0;36mterraform: [0m[90m[0m
[0;90m08:59:44.047[0m [0;37mSTDOUT[0m [0;36mterraform: [0m─────────────────────────────────────────────────────────────────────────────[0m[0m
[0;90m08:59:44.047[0m [0;37mSTDOUT[0m [0;36mterraform: [0mSaved the plan to: out.tfplan
[0;90m08:59:44.047[0m [0;37mSTDOUT[0m [0;36mterraform: [0mTo perform exactly these actions, run the following command to apply:
[0;90m08:59:44.047[0m [0;37mSTDOUT[0m [0;36mterraform: [0m    terraform apply "out.tfplan"
